{
  "version": 4,
  "terraform_version": "1.11.4",
  "serial": 19,
  "lineage": "d8d561f8-e1e9-5a99-2791-8326eb2df219",
  "outputs": {},
  "resources": [
    {
      "mode": "managed",
      "type": "aws_apigatewayv2_api",
      "name": "websocket_api",
      "provider": "provider[\"registry.terraform.io/hashicorp/aws\"]",
      "instances": [
        {
          "schema_version": 0,
          "attributes": {
            "api_endpoint": "wss://m7006e0fy2.execute-api.eu-central-1.amazonaws.com",
            "api_key_selection_expression": "$request.header.x-api-key",
            "arn": "arn:aws:apigateway:eu-central-1::/apis/m7006e0fy2",
            "body": null,
            "cors_configuration": [],
            "credentials_arn": null,
            "description": "",
            "disable_execute_api_endpoint": false,
            "execution_arn": "arn:aws:execute-api:eu-central-1:759971284074:m7006e0fy2",
            "fail_on_warnings": null,
            "id": "m7006e0fy2",
            "ip_address_type": "ipv4",
            "name": "provider-comparison-dev-websocket",
            "protocol_type": "WEBSOCKET",
            "route_key": null,
            "route_selection_expression": "$request.body.action",
            "tags": {
              "Environment": "dev",
              "Name": "provider-comparison-websocket-api"
            },
            "tags_all": {
              "Environment": "dev",
              "Name": "provider-comparison-websocket-api"
            },
            "target": null,
            "version": ""
          },
          "sensitive_attributes": [],
          "private": "bnVsbA=="
        }
      ]
    },
    {
      "mode": "managed",
      "type": "aws_apigatewayv2_integration",
      "name": "connect_integration",
      "provider": "provider[\"registry.terraform.io/hashicorp/aws\"]",
      "instances": [
        {
          "schema_version": 0,
          "attributes": {
            "api_id": "m7006e0fy2",
            "connection_id": "",
            "connection_type": "INTERNET",
            "content_handling_strategy": "CONVERT_TO_TEXT",
            "credentials_arn": "",
            "description": "",
            "id": "4du5gb6",
            "integration_method": "POST",
            "integration_response_selection_expression": "",
            "integration_subtype": "",
            "integration_type": "AWS_PROXY",
            "integration_uri": "arn:aws:apigateway:eu-central-1:lambda:path/2015-03-31/functions/arn:aws:lambda:eu-central-1:759971284074:function:provider-comparison-dev-connect-handler/invocations",
            "passthrough_behavior": "WHEN_NO_MATCH",
            "payload_format_version": "1.0",
            "request_parameters": null,
            "request_templates": null,
            "response_parameters": [],
            "template_selection_expression": "",
            "timeout_milliseconds": 29000,
            "tls_config": []
          },
          "sensitive_attributes": [],
          "private": "bnVsbA==",
          "dependencies": [
            "aws_apigatewayv2_api.websocket_api",
            "aws_iam_role.lambda_role",
            "aws_lambda_function.connect_handler"
          ]
        }
      ]
    },
    {
      "mode": "managed",
      "type": "aws_apigatewayv2_route",
      "name": "connect",
      "provider": "provider[\"registry.terraform.io/hashicorp/aws\"]",
      "instances": [
        {
          "schema_version": 0,
          "attributes": {
            "api_id": "m7006e0fy2",
            "api_key_required": false,
            "authorization_scopes": null,
            "authorization_type": "NONE",
            "authorizer_id": "",
            "id": "2bdfznd",
            "model_selection_expression": "",
            "operation_name": "",
            "request_models": null,
            "request_parameter": [],
            "route_key": "$connect",
            "route_response_selection_expression": "",
            "target": "integrations/4du5gb6"
          },
          "sensitive_attributes": [],
          "private": "bnVsbA==",
          "dependencies": [
            "aws_apigatewayv2_api.websocket_api",
            "aws_apigatewayv2_integration.connect_integration",
            "aws_iam_role.lambda_role",
            "aws_lambda_function.connect_handler"
          ]
        }
      ]
    },
    {
      "mode": "managed",
      "type": "aws_cloudwatch_log_group",
      "name": "api_logs",
      "provider": "provider[\"registry.terraform.io/hashicorp/aws\"]",
      "instances": [
        {
          "schema_version": 0,
          "attributes": {
            "arn": "arn:aws:logs:eu-central-1:759971284074:log-group:/aws/apigateway/provider-comparison-dev-websocket",
            "id": "/aws/apigateway/provider-comparison-dev-websocket",
            "kms_key_id": "",
            "log_group_class": "STANDARD",
            "name": "/aws/apigateway/provider-comparison-dev-websocket",
            "name_prefix": "",
            "retention_in_days": 30,
            "skip_destroy": false,
            "tags": {
              "Environment": "dev",
              "Name": "provider-comparison-api-logs"
            },
            "tags_all": {
              "Environment": "dev",
              "Name": "provider-comparison-api-logs"
            }
          },
          "sensitive_attributes": [],
          "private": "bnVsbA==",
          "dependencies": [
            "aws_apigatewayv2_api.websocket_api"
          ]
        }
      ]
    },
    {
      "mode": "managed",
      "type": "aws_iam_policy",
      "name": "lambda_policy",
      "provider": "provider[\"registry.terraform.io/hashicorp/aws\"]",
      "instances": [
        {
          "schema_version": 0,
          "attributes": {
            "arn": "arn:aws:iam::759971284074:policy/provider-comparison-dev-lambda-policy",
            "attachment_count": 1,
            "description": "Policy for Lambda functions",
            "id": "arn:aws:iam::759971284074:policy/provider-comparison-dev-lambda-policy",
            "name": "provider-comparison-dev-lambda-policy",
            "name_prefix": "",
            "path": "/",
            "policy": "{\"Statement\":[{\"Action\":[\"logs:CreateLogGroup\",\"logs:CreateLogStream\",\"logs:PutLogEvents\"],\"Effect\":\"Allow\",\"Resource\":\"arn:aws:logs:*:*:*\"},{\"Action\":[\"execute-api:ManageConnections\"],\"Effect\":\"Allow\",\"Resource\":\"arn:aws:execute-api:eu-central-1:759971284074:m7006e0fy2/*\"}],\"Version\":\"2012-10-17\"}",
            "policy_id": "ANPA3B4ORQRVLMZCG4O2H",
            "tags": {},
            "tags_all": {}
          },
          "sensitive_attributes": [],
          "private": "bnVsbA==",
          "dependencies": [
            "aws_apigatewayv2_api.websocket_api"
          ]
        }
      ]
    },
    {
      "mode": "managed",
      "type": "aws_iam_role",
      "name": "lambda_role",
      "provider": "provider[\"registry.terraform.io/hashicorp/aws\"]",
      "instances": [
        {
          "schema_version": 0,
          "attributes": {
            "arn": "arn:aws:iam::759971284074:role/provider-comparison-dev-lambda-role",
            "assume_role_policy": "{\"Statement\":[{\"Action\":\"sts:AssumeRole\",\"Effect\":\"Allow\",\"Principal\":{\"Service\":\"lambda.amazonaws.com\"}}],\"Version\":\"2012-10-17\"}",
            "create_date": "2025-05-17T18:04:06Z",
            "description": "",
            "force_detach_policies": false,
            "id": "provider-comparison-dev-lambda-role",
            "inline_policy": [],
            "managed_policy_arns": [
              "arn:aws:iam::759971284074:policy/provider-comparison-dev-lambda-policy"
            ],
            "max_session_duration": 3600,
            "name": "provider-comparison-dev-lambda-role",
            "name_prefix": "",
            "path": "/",
            "permissions_boundary": "",
            "tags": {
              "Environment": "dev",
              "Name": "provider-comparison-lambda-role"
            },
            "tags_all": {
              "Environment": "dev",
              "Name": "provider-comparison-lambda-role"
            },
            "unique_id": "AROA3B4ORQRVKT7EWNUXX"
          },
          "sensitive_attributes": [],
          "private": "bnVsbA=="
        }
      ]
    },
    {
      "mode": "managed",
      "type": "aws_iam_role_policy_attachment",
      "name": "lambda_policy_attachment",
      "provider": "provider[\"registry.terraform.io/hashicorp/aws\"]",
      "instances": [
        {
          "schema_version": 0,
          "attributes": {
            "id": "provider-comparison-dev-lambda-role-20250517180800121500000001",
            "policy_arn": "arn:aws:iam::759971284074:policy/provider-comparison-dev-lambda-policy",
            "role": "provider-comparison-dev-lambda-role"
          },
          "sensitive_attributes": [],
          "private": "bnVsbA==",
          "dependencies": [
            "aws_apigatewayv2_api.websocket_api",
            "aws_iam_policy.lambda_policy",
            "aws_iam_role.lambda_role"
          ]
        }
      ]
    },
    {
      "mode": "managed",
      "type": "aws_lambda_function",
      "name": "connect_handler",
      "provider": "provider[\"registry.terraform.io/hashicorp/aws\"]",
      "instances": [
        {
          "schema_version": 0,
          "attributes": {
            "architectures": [
              "x86_64"
            ],
            "arn": "arn:aws:lambda:eu-central-1:759971284074:function:provider-comparison-dev-connect-handler",
            "code_sha256": "0vavL4hPc01i/Up/RnoO0Gs31iE/zrrF1bHxsfH/QBE=",
            "code_signing_config_arn": "",
            "dead_letter_config": [],
            "description": "",
            "environment": [],
            "ephemeral_storage": [
              {
                "size": 512
              }
            ],
            "file_system_config": [],
            "filename": "./../lambda_packages/connect_handler.zip",
            "function_name": "provider-comparison-dev-connect-handler",
            "handler": "connect_handler.lambda_handler",
            "id": "provider-comparison-dev-connect-handler",
            "image_config": [],
            "image_uri": "",
            "invoke_arn": "arn:aws:apigateway:eu-central-1:lambda:path/2015-03-31/functions/arn:aws:lambda:eu-central-1:759971284074:function:provider-comparison-dev-connect-handler/invocations",
            "kms_key_arn": "",
            "last_modified": "2025-05-17T18:13:16.308+0000",
            "layers": null,
            "logging_config": [
              {
                "application_log_level": "",
                "log_format": "Text",
                "log_group": "/aws/lambda/provider-comparison-dev-connect-handler",
                "system_log_level": ""
              }
            ],
            "memory_size": 128,
            "package_type": "Zip",
            "publish": false,
            "qualified_arn": "arn:aws:lambda:eu-central-1:759971284074:function:provider-comparison-dev-connect-handler:$LATEST",
            "qualified_invoke_arn": "arn:aws:apigateway:eu-central-1:lambda:path/2015-03-31/functions/arn:aws:lambda:eu-central-1:759971284074:function:provider-comparison-dev-connect-handler:$LATEST/invocations",
            "replace_security_groups_on_destroy": null,
            "replacement_security_group_ids": null,
            "reserved_concurrent_executions": -1,
            "role": "arn:aws:iam::759971284074:role/provider-comparison-dev-lambda-role",
            "runtime": "python3.9",
            "s3_bucket": null,
            "s3_key": null,
            "s3_object_version": null,
            "signing_job_arn": "",
            "signing_profile_version_arn": "",
            "skip_destroy": false,
            "snap_start": [],
            "source_code_hash": "0vavL4hPc01i/Up/RnoO0Gs31iE/zrrF1bHxsfH/QBE=",
            "source_code_size": 1138,
            "tags": {
              "Environment": "dev",
              "Name": "provider-comparison-connect-handler"
            },
            "tags_all": {
              "Environment": "dev",
              "Name": "provider-comparison-connect-handler"
            },
            "timeout": 10,
            "timeouts": null,
            "tracing_config": [
              {
                "mode": "PassThrough"
              }
            ],
            "version": "$LATEST",
            "vpc_config": []
          },
          "sensitive_attributes": [],
          "private": "eyJlMmJmYjczMC1lY2FhLTExZTYtOGY4OC0zNDM2M2JjN2M0YzAiOnsiY3JlYXRlIjo2MDAwMDAwMDAwMDAsImRlbGV0ZSI6NjAwMDAwMDAwMDAwLCJ1cGRhdGUiOjYwMDAwMDAwMDAwMH19",
          "dependencies": [
            "aws_iam_role.lambda_role"
          ]
        }
      ]
    },
    {
      "mode": "managed",
      "type": "aws_lambda_permission",
      "name": "connect_permission",
      "provider": "provider[\"registry.terraform.io/hashicorp/aws\"]",
      "instances": [
        {
          "schema_version": 0,
          "attributes": {
            "action": "lambda:InvokeFunction",
            "event_source_token": null,
            "function_name": "provider-comparison-dev-connect-handler",
            "function_url_auth_type": null,
            "id": "AllowExecutionFromAPIGatewayConnect",
            "principal": "apigateway.amazonaws.com",
            "principal_org_id": null,
            "qualifier": "",
            "source_account": null,
            "source_arn": "arn:aws:execute-api:eu-central-1:759971284074:m7006e0fy2/*/$connect",
            "statement_id": "AllowExecutionFromAPIGatewayConnect",
            "statement_id_prefix": ""
          },
          "sensitive_attributes": [],
          "private": "bnVsbA==",
          "dependencies": [
            "aws_apigatewayv2_api.websocket_api",
            "aws_iam_role.lambda_role",
            "aws_lambda_function.connect_handler"
          ]
        }
      ]
    }
  ],
  "check_results": null
}
