{
  "version": 4,
  "terraform_version": "1.11.4",
  "serial": 4,
  "lineage": "d8d561f8-e1e9-5a99-2791-8326eb2df219",
  "outputs": {},
  "resources": [
    {
      "mode": "managed",
      "type": "aws_iam_role",
      "name": "lambda_role",
      "provider": "provider[\"registry.terraform.io/hashicorp/aws\"]",
      "instances": [
        {
          "schema_version": 0,
          "attributes": {
            "arn": "arn:aws:iam::759971284074:role/provider-comparison-dev-lambda-role",
            "assume_role_policy": "{\"Statement\":[{\"Action\":\"sts:AssumeRole\",\"Effect\":\"Allow\",\"Principal\":{\"Service\":\"lambda.amazonaws.com\"}}],\"Version\":\"2012-10-17\"}",
            "create_date": "2025-05-17T18:04:06Z",
            "description": "",
            "force_detach_policies": false,
            "id": "provider-comparison-dev-lambda-role",
            "inline_policy": [],
            "managed_policy_arns": [],
            "max_session_duration": 3600,
            "name": "provider-comparison-dev-lambda-role",
            "name_prefix": "",
            "path": "/",
            "permissions_boundary": "",
            "tags": {
              "Environment": "dev",
              "Name": "provider-comparison-lambda-role"
            },
            "tags_all": {
              "Environment": "dev",
              "Name": "provider-comparison-lambda-role"
            },
            "unique_id": "AROA3B4ORQRVKT7EWNUXX"
          },
          "sensitive_attributes": [],
          "private": "bnVsbA=="
        }
      ]
    }
  ],
  "check_results": null
}
