{
  "version": 4,
  "terraform_version": "1.11.4",
  "serial": 627,
  "lineage": "d8d561f8-e1e9-5a99-2791-8326eb2df219",
  "outputs": {
    "api_logs_group_arn": {
      "value": null,
      "type": "string"
    },
    "api_logs_group_name": {
      "value": null,
      "type": "string"
    },
    "backup_configuration": {
      "value": {
        "backup_plan_id": "disabled",
        "backup_vault_name": "disabled",
        "kms_key_id": "disabled",
        "retention_days": 0
      },
      "type": [
        "object",
        {
          "backup_plan_id": "string",
          "backup_vault_name": "string",
          "kms_key_id": "string",
          "retention_days": "number"
        }
      ]
    },
    "canary_deployment_info": {
      "value": {
        "canary_url": null,
        "deployment_id": null,
        "enabled": "true",
        "percent_traffic": "10",
        "stage_name": null
      },
      "type": [
        "map",
        "string"
      ]
    },
    "connection_limit_enforcer_function_arn": {
      "value": null,
      "type": "string"
    },
    "connection_limit_enforcer_function_name": {
      "value": null,
      "type": "string"
    },
    "connection_router_function_arn": {
      "value": null,
      "type": "string"
    },
    "connection_router_function_name": {
      "value": null,
      "type": "string"
    },
    "connection_routing_table_arn": {
      "value": "arn:aws:dynamodb:eu-central-1:759971284074:table/provider-comparison-staging-connection-routing",
      "type": "string"
    },
    "connection_routing_table_name": {
      "value": "provider-comparison-staging-connection-routing",
      "type": "string"
    },
    "deployment_artifacts_bucket_name": {
      "value": null,
      "type": "string"
    },
    "dynamodb_tables": {
      "value": {
        "analytics": {
          "arn": "arn:aws:dynamodb:eu-central-1:759971284074:table/provider-comparison-staging-analytics",
          "name": "provider-comparison-staging-analytics"
        },
        "provider_results": {
          "arn": "arn:aws:dynamodb:eu-central-1:759971284074:table/provider-comparison-staging-results",
          "name": "provider-comparison-staging-results"
        }
      },
      "type": [
        "object",
        {
          "analytics": [
            "object",
            {
              "arn": "string",
              "name": "string"
            }
          ],
          "provider_results": [
            "object",
            {
              "arn": "string",
              "name": "string"
            }
          ]
        }
      ]
    },
    "github_actions_role_arn": {
      "value": null,
      "type": "string"
    },
    "github_oidc_configuration": {
      "value": {
        "aws_region": "eu-central-1",
        "deployment_bucket": null,
        "oidc_provider_arn": "arn:aws:iam::759971284074:oidc-provider/token.actions.githubusercontent.com",
        "role_arn": null,
        "setup_instructions": "See docs/GITHUB_OIDC_SETUP.md for configuration steps",
        "trusted_repository": "your-org/your-repo"
      },
      "type": [
        "object",
        {
          "aws_region": "string",
          "deployment_bucket": "string",
          "oidc_provider_arn": "string",
          "role_arn": "string",
          "setup_instructions": "string",
          "trusted_repository": "string"
        }
      ]
    },
    "monitoring_configuration": {
      "value": {
        "dashboard_url": null,
        "log_stream_name": "disabled",
        "logs_kms_key_id": "aws-managed",
        "sns_topic_arn": null
      },
      "type": [
        "object",
        {
          "dashboard_url": "string",
          "log_stream_name": "string",
          "logs_kms_key_id": "string",
          "sns_topic_arn": "string"
        }
      ]
    },
    "new_implementation_functions": {
      "value": {
        "connect_handler": null,
        "search_handler": null
      },
      "type": [
        "object",
        {
          "connect_handler": "string",
          "search_handler": "string"
        }
      ]
    },
    "oidc_provider_arn": {
      "value": "arn:aws:iam::759971284074:oidc-provider/token.actions.githubusercontent.com",
      "type": "string"
    },
    "old_implementation_functions": {
      "value": {
        "connect_handler": null,
        "search_handler": null
      },
      "type": [
        "object",
        {
          "connect_handler": "string",
          "search_handler": "string"
        }
      ]
    },
    "region_configuration": {
      "value": {
        "actual_region": "eu-central-1",
        "configured_region": "eu-central-1",
        "region_validated": true
      },
      "type": [
        "object",
        {
          "actual_region": "string",
          "configured_region": "string",
          "region_validated": "bool"
        }
      ]
    },
    "rest_api_execution_arn": {
      "value": null,
      "type": "string"
    },
    "rest_api_id": {
      "value": null,
      "type": "string"
    },
    "rest_api_implementations": {
      "value": {
        "new_implementation": {
          "function_arn": null,
          "function_name": null
        },
        "old_implementation": {
          "function_arn": null,
          "function_name": null
        }
      },
      "type": [
        "object",
        {
          "new_implementation": [
            "object",
            {
              "function_arn": "string",
              "function_name": "string"
            }
          ],
          "old_implementation": [
            "object",
            {
              "function_arn": "string",
              "function_name": "string"
            }
          ]
        }
      ]
    },
    "rest_api_prod_url": {
      "value": null,
      "type": "string"
    },
    "rest_api_staging_url": {
      "value": null,
      "type": "string"
    },
    "security_configuration": {
      "value": {
        "audit_logging": "enabled",
        "backup_enabled": false,
        "cloudtrail_bucket": null,
        "cloudtrail_name": null,
        "cost_optimized": true,
        "kms_encryption": "aws-managed",
        "log_retention_days": 7
      },
      "type": [
        "object",
        {
          "audit_logging": "string",
          "backup_enabled": "bool",
          "cloudtrail_bucket": "string",
          "cloudtrail_name": "string",
          "cost_optimized": "bool",
          "kms_encryption": "string",
          "log_retention_days": "number"
        }
      ]
    },
    "share_api_prod_url": {
      "value": null,
      "type": "string"
    },
    "share_api_staging_url": {
      "value": null,
      "type": "string"
    },
    "sqs_queues": {
      "value": {
        "request_dlq": {
          "arn": null,
          "name": null,
          "url": null
        },
        "request_queue": {
          "arn": null,
          "name": null,
          "url": null
        },
        "results_dlq": {
          "arn": null,
          "name": null,
          "url": null
        },
        "results_queue": {
          "arn": null,
          "name": null,
          "url": null
        }
      },
      "type": [
        "object",
        {
          "request_dlq": [
            "object",
            {
              "arn": "string",
              "name": "string",
              "url": "string"
            }
          ],
          "request_queue": [
            "object",
            {
              "arn": "string",
              "name": "string",
              "url": "string"
            }
          ],
          "results_dlq": [
            "object",
            {
              "arn": "string",
              "name": "string",
              "url": "string"
            }
          ],
          "results_queue": [
            "object",
            {
              "arn": "string",
              "name": "string",
              "url": "string"
            }
          ]
        }
      ]
    },
    "step_functions": {
      "value": {
        "provider_workflow": {
          "arn": null,
          "name": null
        }
      },
      "type": [
        "object",
        {
          "provider_workflow": [
            "object",
            {
              "arn": "string",
              "name": "string"
            }
          ]
        }
      ]
    },
    "traffic_split_percentage": {
      "value": "50",
      "type": "string"
    },
    "websocket_api_endpoint": {
      "value": null,
      "type": "string"
    },
    "websocket_api_execution_arn": {
      "value": null,
      "type": "string"
    },
    "websocket_api_id": {
      "value": null,
      "type": "string"
    },
    "websocket_prod_stage_invoke_url": {
      "value": null,
      "type": "string"
    },
    "websocket_prod_stage_url": {
      "value": null,
      "type": "string"
    },
    "websocket_staging_stage_invoke_url": {
      "value": null,
      "type": "string"
    },
    "websocket_staging_stage_url": {
      "value": null,
      "type": "string"
    },
    "websocket_traffic_dashboard_url": {
      "value": null,
      "type": "string"
    }
  },
  "resources": [
    {
      "mode": "data",
      "type": "aws_caller_identity",
      "name": "current",
      "provider": "provider[\"registry.terraform.io/hashicorp/aws\"]",
      "instances": [
        {
          "schema_version": 0,
          "attributes": {
            "account_id": "759971284074",
            "arn": "arn:aws:iam::759971284074:user/Test-Terraform",
            "id": "759971284074",
            "user_id": "AIDA3B4ORQRVELLVGY6NN"
          },
          "sensitive_attributes": []
        }
      ]
    },
    {
      "mode": "data",
      "type": "aws_iam_openid_connect_provider",
      "name": "github_actions_existing",
      "provider": "provider[\"registry.terraform.io/hashicorp/aws\"]",
      "instances": [
        {
          "schema_version": 0,
          "attributes": {
            "arn": "arn:aws:iam::759971284074:oidc-provider/token.actions.githubusercontent.com",
            "client_id_list": [
              "sts.amazonaws.com"
            ],
            "id": "arn:aws:iam::759971284074:oidc-provider/token.actions.githubusercontent.com",
            "tags": {},
            "thumbprint_list": [
              "2b18947a6a9fc7764fd8b5fb18a863b0c6dac24f"
            ],
            "url": "token.actions.githubusercontent.com"
          },
          "sensitive_attributes": []
        }
      ]
    },
    {
      "mode": "data",
      "type": "aws_region",
      "name": "current",
      "provider": "provider[\"registry.terraform.io/hashicorp/aws\"]",
      "instances": [
        {
          "schema_version": 0,
          "attributes": {
            "description": "Europe (Frankfurt)",
            "endpoint": "ec2.eu-central-1.amazonaws.com",
            "id": "eu-central-1",
            "name": "eu-central-1"
          },
          "sensitive_attributes": []
        }
      ]
    },
    {
      "mode": "managed",
      "type": "aws_backup_plan",
      "name": "dynamodb_backup_plan",
      "provider": "provider[\"registry.terraform.io/hashicorp/aws\"]",
      "instances": []
    },
    {
      "mode": "managed",
      "type": "aws_backup_selection",
      "name": "dynamodb_backup_selection",
      "provider": "provider[\"registry.terraform.io/hashicorp/aws\"]",
      "instances": []
    },
    {
      "mode": "managed",
      "type": "aws_backup_vault",
      "name": "dynamodb_backup_vault",
      "provider": "provider[\"registry.terraform.io/hashicorp/aws\"]",
      "instances": []
    },
    {
      "mode": "managed",
      "type": "aws_cloudwatch_event_target",
      "name": "cost_optimizer_target",
      "provider": "provider[\"registry.terraform.io/hashicorp/aws\"]",
      "instances": []
    },
    {
      "mode": "managed",
      "type": "aws_cloudwatch_log_destination",
      "name": "log_destination",
      "provider": "provider[\"registry.terraform.io/hashicorp/aws\"]",
      "instances": []
    },
    {
      "mode": "managed",
      "type": "aws_cloudwatch_metric_alarm",
      "name": "dynamodb_throttles",
      "provider": "provider[\"registry.terraform.io/hashicorp/aws\"]",
      "instances": []
    },
    {
      "mode": "managed",
      "type": "aws_dynamodb_table",
      "name": "analytics",
      "provider": "provider[\"registry.terraform.io/hashicorp/aws\"]",
      "instances": [
        {
          "schema_version": 1,
          "attributes": {
            "arn": "arn:aws:dynamodb:eu-central-1:759971284074:table/provider-comparison-staging-analytics",
            "attribute": [
              {
                "name": "metric_type",
                "type": "S"
              },
              {
                "name": "time_period",
                "type": "S"
              }
            ],
            "billing_mode": "PAY_PER_REQUEST",
            "deletion_protection_enabled": false,
            "global_secondary_index": [],
            "hash_key": "metric_type",
            "id": "provider-comparison-staging-analytics",
            "import_table": [],
            "local_secondary_index": [],
            "name": "provider-comparison-staging-analytics",
            "on_demand_throughput": [],
            "point_in_time_recovery": [
              {
                "enabled": true
              }
            ],
            "range_key": "time_period",
            "read_capacity": 0,
            "replica": [],
            "restore_date_time": null,
            "restore_source_name": null,
            "restore_source_table_arn": null,
            "restore_to_latest_time": null,
            "server_side_encryption": [
              {
                "enabled": true,
                "kms_key_arn": ""
              }
            ],
            "stream_arn": "",
            "stream_enabled": false,
            "stream_label": "",
            "stream_view_type": "",
            "table_class": "STANDARD",
            "tags": {
              "BackupPolicy": "disabled",
              "Environment": "staging",
              "Name": "provider-comparison-analytics-table"
            },
            "tags_all": {
              "BackupPolicy": "disabled",
              "Environment": "staging",
              "ManagedBy": "terraform",
              "Name": "provider-comparison-analytics-table",
              "Project": "provider-comparison",
              "Region": "eu-central-1"
            },
            "timeouts": null,
            "ttl": [
              {
                "attribute_name": "",
                "enabled": false
              }
            ],
            "write_capacity": 0
          },
          "sensitive_attributes": [],
          "private": "eyJlMmJmYjczMC1lY2FhLTExZTYtOGY4OC0zNDM2M2JjN2M0YzAiOnsiY3JlYXRlIjoxODAwMDAwMDAwMDAwLCJkZWxldGUiOjYwMDAwMDAwMDAwMCwidXBkYXRlIjozNjAwMDAwMDAwMDAwfSwic2NoZW1hX3ZlcnNpb24iOiIxIn0="
        }
      ]
    },
    {
      "mode": "managed",
      "type": "aws_dynamodb_table",
      "name": "connection_routing",
      "provider": "provider[\"registry.terraform.io/hashicorp/aws\"]",
      "instances": [
        {
          "schema_version": 1,
          "attributes": {
            "arn": "arn:aws:dynamodb:eu-central-1:759971284074:table/provider-comparison-staging-connection-routing",
            "attribute": [
              {
                "name": "connection_id",
                "type": "S"
              },
              {
                "name": "implementation",
                "type": "S"
              },
              {
                "name": "status",
                "type": "S"
              }
            ],
            "billing_mode": "PAY_PER_REQUEST",
            "deletion_protection_enabled": false,
            "global_secondary_index": [
              {
                "hash_key": "implementation",
                "name": "implementation-index",
                "non_key_attributes": [],
                "on_demand_throughput": [],
                "projection_type": "ALL",
                "range_key": "",
                "read_capacity": 0,
                "write_capacity": 0
              },
              {
                "hash_key": "status",
                "name": "status-index",
                "non_key_attributes": [],
                "on_demand_throughput": [],
                "projection_type": "ALL",
                "range_key": "",
                "read_capacity": 0,
                "write_capacity": 0
              }
            ],
            "hash_key": "connection_id",
            "id": "provider-comparison-staging-connection-routing",
            "import_table": [],
            "local_secondary_index": [],
            "name": "provider-comparison-staging-connection-routing",
            "on_demand_throughput": [],
            "point_in_time_recovery": [
              {
                "enabled": false
              }
            ],
            "range_key": null,
            "read_capacity": 0,
            "replica": [],
            "restore_date_time": null,
            "restore_source_name": null,
            "restore_source_table_arn": null,
            "restore_to_latest_time": null,
            "server_side_encryption": [],
            "stream_arn": "",
            "stream_enabled": false,
            "stream_label": "",
            "stream_view_type": "",
            "table_class": "STANDARD",
            "tags": {
              "ConnectionTracking": "enabled",
              "Environment": "staging",
              "Name": "provider-comparison-connection-routing",
              "TrafficDistribution": "enabled"
            },
            "tags_all": {
              "ConnectionTracking": "enabled",
              "Environment": "staging",
              "ManagedBy": "terraform",
              "Name": "provider-comparison-connection-routing",
              "Project": "provider-comparison",
              "Region": "eu-central-1",
              "TrafficDistribution": "enabled"
            },
            "timeouts": null,
            "ttl": [
              {
                "attribute_name": "ttl",
                "enabled": true
              }
            ],
            "write_capacity": 0
          },
          "sensitive_attributes": [],
          "private": "eyJlMmJmYjczMC1lY2FhLTExZTYtOGY4OC0zNDM2M2JjN2M0YzAiOnsiY3JlYXRlIjoxODAwMDAwMDAwMDAwLCJkZWxldGUiOjYwMDAwMDAwMDAwMCwidXBkYXRlIjozNjAwMDAwMDAwMDAwfSwic2NoZW1hX3ZlcnNpb24iOiIxIn0="
        }
      ]
    },
    {
      "mode": "managed",
      "type": "aws_dynamodb_table",
      "name": "provider_results",
      "provider": "provider[\"registry.terraform.io/hashicorp/aws\"]",
      "instances": [
        {
          "schema_version": 1,
          "attributes": {
            "arn": "arn:aws:dynamodb:eu-central-1:759971284074:table/provider-comparison-staging-results",
            "attribute": [
              {
                "name": "provider_name",
                "type": "S"
              },
              {
                "name": "request_id",
                "type": "S"
              },
              {
                "name": "search_date",
                "type": "S"
              },
              {
                "name": "session_id",
                "type": "S"
              },
              {
                "name": "share_token",
                "type": "S"
              }
            ],
            "billing_mode": "PAY_PER_REQUEST",
            "deletion_protection_enabled": false,
            "global_secondary_index": [
              {
                "hash_key": "search_date",
                "name": "AnalyticsIndex",
                "non_key_attributes": [],
                "on_demand_throughput": [],
                "projection_type": "KEYS_ONLY",
                "range_key": "request_id",
                "read_capacity": 0,
                "write_capacity": 0
              },
              {
                "hash_key": "session_id",
                "name": "SessionIndex",
                "non_key_attributes": [],
                "on_demand_throughput": [],
                "projection_type": "ALL",
                "range_key": "request_id",
                "read_capacity": 0,
                "write_capacity": 0
              },
              {
                "hash_key": "share_token",
                "name": "ShareTokenIndex",
                "non_key_attributes": [],
                "on_demand_throughput": [],
                "projection_type": "ALL",
                "range_key": "",
                "read_capacity": 0,
                "write_capacity": 0
              }
            ],
            "hash_key": "request_id",
            "id": "provider-comparison-staging-results",
            "import_table": [],
            "local_secondary_index": [],
            "name": "provider-comparison-staging-results",
            "on_demand_throughput": [],
            "point_in_time_recovery": [
              {
                "enabled": true
              }
            ],
            "range_key": "provider_name",
            "read_capacity": 0,
            "replica": [],
            "restore_date_time": null,
            "restore_source_name": null,
            "restore_source_table_arn": null,
            "restore_to_latest_time": null,
            "server_side_encryption": [
              {
                "enabled": true,
                "kms_key_arn": ""
              }
            ],
            "stream_arn": "",
            "stream_enabled": false,
            "stream_label": "",
            "stream_view_type": "",
            "table_class": "STANDARD",
            "tags": {
              "BackupPolicy": "disabled",
              "Environment": "staging",
              "Name": "provider-comparison-results-table"
            },
            "tags_all": {
              "BackupPolicy": "disabled",
              "Environment": "staging",
              "ManagedBy": "terraform",
              "Name": "provider-comparison-results-table",
              "Project": "provider-comparison",
              "Region": "eu-central-1"
            },
            "timeouts": null,
            "ttl": [
              {
                "attribute_name": "expires_at",
                "enabled": true
              }
            ],
            "write_capacity": 0
          },
          "sensitive_attributes": [],
          "private": "eyJlMmJmYjczMC1lY2FhLTExZTYtOGY4OC0zNDM2M2JjN2M0YzAiOnsiY3JlYXRlIjoxODAwMDAwMDAwMDAwLCJkZWxldGUiOjYwMDAwMDAwMDAwMCwidXBkYXRlIjozNjAwMDAwMDAwMDAwfSwic2NoZW1hX3ZlcnNpb24iOiIxIn0="
        }
      ]
    },
    {
      "mode": "managed",
      "type": "aws_iam_openid_connect_provider",
      "name": "github_actions",
      "provider": "provider[\"registry.terraform.io/hashicorp/aws\"]",
      "instances": []
    },
    {
      "mode": "managed",
      "type": "aws_iam_role",
      "name": "authorizer_role",
      "provider": "provider[\"registry.terraform.io/hashicorp/aws\"]",
      "instances": [
        {
          "schema_version": 0,
          "attributes": {
            "arn": "arn:aws:iam::759971284074:role/provider-comparison-staging-authorizer-role",
            "assume_role_policy": "{\"Statement\":[{\"Action\":\"sts:AssumeRole\",\"Effect\":\"Allow\",\"Principal\":{\"Service\":\"lambda.amazonaws.com\"}}],\"Version\":\"2012-10-17\"}",
            "create_date": "2025-07-27T16:16:59Z",
            "description": "",
            "force_detach_policies": false,
            "id": "provider-comparison-staging-authorizer-role",
            "inline_policy": [],
            "managed_policy_arns": [
              "arn:aws:iam::759971284074:policy/provider-comparison-staging-lambda-authorizer",
              "arn:aws:iam::759971284074:policy/provider-comparison-staging-lambda-basic-execution"
            ],
            "max_session_duration": 3600,
            "name": "provider-comparison-staging-authorizer-role",
            "name_prefix": "",
            "path": "/",
            "permissions_boundary": "",
            "tags": {
              "Environment": "staging",
              "Name": "provider-comparison-staging-authorizer-role",
              "Purpose": "API Gateway authorizer",
              "SecurityTier": "Restricted"
            },
            "tags_all": {
              "Environment": "staging",
              "ManagedBy": "terraform",
              "Name": "provider-comparison-staging-authorizer-role",
              "Project": "provider-comparison",
              "Purpose": "API Gateway authorizer",
              "Region": "eu-central-1",
              "SecurityTier": "Restricted"
            },
            "unique_id": "AROA3B4ORQRVHLYRHUHG6"
          },
          "sensitive_attributes": [],
          "private": "eyJzY2hlbWFfdmVyc2lvbiI6IjAifQ=="
        }
      ]
    },
    {
      "mode": "managed",
      "type": "aws_iam_role",
      "name": "backup_role",
      "provider": "provider[\"registry.terraform.io/hashicorp/aws\"]",
      "instances": []
    },
    {
      "mode": "managed",
      "type": "aws_iam_role",
      "name": "connect_handler_role",
      "provider": "provider[\"registry.terraform.io/hashicorp/aws\"]",
      "instances": [
        {
          "schema_version": 0,
          "attributes": {
            "arn": "arn:aws:iam::759971284074:role/provider-comparison-staging-connect-handler-role",
            "assume_role_policy": "{\"Statement\":[{\"Action\":\"sts:AssumeRole\",\"Effect\":\"Allow\",\"Principal\":{\"Service\":\"lambda.amazonaws.com\"}}],\"Version\":\"2012-10-17\"}",
            "create_date": "2025-07-27T16:17:00Z",
            "description": "",
            "force_detach_policies": false,
            "id": "provider-comparison-staging-connect-handler-role",
            "inline_policy": [],
            "managed_policy_arns": [
              "arn:aws:iam::759971284074:policy/provider-comparison-staging-lambda-basic-execution",
              "arn:aws:iam::759971284074:policy/provider-comparison-staging-lambda-websocket"
            ],
            "max_session_duration": 3600,
            "name": "provider-comparison-staging-connect-handler-role",
            "name_prefix": "",
            "path": "/",
            "permissions_boundary": "",
            "tags": {
              "Environment": "staging",
              "Name": "provider-comparison-staging-connect-handler-role",
              "Purpose": "WebSocket connection handler",
              "SecurityTier": "Restricted"
            },
            "tags_all": {
              "Environment": "staging",
              "ManagedBy": "terraform",
              "Name": "provider-comparison-staging-connect-handler-role",
              "Project": "provider-comparison",
              "Purpose": "WebSocket connection handler",
              "Region": "eu-central-1",
              "SecurityTier": "Restricted"
            },
            "unique_id": "AROA3B4ORQRVFWNZ6EMOJ"
          },
          "sensitive_attributes": [],
          "private": "eyJzY2hlbWFfdmVyc2lvbiI6IjAifQ=="
        }
      ]
    },
    {
      "mode": "managed",
      "type": "aws_iam_role",
      "name": "connection_limit_enforcer_role",
      "provider": "provider[\"registry.terraform.io/hashicorp/aws\"]",
      "instances": [
        {
          "schema_version": 0,
          "attributes": {
            "arn": "arn:aws:iam::759971284074:role/provider-comparison-staging-connection-limit-enforcer-role",
            "assume_role_policy": "{\"Statement\":[{\"Action\":\"sts:AssumeRole\",\"Effect\":\"Allow\",\"Principal\":{\"Service\":\"lambda.amazonaws.com\"}}],\"Version\":\"2012-10-17\"}",
            "create_date": "2025-07-27T16:16:56Z",
            "description": "",
            "force_detach_policies": false,
            "id": "provider-comparison-staging-connection-limit-enforcer-role",
            "inline_policy": [],
            "managed_policy_arns": [
              "arn:aws:iam::759971284074:policy/provider-comparison-staging-connection-limit-enforcer-policy"
            ],
            "max_session_duration": 3600,
            "name": "provider-comparison-staging-connection-limit-enforcer-role",
            "name_prefix": "",
            "path": "/",
            "permissions_boundary": "",
            "tags": {
              "Environment": "staging",
              "Name": "provider-comparison-connection-limit-enforcer-role"
            },
            "tags_all": {
              "Environment": "staging",
              "ManagedBy": "terraform",
              "Name": "provider-comparison-connection-limit-enforcer-role",
              "Project": "provider-comparison",
              "Region": "eu-central-1"
            },
            "unique_id": "AROA3B4ORQRVGKNEE7ENE"
          },
          "sensitive_attributes": [],
          "private": "eyJzY2hlbWFfdmVyc2lvbiI6IjAifQ=="
        }
      ]
    },
    {
      "mode": "managed",
      "type": "aws_iam_role",
      "name": "connection_router_role",
      "provider": "provider[\"registry.terraform.io/hashicorp/aws\"]",
      "instances": [
        {
          "schema_version": 0,
          "attributes": {
            "arn": "arn:aws:iam::759971284074:role/provider-comparison-staging-connection-router-role",
            "assume_role_policy": "{\"Statement\":[{\"Action\":\"sts:AssumeRole\",\"Effect\":\"Allow\",\"Principal\":{\"Service\":\"lambda.amazonaws.com\"}}],\"Version\":\"2012-10-17\"}",
            "create_date": "2025-07-27T16:16:56Z",
            "description": "",
            "force_detach_policies": false,
            "id": "provider-comparison-staging-connection-router-role",
            "inline_policy": [],
            "managed_policy_arns": [],
            "max_session_duration": 3600,
            "name": "provider-comparison-staging-connection-router-role",
            "name_prefix": "",
            "path": "/",
            "permissions_boundary": "",
            "tags": {
              "Environment": "staging",
              "Name": "provider-comparison-connection-router-role"
            },
            "tags_all": {
              "Environment": "staging",
              "ManagedBy": "terraform",
              "Name": "provider-comparison-connection-router-role",
              "Project": "provider-comparison",
              "Region": "eu-central-1"
            },
            "unique_id": "AROA3B4ORQRVE7WBXXGH4"
          },
          "sensitive_attributes": [],
          "private": "eyJzY2hlbWFfdmVyc2lvbiI6IjAifQ=="
        }
      ]
    },
    {
      "mode": "managed",
      "type": "aws_iam_role",
      "name": "cost_optimizer_role",
      "provider": "provider[\"registry.terraform.io/hashicorp/aws\"]",
      "instances": []
    },
    {
      "mode": "managed",
      "type": "aws_iam_role",
      "name": "lambda_role",
      "provider": "provider[\"registry.terraform.io/hashicorp/aws\"]",
      "instances": [
        {
          "schema_version": 0,
          "attributes": {
            "arn": "arn:aws:iam::759971284074:role/provider-comparison-staging-lambda-role",
            "assume_role_policy": "{\"Statement\":[{\"Action\":\"sts:AssumeRole\",\"Effect\":\"Allow\",\"Principal\":{\"Service\":\"lambda.amazonaws.com\"}}],\"Version\":\"2012-10-17\"}",
            "create_date": "2025-07-27T16:16:57Z",
            "description": "",
            "force_detach_policies": false,
            "id": "provider-comparison-staging-lambda-role",
            "inline_policy": [],
            "managed_policy_arns": [
              "arn:aws:iam::759971284074:policy/provider-comparison-staging-lambda-policy"
            ],
            "max_session_duration": 3600,
            "name": "provider-comparison-staging-lambda-role",
            "name_prefix": "",
            "path": "/",
            "permissions_boundary": "",
            "tags": {
              "Environment": "staging",
              "Name": "provider-comparison-lambda-role"
            },
            "tags_all": {
              "Environment": "staging",
              "ManagedBy": "terraform",
              "Name": "provider-comparison-lambda-role",
              "Project": "provider-comparison",
              "Region": "eu-central-1"
            },
            "unique_id": "AROA3B4ORQRVCZJ4EKXHU"
          },
          "sensitive_attributes": [],
          "private": "eyJzY2hlbWFfdmVyc2lvbiI6IjAifQ=="
        }
      ]
    },
    {
      "mode": "managed",
      "type": "aws_iam_role",
      "name": "log_destination_role",
      "provider": "provider[\"registry.terraform.io/hashicorp/aws\"]",
      "instances": []
    },
    {
      "mode": "managed",
      "type": "aws_iam_role",
      "name": "search_handler_role",
      "provider": "provider[\"registry.terraform.io/hashicorp/aws\"]",
      "instances": [
        {
          "schema_version": 0,
          "attributes": {
            "arn": "arn:aws:iam::759971284074:role/provider-comparison-staging-search-handler-role",
            "assume_role_policy": "{\"Statement\":[{\"Action\":\"sts:AssumeRole\",\"Effect\":\"Allow\",\"Principal\":{\"Service\":\"lambda.amazonaws.com\"}}],\"Version\":\"2012-10-17\"}",
            "create_date": "2025-07-27T16:17:05Z",
            "description": "",
            "force_detach_policies": false,
            "id": "provider-comparison-staging-search-handler-role",
            "inline_policy": [],
            "managed_policy_arns": [
              "arn:aws:iam::759971284074:policy/provider-comparison-staging-lambda-basic-execution",
              "arn:aws:iam::759971284074:policy/provider-comparison-staging-lambda-data-access",
              "arn:aws:iam::759971284074:policy/provider-comparison-staging-lambda-secrets"
            ],
            "max_session_duration": 3600,
            "name": "provider-comparison-staging-search-handler-role",
            "name_prefix": "",
            "path": "/",
            "permissions_boundary": "",
            "tags": {
              "Environment": "staging",
              "Name": "provider-comparison-staging-search-handler-role",
              "Purpose": "Provider search handler",
              "SecurityTier": "HighlyRestricted"
            },
            "tags_all": {
              "Environment": "staging",
              "ManagedBy": "terraform",
              "Name": "provider-comparison-staging-search-handler-role",
              "Project": "provider-comparison",
              "Purpose": "Provider search handler",
              "Region": "eu-central-1",
              "SecurityTier": "HighlyRestricted"
            },
            "unique_id": "AROA3B4ORQRVJ4JDX7IQR"
          },
          "sensitive_attributes": [],
          "private": "eyJzY2hlbWFfdmVyc2lvbiI6IjAifQ=="
        }
      ]
    },
    {
      "mode": "managed",
      "type": "aws_iam_role",
      "name": "share_api_old_role",
      "provider": "provider[\"registry.terraform.io/hashicorp/aws\"]",
      "instances": [
        {
          "schema_version": 0,
          "attributes": {
            "arn": "arn:aws:iam::759971284074:role/provider-comparison-staging-share-api-old-role",
            "assume_role_policy": "{\"Statement\":[{\"Action\":\"sts:AssumeRole\",\"Effect\":\"Allow\",\"Principal\":{\"Service\":\"lambda.amazonaws.com\"}}],\"Version\":\"2012-10-17\"}",
            "create_date": "2025-07-27T16:17:10Z",
            "description": "",
            "force_detach_policies": false,
            "id": "provider-comparison-staging-share-api-old-role",
            "inline_policy": [],
            "managed_policy_arns": [
              "arn:aws:iam::759971284074:policy/provider-comparison-staging-share-api-old-policy"
            ],
            "max_session_duration": 3600,
            "name": "provider-comparison-staging-share-api-old-role",
            "name_prefix": "",
            "path": "/",
            "permissions_boundary": "",
            "tags": {
              "Environment": "staging",
              "Implementation": "old",
              "Name": "provider-comparison-share-api-old-role"
            },
            "tags_all": {
              "Environment": "staging",
              "Implementation": "old",
              "ManagedBy": "terraform",
              "Name": "provider-comparison-share-api-old-role",
              "Project": "provider-comparison",
              "Region": "eu-central-1"
            },
            "unique_id": "AROA3B4ORQRVLHZQ3DEFC"
          },
          "sensitive_attributes": [],
          "private": "eyJzY2hlbWFfdmVyc2lvbiI6IjAifQ=="
        }
      ]
    },
    {
      "mode": "managed",
      "type": "aws_iam_role",
      "name": "share_api_role",
      "provider": "provider[\"registry.terraform.io/hashicorp/aws\"]",
      "instances": [
        {
          "schema_version": 0,
          "attributes": {
            "arn": "arn:aws:iam::759971284074:role/provider-comparison-staging-share-api-new-role",
            "assume_role_policy": "{\"Statement\":[{\"Action\":\"sts:AssumeRole\",\"Effect\":\"Allow\",\"Principal\":{\"Service\":\"lambda.amazonaws.com\"}}],\"Version\":\"2012-10-17\"}",
            "create_date": "2025-07-27T16:17:02Z",
            "description": "",
            "force_detach_policies": false,
            "id": "provider-comparison-staging-share-api-new-role",
            "inline_policy": [],
            "managed_policy_arns": [
              "arn:aws:iam::759971284074:policy/provider-comparison-staging-share-api-new-policy"
            ],
            "max_session_duration": 3600,
            "name": "provider-comparison-staging-share-api-new-role",
            "name_prefix": "",
            "path": "/",
            "permissions_boundary": "",
            "tags": {
              "Environment": "staging",
              "Implementation": "new",
              "Name": "provider-comparison-share-api-new-role"
            },
            "tags_all": {
              "Environment": "staging",
              "Implementation": "new",
              "ManagedBy": "terraform",
              "Name": "provider-comparison-share-api-new-role",
              "Project": "provider-comparison",
              "Region": "eu-central-1"
            },
            "unique_id": "AROA3B4ORQRVFVS2JRGFM"
          },
          "sensitive_attributes": [],
          "private": "eyJzY2hlbWFfdmVyc2lvbiI6IjAifQ=="
        }
      ]
    },
    {
      "mode": "managed",
      "type": "aws_iam_role",
      "name": "step_functions_role",
      "provider": "provider[\"registry.terraform.io/hashicorp/aws\"]",
      "instances": [
        {
          "schema_version": 0,
          "attributes": {
            "arn": "arn:aws:iam::759971284074:role/provider-comparison-staging-step-functions-role",
            "assume_role_policy": "{\"Statement\":[{\"Action\":\"sts:AssumeRole\",\"Effect\":\"Allow\",\"Principal\":{\"Service\":\"states.amazonaws.com\"}}],\"Version\":\"2012-10-17\"}",
            "create_date": "2025-07-27T16:16:56Z",
            "description": "",
            "force_detach_policies": false,
            "id": "provider-comparison-staging-step-functions-role",
            "inline_policy": [],
            "managed_policy_arns": [
              "arn:aws:iam::759971284074:policy/provider-comparison-staging-secrets-access"
            ],
            "max_session_duration": 3600,
            "name": "provider-comparison-staging-step-functions-role",
            "name_prefix": "",
            "path": "/",
            "permissions_boundary": "",
            "tags": {
              "Environment": "staging",
              "Name": "provider-comparison-step-functions-role"
            },
            "tags_all": {
              "Environment": "staging",
              "ManagedBy": "terraform",
              "Name": "provider-comparison-step-functions-role",
              "Project": "provider-comparison",
              "Region": "eu-central-1"
            },
            "unique_id": "AROA3B4ORQRVIHUP4VDIL"
          },
          "sensitive_attributes": [],
          "private": "eyJzY2hlbWFfdmVyc2lvbiI6IjAifQ=="
        }
      ]
    },
    {
      "mode": "managed",
      "type": "aws_iam_role_policy",
      "name": "cost_optimizer_policy",
      "provider": "provider[\"registry.terraform.io/hashicorp/aws\"]",
      "instances": []
    },
    {
      "mode": "managed",
      "type": "aws_iam_role_policy",
      "name": "log_destination_policy",
      "provider": "provider[\"registry.terraform.io/hashicorp/aws\"]",
      "instances": []
    },
    {
      "mode": "managed",
      "type": "aws_iam_role_policy_attachment",
      "name": "backup_policy",
      "provider": "provider[\"registry.terraform.io/hashicorp/aws\"]",
      "instances": []
    },
    {
      "mode": "managed",
      "type": "aws_iam_role_policy_attachment",
      "name": "restore_policy",
      "provider": "provider[\"registry.terraform.io/hashicorp/aws\"]",
      "instances": []
    },
    {
      "mode": "managed",
      "type": "aws_kinesis_stream",
      "name": "log_stream",
      "provider": "provider[\"registry.terraform.io/hashicorp/aws\"]",
      "instances": []
    },
    {
      "mode": "managed",
      "type": "aws_kms_alias",
      "name": "backup_key_alias",
      "provider": "provider[\"registry.terraform.io/hashicorp/aws\"]",
      "instances": []
    },
    {
      "mode": "managed",
      "type": "aws_kms_alias",
      "name": "logs_key_alias",
      "provider": "provider[\"registry.terraform.io/hashicorp/aws\"]",
      "instances": []
    },
    {
      "mode": "managed",
      "type": "aws_kms_key",
      "name": "backup_key",
      "provider": "provider[\"registry.terraform.io/hashicorp/aws\"]",
      "instances": []
    },
    {
      "mode": "managed",
      "type": "aws_kms_key",
      "name": "logs_key",
      "provider": "provider[\"registry.terraform.io/hashicorp/aws\"]",
      "instances": []
    },
    {
      "mode": "managed",
      "type": "aws_lambda_function",
      "name": "cost_optimizer",
      "provider": "provider[\"registry.terraform.io/hashicorp/aws\"]",
      "instances": []
    },
    {
      "mode": "managed",
      "type": "aws_lambda_layer_version",
      "name": "json_layer_arm64",
      "provider": "provider[\"registry.terraform.io/hashicorp/aws\"]",
      "instances": []
    },
    {
      "mode": "managed",
      "type": "aws_lambda_layer_version",
      "name": "polars_layer_arm64",
      "provider": "provider[\"registry.terraform.io/hashicorp/aws\"]",
      "instances": []
    },
    {
      "mode": "managed",
      "type": "aws_lambda_permission",
      "name": "allow_eventbridge_cost_optimizer",
      "provider": "provider[\"registry.terraform.io/hashicorp/aws\"]",
      "instances": []
    }
  ],
  "check_results": null
}
