{
  "version": 4,
  "terraform_version": "1.11.4",
  "serial": 601,
  "lineage": "d8d561f8-e1e9-5a99-2791-8326eb2df219",
  "outputs": {
    "rest_api_url": {
      "value": "https://yu1ybsal6h.execute-api.eu-central-1.amazonaws.com",
      "type": "string"
    },
    "share_api_url": {
      "value": "https://yu1ybsal6h.execute-api.eu-central-1.amazonaws.com/prod/share",
      "type": "string"
    },
    "websocket_api_url": {
      "value": "wss://fvn7q7ahxj.execute-api.eu-central-1.amazonaws.com/prod",
      "type": "string"
    }
  },
  "resources": [
    {
      "mode": "managed",
      "type": "aws_apigatewayv2_api",
      "name": "rest_api",
      "provider": "provider[\"registry.terraform.io/hashicorp/aws\"]",
      "instances": [
        {
          "schema_version": 0,
          "attributes": {
            "api_endpoint": "https://yu1ybsal6h.execute-api.eu-central-1.amazonaws.com",
            "api_key_selection_expression": "$request.header.x-api-key",
            "arn": "arn:aws:apigateway:eu-central-1::/apis/yu1ybsal6h",
            "body": null,
            "cors_configuration": [
              {
                "allow_credentials": false,
                "allow_headers": [
                  "content-type"
                ],
                "allow_methods": [
                  "GET",
                  "OPTIONS"
                ],
                "allow_origins": [
                  "*"
                ],
                "expose_headers": [
                  "*"
                ],
                "max_age": 300
              }
            ],
            "credentials_arn": null,
            "description": "REST API for share links",
            "disable_execute_api_endpoint": false,
            "execution_arn": "arn:aws:execute-api:eu-central-1:759971284074:yu1ybsal6h",
            "fail_on_warnings": null,
            "id": "yu1ybsal6h",
            "ip_address_type": "ipv4",
            "name": "provider-comparison-dev-rest-api",
            "protocol_type": "HTTP",
            "route_key": null,
            "route_selection_expression": "$request.method $request.path",
            "tags": {
              "Environment": "dev",
              "Name": "provider-comparison-rest-api"
            },
            "tags_all": {
              "Environment": "dev",
              "Name": "provider-comparison-rest-api"
            },
            "target": null,
            "version": ""
          },
          "sensitive_attributes": [],
          "private": "bnVsbA=="
        }
      ]
    },
    {
      "mode": "managed",
      "type": "aws_apigatewayv2_api",
      "name": "websocket_api",
      "provider": "provider[\"registry.terraform.io/hashicorp/aws\"]",
      "instances": [
        {
          "schema_version": 0,
          "attributes": {
            "api_endpoint": "wss://fvn7q7ahxj.execute-api.eu-central-1.amazonaws.com",
            "api_key_selection_expression": "$request.header.x-api-key",
            "arn": "arn:aws:apigateway:eu-central-1::/apis/fvn7q7ahxj",
            "body": null,
            "cors_configuration": [],
            "credentials_arn": null,
            "description": "",
            "disable_execute_api_endpoint": false,
            "execution_arn": "arn:aws:execute-api:eu-central-1:759971284074:fvn7q7ahxj",
            "fail_on_warnings": null,
            "id": "fvn7q7ahxj",
            "ip_address_type": "ipv4",
            "name": "provider-comparison-dev-websocket",
            "protocol_type": "WEBSOCKET",
            "route_key": null,
            "route_selection_expression": "$request.body.action",
            "tags": {
              "Environment": "dev",
              "Name": "provider-comparison-websocket-api"
            },
            "tags_all": {
              "Environment": "dev",
              "Name": "provider-comparison-websocket-api"
            },
            "target": null,
            "version": ""
          },
          "sensitive_attributes": [],
          "private": "bnVsbA=="
        }
      ]
    },
    {
      "mode": "managed",
      "type": "aws_apigatewayv2_integration",
      "name": "connect_integration",
      "provider": "provider[\"registry.terraform.io/hashicorp/aws\"]",
      "instances": [
        {
          "schema_version": 0,
          "attributes": {
            "api_id": "fvn7q7ahxj",
            "connection_id": "",
            "connection_type": "INTERNET",
            "content_handling_strategy": "CONVERT_TO_TEXT",
            "credentials_arn": "",
            "description": "",
            "id": "2cbadj4",
            "integration_method": "POST",
            "integration_response_selection_expression": "",
            "integration_subtype": "",
            "integration_type": "AWS_PROXY",
            "integration_uri": "arn:aws:apigateway:eu-central-1:lambda:path/2015-03-31/functions/arn:aws:lambda:eu-central-1:759971284074:function:provider-comparison-dev-connect-handler/invocations",
            "passthrough_behavior": "WHEN_NO_MATCH",
            "payload_format_version": "1.0",
            "request_parameters": {},
            "request_templates": {},
            "response_parameters": [],
            "template_selection_expression": "",
            "timeout_milliseconds": 29000,
            "tls_config": []
          },
          "sensitive_attributes": [],
          "private": "bnVsbA==",
          "dependencies": [
            "aws_apigatewayv2_api.websocket_api",
            "aws_iam_role.lambda_role",
            "aws_lambda_function.connect_handler"
          ]
        }
      ]
    },
    {
      "mode": "managed",
      "type": "aws_apigatewayv2_integration",
      "name": "search_integration",
      "provider": "provider[\"registry.terraform.io/hashicorp/aws\"]",
      "instances": [
        {
          "schema_version": 0,
          "attributes": {
            "api_id": "fvn7q7ahxj",
            "connection_id": "",
            "connection_type": "INTERNET",
            "content_handling_strategy": "CONVERT_TO_TEXT",
            "credentials_arn": "",
            "description": "",
            "id": "a34k0ze",
            "integration_method": "POST",
            "integration_response_selection_expression": "",
            "integration_subtype": "",
            "integration_type": "AWS_PROXY",
            "integration_uri": "arn:aws:apigateway:eu-central-1:lambda:path/2015-03-31/functions/arn:aws:lambda:eu-central-1:759971284074:function:provider-comparison-dev-search-handler/invocations",
            "passthrough_behavior": "WHEN_NO_MATCH",
            "payload_format_version": "1.0",
            "request_parameters": {},
            "request_templates": {},
            "response_parameters": [],
            "template_selection_expression": "",
            "timeout_milliseconds": 29000,
            "tls_config": []
          },
          "sensitive_attributes": [],
          "private": "bnVsbA==",
          "dependencies": [
            "aws_apigatewayv2_api.websocket_api",
            "aws_iam_role.lambda_role",
            "aws_lambda_function.search_handler",
            "aws_sqs_queue.request_queue"
          ]
        }
      ]
    },
    {
      "mode": "managed",
      "type": "aws_apigatewayv2_integration",
      "name": "share_integration",
      "provider": "provider[\"registry.terraform.io/hashicorp/aws\"]",
      "instances": [
        {
          "schema_version": 0,
          "attributes": {
            "api_id": "yu1ybsal6h",
            "connection_id": "",
            "connection_type": "INTERNET",
            "content_handling_strategy": "",
            "credentials_arn": "",
            "description": "",
            "id": "ciykmj6",
            "integration_method": "POST",
            "integration_response_selection_expression": "",
            "integration_subtype": "",
            "integration_type": "AWS_PROXY",
            "integration_uri": "arn:aws:apigateway:eu-central-1:lambda:path/2015-03-31/functions/arn:aws:lambda:eu-central-1:759971284074:function:provider-comparison-dev-share-api/invocations",
            "passthrough_behavior": "",
            "payload_format_version": "1.0",
            "request_parameters": {},
            "request_templates": {},
            "response_parameters": [],
            "template_selection_expression": "",
            "timeout_milliseconds": 30000,
            "tls_config": []
          },
          "sensitive_attributes": [],
          "private": "bnVsbA==",
          "dependencies": [
            "aws_apigatewayv2_api.rest_api",
            "aws_dynamodb_table.provider_results",
            "aws_iam_role.share_api_role",
            "aws_lambda_function.share_api"
          ]
        }
      ]
    },
    {
      "mode": "managed",
      "type": "aws_apigatewayv2_route",
      "name": "connect",
      "provider": "provider[\"registry.terraform.io/hashicorp/aws\"]",
      "instances": [
        {
          "schema_version": 0,
          "attributes": {
            "api_id": "fvn7q7ahxj",
            "api_key_required": false,
            "authorization_scopes": [],
            "authorization_type": "NONE",
            "authorizer_id": "",
            "id": "hagbm2u",
            "model_selection_expression": "",
            "operation_name": "",
            "request_models": {},
            "request_parameter": [],
            "route_key": "$connect",
            "route_response_selection_expression": "",
            "target": "integrations/2cbadj4"
          },
          "sensitive_attributes": [],
          "private": "bnVsbA==",
          "dependencies": [
            "aws_apigatewayv2_api.websocket_api",
            "aws_apigatewayv2_integration.connect_integration",
            "aws_iam_role.lambda_role",
            "aws_lambda_function.connect_handler"
          ]
        }
      ]
    },
    {
      "mode": "managed",
      "type": "aws_apigatewayv2_route",
      "name": "search",
      "provider": "provider[\"registry.terraform.io/hashicorp/aws\"]",
      "instances": [
        {
          "schema_version": 0,
          "attributes": {
            "api_id": "fvn7q7ahxj",
            "api_key_required": false,
            "authorization_scopes": [],
            "authorization_type": "NONE",
            "authorizer_id": "",
            "id": "neo4xxp",
            "model_selection_expression": "",
            "operation_name": "",
            "request_models": {},
            "request_parameter": [],
            "route_key": "search",
            "route_response_selection_expression": "",
            "target": "integrations/a34k0ze"
          },
          "sensitive_attributes": [],
          "private": "bnVsbA==",
          "dependencies": [
            "aws_apigatewayv2_api.websocket_api",
            "aws_apigatewayv2_integration.search_integration",
            "aws_iam_role.lambda_role",
            "aws_lambda_function.search_handler",
            "aws_sqs_queue.request_queue"
          ]
        }
      ]
    },
    {
      "mode": "managed",
      "type": "aws_apigatewayv2_route",
      "name": "share_route",
      "provider": "provider[\"registry.terraform.io/hashicorp/aws\"]",
      "instances": [
        {
          "schema_version": 0,
          "attributes": {
            "api_id": "yu1ybsal6h",
            "api_key_required": false,
            "authorization_scopes": [],
            "authorization_type": "NONE",
            "authorizer_id": "",
            "id": "6ydyx0o",
            "model_selection_expression": "",
            "operation_name": "",
            "request_models": {},
            "request_parameter": [],
            "route_key": "GET /share/{share_token}",
            "route_response_selection_expression": "",
            "target": "integrations/ciykmj6"
          },
          "sensitive_attributes": [],
          "private": "bnVsbA==",
          "dependencies": [
            "aws_apigatewayv2_api.rest_api",
            "aws_apigatewayv2_integration.share_integration",
            "aws_dynamodb_table.provider_results",
            "aws_iam_role.share_api_role",
            "aws_lambda_function.share_api"
          ]
        }
      ]
    },
    {
      "mode": "managed",
      "type": "aws_apigatewayv2_stage",
      "name": "prod",
      "provider": "provider[\"registry.terraform.io/hashicorp/aws\"]",
      "instances": [
        {
          "schema_version": 0,
          "attributes": {
            "access_log_settings": [],
            "api_id": "fvn7q7ahxj",
            "arn": "arn:aws:apigateway:eu-central-1::/apis/fvn7q7ahxj/stages/prod",
            "auto_deploy": true,
            "client_certificate_id": "",
            "default_route_settings": [
              {
                "data_trace_enabled": false,
                "detailed_metrics_enabled": true,
                "logging_level": "OFF",
                "throttling_burst_limit": 100,
                "throttling_rate_limit": 50
              }
            ],
            "deployment_id": "9u64gd",
            "description": "",
            "execution_arn": "arn:aws:execute-api:eu-central-1:759971284074:fvn7q7ahxj/prod",
            "id": "prod",
            "invoke_url": "wss://fvn7q7ahxj.execute-api.eu-central-1.amazonaws.com/prod",
            "name": "prod",
            "route_settings": [],
            "stage_variables": {},
            "tags": {},
            "tags_all": {}
          },
          "sensitive_attributes": [],
          "private": "bnVsbA==",
          "dependencies": [
            "aws_apigatewayv2_api.websocket_api"
          ]
        }
      ]
    },
    {
      "mode": "managed",
      "type": "aws_apigatewayv2_stage",
      "name": "rest_api_prod",
      "provider": "provider[\"registry.terraform.io/hashicorp/aws\"]",
      "instances": [
        {
          "schema_version": 0,
          "attributes": {
            "access_log_settings": [],
            "api_id": "yu1ybsal6h",
            "arn": "arn:aws:apigateway:eu-central-1::/apis/yu1ybsal6h/stages/prod",
            "auto_deploy": true,
            "client_certificate_id": "",
            "default_route_settings": [
              {
                "data_trace_enabled": false,
                "detailed_metrics_enabled": true,
                "logging_level": "",
                "throttling_burst_limit": 100,
                "throttling_rate_limit": 50
              }
            ],
            "deployment_id": "h832tx",
            "description": "",
            "execution_arn": "arn:aws:execute-api:eu-central-1:759971284074:yu1ybsal6h/prod",
            "id": "prod",
            "invoke_url": "https://yu1ybsal6h.execute-api.eu-central-1.amazonaws.com/prod",
            "name": "prod",
            "route_settings": [],
            "stage_variables": {},
            "tags": {
              "Environment": "dev",
              "Name": "provider-comparison-rest-api-prod"
            },
            "tags_all": {
              "Environment": "dev",
              "Name": "provider-comparison-rest-api-prod"
            }
          },
          "sensitive_attributes": [],
          "private": "bnVsbA==",
          "dependencies": [
            "aws_apigatewayv2_api.rest_api"
          ]
        }
      ]
    },
    {
      "mode": "managed",
      "type": "aws_cloudwatch_dashboard",
      "name": "lambda_performance",
      "provider": "provider[\"registry.terraform.io/hashicorp/aws\"]",
      "instances": [
        {
          "schema_version": 0,
          "attributes": {
            "dashboard_arn": "arn:aws:cloudwatch::759971284074:dashboard/provider-comparison-dev-lambda-performance",
            "dashboard_body": "{\"widgets\":[{\"height\":6,\"properties\":{\"metrics\":[[\"AWS/Lambda\",\"Duration\",\"FunctionName\",\"provider-comparison-dev-results-handler\"],[\".\",\"InitDuration\",\".\",\".\"]],\"period\":300,\"region\":\"eu-central-1\",\"stacked\":false,\"title\":\"Lambda Performance - Duration vs InitDuration\",\"view\":\"timeSeries\"},\"type\":\"metric\",\"width\":12,\"x\":0,\"y\":0}]}",
            "dashboard_name": "provider-comparison-dev-lambda-performance",
            "id": "provider-comparison-dev-lambda-performance"
          },
          "sensitive_attributes": [],
          "private": "bnVsbA==",
          "dependencies": [
            "aws_apigatewayv2_api.websocket_api",
            "aws_dynamodb_table.analytics",
            "aws_dynamodb_table.provider_results",
            "aws_iam_role.results_handler_role",
            "aws_lambda_function.results_handler",
            "aws_lambda_layer_version.json_layer_arm64",
            "aws_lambda_layer_version.polars_layer_arm64"
          ]
        }
      ]
    },
    {
      "mode": "managed",
      "type": "aws_cloudwatch_event_connection",
      "name": "byteme_connection",
      "provider": "provider[\"registry.terraform.io/hashicorp/aws\"]",
      "instances": [
        {
          "schema_version": 0,
          "attributes": {
            "arn": "arn:aws:events:eu-central-1:759971284074:connection/provider-comparison-dev-byteme-connection/b6ce4e68-a8af-4615-91dd-9745a352f9e7",
            "auth_parameters": [
              {
                "api_key": [
                  {
                    "key": "X-Api-Key",
                    "value": "DC3515C9F8E6EB8287FD99F15FEA1190"
                  }
                ],
                "basic": [],
                "invocation_http_parameters": [],
                "oauth": []
              }
            ],
            "authorization_type": "API_KEY",
            "description": "Connection for ByteMe provider API",
            "id": "provider-comparison-dev-byteme-connection",
            "invocation_connectivity_parameters": [],
            "name": "provider-comparison-dev-byteme-connection",
            "secret_arn": "arn:aws:secretsmanager:eu-central-1:759971284074:secret:events!connection/provider-comparison-dev-byteme-connection/0794e2f2-50b3-4c71-8278-702a0d7014d0-FMjejq"
          },
          "sensitive_attributes": [
            [
              {
                "type": "get_attr",
                "value": "auth_parameters"
              },
              {
                "type": "index",
                "value": {
                  "value": 0,
                  "type": "number"
                }
              },
              {
                "type": "get_attr",
                "value": "api_key"
              },
              {
                "type": "index",
                "value": {
                  "value": 0,
                  "type": "number"
                }
              },
              {
                "type": "get_attr",
                "value": "value"
              }
            ]
          ],
          "private": "bnVsbA=="
        }
      ]
    },
    {
      "mode": "managed",
      "type": "aws_cloudwatch_event_connection",
      "name": "ping_perfect_connection",
      "provider": "provider[\"registry.terraform.io/hashicorp/aws\"]",
      "instances": [
        {
          "schema_version": 0,
          "attributes": {
            "arn": "arn:aws:events:eu-central-1:759971284074:connection/provider-comparison-dev-ping_perfect-connection/c7143109-927e-4aa6-b58a-c14fab6259b1",
            "auth_parameters": [
              {
                "api_key": [
                  {
                    "key": "X-Api-Key",
                    "value": "Servus"
                  }
                ],
                "basic": [],
                "invocation_http_parameters": [],
                "oauth": []
              }
            ],
            "authorization_type": "API_KEY",
            "description": "Connection for Ping Perfect provider API",
            "id": "provider-comparison-dev-ping_perfect-connection",
            "invocation_connectivity_parameters": [],
            "name": "provider-comparison-dev-ping_perfect-connection",
            "secret_arn": "arn:aws:secretsmanager:eu-central-1:759971284074:secret:events!connection/provider-comparison-dev-ping_perfect-connection/43fc367e-15f0-41b6-b16b-219f72c617d0-VpCFcs"
          },
          "sensitive_attributes": [
            [
              {
                "type": "get_attr",
                "value": "auth_parameters"
              },
              {
                "type": "index",
                "value": {
                  "value": 0,
                  "type": "number"
                }
              },
              {
                "type": "get_attr",
                "value": "api_key"
              },
              {
                "type": "index",
                "value": {
                  "value": 0,
                  "type": "number"
                }
              },
              {
                "type": "get_attr",
                "value": "value"
              }
            ]
          ],
          "private": "bnVsbA=="
        }
      ]
    },
    {
      "mode": "managed",
      "type": "aws_cloudwatch_event_connection",
      "name": "servus_speed_connection",
      "provider": "provider[\"registry.terraform.io/hashicorp/aws\"]",
      "instances": [
        {
          "schema_version": 0,
          "attributes": {
            "arn": "arn:aws:events:eu-central-1:759971284074:connection/provider-comparison-dev-servus-speed-connection/9eeb8ae7-9ec7-43ef-a19d-61e57f508a64",
            "auth_parameters": [
              {
                "api_key": [],
                "basic": [
                  {
                    "password": "904E7D18FBC4",
                    "username": "user_FE0AA56CF67F"
                  }
                ],
                "invocation_http_parameters": [],
                "oauth": []
              }
            ],
            "authorization_type": "BASIC",
            "description": "Connection for Servus Speed provider API",
            "id": "provider-comparison-dev-servus-speed-connection",
            "invocation_connectivity_parameters": [],
            "name": "provider-comparison-dev-servus-speed-connection",
            "secret_arn": "arn:aws:secretsmanager:eu-central-1:759971284074:secret:events!connection/provider-comparison-dev-servus-speed-connection/80ef1d60-3437-4662-b2cf-470b1abced34-jfLVJl"
          },
          "sensitive_attributes": [
            [
              {
                "type": "get_attr",
                "value": "auth_parameters"
              },
              {
                "type": "index",
                "value": {
                  "value": 0,
                  "type": "number"
                }
              },
              {
                "type": "get_attr",
                "value": "basic"
              },
              {
                "type": "index",
                "value": {
                  "value": 0,
                  "type": "number"
                }
              },
              {
                "type": "get_attr",
                "value": "password"
              }
            ]
          ],
          "private": "bnVsbA=="
        }
      ]
    },
    {
      "mode": "managed",
      "type": "aws_cloudwatch_event_connection",
      "name": "verbyndich_connection",
      "provider": "provider[\"registry.terraform.io/hashicorp/aws\"]",
      "instances": [
        {
          "schema_version": 0,
          "attributes": {
            "arn": "arn:aws:events:eu-central-1:759971284074:connection/provider-comparison-dev-verbyndich-connection/c5839c6c-0804-462b-a549-bad37a710d34",
            "auth_parameters": [
              {
                "api_key": [
                  {
                    "key": "X-Api-Key",
                    "value": "Servus"
                  }
                ],
                "basic": [],
                "invocation_http_parameters": [],
                "oauth": []
              }
            ],
            "authorization_type": "API_KEY",
            "description": "Connection for Verbyndich provider API",
            "id": "provider-comparison-dev-verbyndich-connection",
            "invocation_connectivity_parameters": [],
            "name": "provider-comparison-dev-verbyndich-connection",
            "secret_arn": "arn:aws:secretsmanager:eu-central-1:759971284074:secret:events!connection/provider-comparison-dev-verbyndich-connection/2c176576-79ed-4c78-951a-ff86f9ac79b5-mf6p3j"
          },
          "sensitive_attributes": [
            [
              {
                "type": "get_attr",
                "value": "auth_parameters"
              },
              {
                "type": "index",
                "value": {
                  "value": 0,
                  "type": "number"
                }
              },
              {
                "type": "get_attr",
                "value": "api_key"
              },
              {
                "type": "index",
                "value": {
                  "value": 0,
                  "type": "number"
                }
              },
              {
                "type": "get_attr",
                "value": "value"
              }
            ]
          ],
          "private": "bnVsbA=="
        }
      ]
    },
    {
      "mode": "managed",
      "type": "aws_cloudwatch_event_connection",
      "name": "webwunder_connection",
      "provider": "provider[\"registry.terraform.io/hashicorp/aws\"]",
      "instances": [
        {
          "schema_version": 0,
          "attributes": {
            "arn": "arn:aws:events:eu-central-1:759971284074:connection/provider-comparison-dev-webwunder-connection/7dcea5fc-8f9d-45c1-b2aa-bea872c9e4bb",
            "auth_parameters": [
              {
                "api_key": [
                  {
                    "key": "X-Api-Key",
                    "value": "D0156B21AE587299B0B1E9D17444BAAF8C308887C4E2A157269C58CCFCA092F2898F6C30F81EDF791C41E729F9088CA8172FD3F20E9E72881231CC06E9021266"
                  }
                ],
                "basic": [],
                "invocation_http_parameters": [],
                "oauth": []
              }
            ],
            "authorization_type": "API_KEY",
            "description": "Connection for WebWunder provider API",
            "id": "provider-comparison-dev-webwunder-connection",
            "invocation_connectivity_parameters": [],
            "name": "provider-comparison-dev-webwunder-connection",
            "secret_arn": "arn:aws:secretsmanager:eu-central-1:759971284074:secret:events!connection/provider-comparison-dev-webwunder-connection/96fe05f7-8fcf-4b08-996c-2a84dd5dc86d-uH0ox6"
          },
          "sensitive_attributes": [
            [
              {
                "type": "get_attr",
                "value": "auth_parameters"
              },
              {
                "type": "index",
                "value": {
                  "value": 0,
                  "type": "number"
                }
              },
              {
                "type": "get_attr",
                "value": "api_key"
              },
              {
                "type": "index",
                "value": {
                  "value": 0,
                  "type": "number"
                }
              },
              {
                "type": "get_attr",
                "value": "value"
              }
            ]
          ],
          "private": "bnVsbA=="
        }
      ]
    },
    {
      "mode": "managed",
      "type": "aws_cloudwatch_event_rule",
      "name": "lambda_warmer",
      "provider": "provider[\"registry.terraform.io/hashicorp/aws\"]",
      "instances": [
        {
          "schema_version": 1,
          "attributes": {
            "arn": "arn:aws:events:eu-central-1:759971284074:rule/provider-comparison-dev-lambda-warmer",
            "description": "Keep Lambda functions warm to reduce cold starts",
            "event_bus_name": "default",
            "event_pattern": null,
            "force_destroy": false,
            "id": "provider-comparison-dev-lambda-warmer",
            "is_enabled": true,
            "name": "provider-comparison-dev-lambda-warmer",
            "name_prefix": "",
            "role_arn": "",
            "schedule_expression": "rate(5 minutes)",
            "state": "ENABLED",
            "tags": {
              "Environment": "dev",
              "Name": "provider-comparison-lambda-warmer",
              "Purpose": "cold-start-optimization"
            },
            "tags_all": {
              "Environment": "dev",
              "Name": "provider-comparison-lambda-warmer",
              "Purpose": "cold-start-optimization"
            }
          },
          "sensitive_attributes": [],
          "private": "eyJzY2hlbWFfdmVyc2lvbiI6IjEifQ=="
        }
      ]
    },
    {
      "mode": "managed",
      "type": "aws_cloudwatch_event_target",
      "name": "warm_results_handler",
      "provider": "provider[\"registry.terraform.io/hashicorp/aws\"]",
      "instances": [
        {
          "schema_version": 1,
          "attributes": {
            "appsync_target": [],
            "arn": "arn:aws:lambda:eu-central-1:759971284074:function:provider-comparison-dev-results-handler",
            "batch_target": [],
            "dead_letter_config": [],
            "ecs_target": [],
            "event_bus_name": "default",
            "force_destroy": false,
            "http_target": [],
            "id": "provider-comparison-dev-lambda-warmer-WarmResultsHandler",
            "input": "{\"timestamp\":\"scheduled-ping\",\"warmer\":true}",
            "input_path": "",
            "input_transformer": [],
            "kinesis_target": [],
            "redshift_target": [],
            "retry_policy": [],
            "role_arn": "",
            "rule": "provider-comparison-dev-lambda-warmer",
            "run_command_targets": [],
            "sagemaker_pipeline_target": [],
            "sqs_target": [],
            "target_id": "WarmResultsHandler"
          },
          "sensitive_attributes": [],
          "private": "eyJzY2hlbWFfdmVyc2lvbiI6IjEifQ==",
          "dependencies": [
            "aws_apigatewayv2_api.websocket_api",
            "aws_cloudwatch_event_rule.lambda_warmer",
            "aws_dynamodb_table.analytics",
            "aws_dynamodb_table.provider_results",
            "aws_iam_role.results_handler_role",
            "aws_lambda_function.results_handler",
            "aws_lambda_layer_version.json_layer_arm64",
            "aws_lambda_layer_version.polars_layer_arm64"
          ]
        }
      ]
    },
    {
      "mode": "managed",
      "type": "aws_cloudwatch_log_group",
      "name": "step_functions_logs",
      "provider": "provider[\"registry.terraform.io/hashicorp/aws\"]",
      "instances": [
        {
          "schema_version": 0,
          "attributes": {
            "arn": "arn:aws:logs:eu-central-1:759971284074:log-group:/aws/stepfunctions/provider-comparison-dev-provider-workflow",
            "id": "/aws/stepfunctions/provider-comparison-dev-provider-workflow",
            "kms_key_id": "",
            "log_group_class": "STANDARD",
            "name": "/aws/stepfunctions/provider-comparison-dev-provider-workflow",
            "name_prefix": "",
            "retention_in_days": 7,
            "skip_destroy": false,
            "tags": {
              "Environment": "dev",
              "Name": "provider-comparison-step-functions-logs"
            },
            "tags_all": {
              "Environment": "dev",
              "Name": "provider-comparison-step-functions-logs"
            }
          },
          "sensitive_attributes": [],
          "private": "bnVsbA=="
        }
      ]
    },
    {
      "mode": "managed",
      "type": "aws_dynamodb_table",
      "name": "analytics",
      "provider": "provider[\"registry.terraform.io/hashicorp/aws\"]",
      "instances": [
        {
          "schema_version": 1,
          "attributes": {
            "arn": "arn:aws:dynamodb:eu-central-1:759971284074:table/provider-comparison-dev-analytics",
            "attribute": [
              {
                "name": "metric_type",
                "type": "S"
              },
              {
                "name": "time_period",
                "type": "S"
              }
            ],
            "billing_mode": "PAY_PER_REQUEST",
            "deletion_protection_enabled": false,
            "global_secondary_index": [],
            "hash_key": "metric_type",
            "id": "provider-comparison-dev-analytics",
            "import_table": [],
            "local_secondary_index": [],
            "name": "provider-comparison-dev-analytics",
            "on_demand_throughput": [],
            "point_in_time_recovery": [
              {
                "enabled": false
              }
            ],
            "range_key": "time_period",
            "read_capacity": 0,
            "replica": [],
            "restore_date_time": null,
            "restore_source_name": null,
            "restore_source_table_arn": null,
            "restore_to_latest_time": null,
            "server_side_encryption": [],
            "stream_arn": "",
            "stream_enabled": false,
            "stream_label": "",
            "stream_view_type": "",
            "table_class": "STANDARD",
            "tags": {
              "Environment": "dev",
              "Name": "provider-comparison-analytics-table"
            },
            "tags_all": {
              "Environment": "dev",
              "Name": "provider-comparison-analytics-table"
            },
            "timeouts": null,
            "ttl": [
              {
                "attribute_name": "",
                "enabled": false
              }
            ],
            "write_capacity": 0
          },
          "sensitive_attributes": [],
          "private": "eyJlMmJmYjczMC1lY2FhLTExZTYtOGY4OC0zNDM2M2JjN2M0YzAiOnsiY3JlYXRlIjoxODAwMDAwMDAwMDAwLCJkZWxldGUiOjYwMDAwMDAwMDAwMCwidXBkYXRlIjozNjAwMDAwMDAwMDAwfSwic2NoZW1hX3ZlcnNpb24iOiIxIn0="
        }
      ]
    },
    {
      "mode": "managed",
      "type": "aws_dynamodb_table",
      "name": "provider_results",
      "provider": "provider[\"registry.terraform.io/hashicorp/aws\"]",
      "instances": [
        {
          "schema_version": 1,
          "attributes": {
            "arn": "arn:aws:dynamodb:eu-central-1:759971284074:table/provider-comparison-dev-results",
            "attribute": [
              {
                "name": "provider_name",
                "type": "S"
              },
              {
                "name": "request_id",
                "type": "S"
              },
              {
                "name": "search_date",
                "type": "S"
              },
              {
                "name": "session_id",
                "type": "S"
              },
              {
                "name": "share_token",
                "type": "S"
              }
            ],
            "billing_mode": "PAY_PER_REQUEST",
            "deletion_protection_enabled": false,
            "global_secondary_index": [
              {
                "hash_key": "search_date",
                "name": "AnalyticsIndex",
                "non_key_attributes": [],
                "on_demand_throughput": [],
                "projection_type": "KEYS_ONLY",
                "range_key": "request_id",
                "read_capacity": 0,
                "write_capacity": 0
              },
              {
                "hash_key": "session_id",
                "name": "SessionIndex",
                "non_key_attributes": [],
                "on_demand_throughput": [],
                "projection_type": "ALL",
                "range_key": "request_id",
                "read_capacity": 0,
                "write_capacity": 0
              },
              {
                "hash_key": "share_token",
                "name": "ShareTokenIndex",
                "non_key_attributes": [],
                "on_demand_throughput": [],
                "projection_type": "ALL",
                "range_key": "",
                "read_capacity": 0,
                "write_capacity": 0
              }
            ],
            "hash_key": "request_id",
            "id": "provider-comparison-dev-results",
            "import_table": [],
            "local_secondary_index": [],
            "name": "provider-comparison-dev-results",
            "on_demand_throughput": [],
            "point_in_time_recovery": [
              {
                "enabled": false
              }
            ],
            "range_key": "provider_name",
            "read_capacity": 0,
            "replica": [],
            "restore_date_time": null,
            "restore_source_name": null,
            "restore_source_table_arn": null,
            "restore_to_latest_time": null,
            "server_side_encryption": [],
            "stream_arn": "",
            "stream_enabled": false,
            "stream_label": "",
            "stream_view_type": "",
            "table_class": "STANDARD",
            "tags": {
              "Environment": "dev",
              "Name": "provider-comparison-results-table"
            },
            "tags_all": {
              "Environment": "dev",
              "Name": "provider-comparison-results-table"
            },
            "timeouts": null,
            "ttl": [
              {
                "attribute_name": "expires_at",
                "enabled": true
              }
            ],
            "write_capacity": 0
          },
          "sensitive_attributes": [],
          "private": "eyJlMmJmYjczMC1lY2FhLTExZTYtOGY4OC0zNDM2M2JjN2M0YzAiOnsiY3JlYXRlIjoxODAwMDAwMDAwMDAwLCJkZWxldGUiOjYwMDAwMDAwMDAwMCwidXBkYXRlIjozNjAwMDAwMDAwMDAwfSwic2NoZW1hX3ZlcnNpb24iOiIxIn0="
        }
      ]
    },
    {
      "mode": "managed",
      "type": "aws_iam_policy",
      "name": "address_normalizer_policy",
      "provider": "provider[\"registry.terraform.io/hashicorp/aws\"]",
      "instances": [
        {
          "schema_version": 0,
          "attributes": {
            "arn": "arn:aws:iam::759971284074:policy/provider-comparison-dev-address-normalizer-policy",
            "attachment_count": 1,
            "description": "Policy for Address Normalizer Lambda",
            "id": "arn:aws:iam::759971284074:policy/provider-comparison-dev-address-normalizer-policy",
            "name": "provider-comparison-dev-address-normalizer-policy",
            "name_prefix": "",
            "path": "/",
            "policy": "{\"Statement\":[{\"Action\":[\"logs:CreateLogGroup\",\"logs:CreateLogStream\",\"logs:PutLogEvents\"],\"Effect\":\"Allow\",\"Resource\":\"arn:aws:logs:*:*:*\"},{\"Action\":[\"xray:PutTraceSegments\",\"xray:PutTelemetryRecords\"],\"Effect\":\"Allow\",\"Resource\":\"*\"}],\"Version\":\"2012-10-17\"}",
            "policy_id": "ANPA3B4ORQRVDUKXRB74V",
            "tags": {},
            "tags_all": {}
          },
          "sensitive_attributes": [],
          "private": "bnVsbA=="
        }
      ]
    },
    {
      "mode": "managed",
      "type": "aws_iam_policy",
      "name": "dynamodb_access",
      "provider": "provider[\"registry.terraform.io/hashicorp/aws\"]",
      "instances": [
        {
          "schema_version": 0,
          "attributes": {
            "arn": "arn:aws:iam::759971284074:policy/provider-comparison-dev-dynamodb-access",
            "attachment_count": 1,
            "description": "Policy for Lambda functions to access DynamoDB",
            "id": "arn:aws:iam::759971284074:policy/provider-comparison-dev-dynamodb-access",
            "name": "provider-comparison-dev-dynamodb-access",
            "name_prefix": "",
            "path": "/",
            "policy": "{\"Statement\":[{\"Action\":[\"dynamodb:PutItem\",\"dynamodb:GetItem\",\"dynamodb:UpdateItem\",\"dynamodb:DeleteItem\",\"dynamodb:Query\",\"dynamodb:Scan\",\"dynamodb:BatchGetItem\",\"dynamodb:BatchWriteItem\"],\"Effect\":\"Allow\",\"Resource\":[\"arn:aws:dynamodb:eu-central-1:759971284074:table/provider-comparison-dev-results\",\"arn:aws:dynamodb:eu-central-1:759971284074:table/provider-comparison-dev-results/index/*\",\"arn:aws:dynamodb:eu-central-1:759971284074:table/provider-comparison-dev-analytics\",\"arn:aws:dynamodb:eu-central-1:759971284074:table/provider-comparison-dev-analytics/index/*\"]}],\"Version\":\"2012-10-17\"}",
            "policy_id": "ANPA3B4ORQRVBMOLOBR67",
            "tags": {},
            "tags_all": {}
          },
          "sensitive_attributes": [],
          "private": "bnVsbA==",
          "dependencies": [
            "aws_dynamodb_table.analytics",
            "aws_dynamodb_table.provider_results"
          ]
        }
      ]
    },
    {
      "mode": "managed",
      "type": "aws_iam_policy",
      "name": "lambda_policy",
      "provider": "provider[\"registry.terraform.io/hashicorp/aws\"]",
      "instances": [
        {
          "schema_version": 0,
          "attributes": {
            "arn": "arn:aws:iam::759971284074:policy/provider-comparison-dev-lambda-policy",
            "attachment_count": 1,
            "description": "Policy for Lambda functions",
            "id": "arn:aws:iam::759971284074:policy/provider-comparison-dev-lambda-policy",
            "name": "provider-comparison-dev-lambda-policy",
            "name_prefix": "",
            "path": "/",
            "policy": "{\"Statement\":[{\"Action\":[\"logs:CreateLogGroup\",\"logs:CreateLogStream\",\"logs:PutLogEvents\"],\"Effect\":\"Allow\",\"Resource\":\"arn:aws:logs:*:*:*\"},{\"Action\":[\"execute-api:ManageConnections\"],\"Effect\":\"Allow\",\"Resource\":\"arn:aws:execute-api:eu-central-1:759971284074:fvn7q7ahxj/*\"},{\"Action\":[\"sqs:SendMessage\",\"sqs:ReceiveMessage\",\"sqs:DeleteMessage\",\"sqs:GetQueueAttributes\"],\"Effect\":\"Allow\",\"Resource\":[\"arn:aws:sqs:eu-central-1:759971284074:provider-comparison-dev-request-queue\",\"arn:aws:sqs:eu-central-1:759971284074:provider-comparison-dev-request-dlq\"]},{\"Action\":[\"xray:PutTraceSegments\",\"xray:PutTelemetryRecords\"],\"Effect\":\"Allow\",\"Resource\":\"*\"}],\"Version\":\"2012-10-17\"}",
            "policy_id": "ANPA3B4ORQRVDP4RBWODA",
            "tags": {},
            "tags_all": {}
          },
          "sensitive_attributes": [],
          "private": "bnVsbA==",
          "dependencies": [
            "aws_apigatewayv2_api.websocket_api",
            "aws_sqs_queue.request_dlq",
            "aws_sqs_queue.request_queue"
          ]
        }
      ]
    },
    {
      "mode": "managed",
      "type": "aws_iam_policy",
      "name": "ping_perfect_signer_policy",
      "provider": "provider[\"registry.terraform.io/hashicorp/aws\"]",
      "instances": [
        {
          "schema_version": 0,
          "attributes": {
            "arn": "arn:aws:iam::759971284074:policy/provider-comparison-dev-ping-perfect-signer-policy",
            "attachment_count": 1,
            "description": "Policy for Ping Perfect Signer Lambda",
            "id": "arn:aws:iam::759971284074:policy/provider-comparison-dev-ping-perfect-signer-policy",
            "name": "provider-comparison-dev-ping-perfect-signer-policy",
            "name_prefix": "",
            "path": "/",
            "policy": "{\"Statement\":[{\"Action\":[\"logs:CreateLogGroup\",\"logs:CreateLogStream\",\"logs:PutLogEvents\"],\"Effect\":\"Allow\",\"Resource\":\"arn:aws:logs:*:*:*\"},{\"Action\":[\"xray:PutTraceSegments\",\"xray:PutTelemetryRecords\"],\"Effect\":\"Allow\",\"Resource\":\"*\"}],\"Version\":\"2012-10-17\"}",
            "policy_id": "ANPA3B4ORQRVD6NUASXNU",
            "tags": {},
            "tags_all": {}
          },
          "sensitive_attributes": [],
          "private": "bnVsbA=="
        }
      ]
    },
    {
      "mode": "managed",
      "type": "aws_iam_policy",
      "name": "requestor_handler_policy",
      "provider": "provider[\"registry.terraform.io/hashicorp/aws\"]",
      "instances": [
        {
          "schema_version": 0,
          "attributes": {
            "arn": "arn:aws:iam::759971284074:policy/provider-comparison-dev-requestor-handler-policy",
            "attachment_count": 1,
            "description": "Policy for Requestor Handler Lambda",
            "id": "arn:aws:iam::759971284074:policy/provider-comparison-dev-requestor-handler-policy",
            "name": "provider-comparison-dev-requestor-handler-policy",
            "name_prefix": "",
            "path": "/",
            "policy": "{\"Statement\":[{\"Action\":[\"logs:CreateLogGroup\",\"logs:CreateLogStream\",\"logs:PutLogEvents\"],\"Effect\":\"Allow\",\"Resource\":\"arn:aws:logs:*:*:*\"},{\"Action\":[\"sqs:ReceiveMessage\",\"sqs:DeleteMessage\",\"sqs:GetQueueAttributes\"],\"Effect\":\"Allow\",\"Resource\":\"arn:aws:sqs:eu-central-1:759971284074:provider-comparison-dev-request-queue\"},{\"Action\":[\"states:StartExecution\"],\"Effect\":\"Allow\",\"Resource\":\"arn:aws:states:eu-central-1:759971284074:stateMachine:provider-comparison-dev-provider-workflow\"},{\"Action\":[\"xray:PutTraceSegments\",\"xray:PutTelemetryRecords\"],\"Effect\":\"Allow\",\"Resource\":\"*\"}],\"Version\":\"2012-10-17\"}",
            "policy_id": "ANPA3B4ORQRVAJBEHQ2PO",
            "tags": {},
            "tags_all": {}
          },
          "sensitive_attributes": [],
          "private": "bnVsbA==",
          "dependencies": [
            "aws_cloudwatch_event_connection.byteme_connection",
            "aws_cloudwatch_event_connection.ping_perfect_connection",
            "aws_cloudwatch_event_connection.servus_speed_connection",
            "aws_cloudwatch_event_connection.verbyndich_connection",
            "aws_cloudwatch_event_connection.webwunder_connection",
            "aws_cloudwatch_log_group.step_functions_logs",
            "aws_iam_role.address_normalizer_role",
            "aws_iam_role.ping_perfect_signer_role",
            "aws_iam_role.step_functions_role",
            "aws_lambda_function.address_normalizer",
            "aws_lambda_function.ping_perfect_signer",
            "aws_sfn_state_machine.provider_workflow",
            "aws_sqs_queue.request_queue",
            "aws_sqs_queue.results_queue"
          ]
        }
      ]
    },
    {
      "mode": "managed",
      "type": "aws_iam_policy",
      "name": "results_handler_policy",
      "provider": "provider[\"registry.terraform.io/hashicorp/aws\"]",
      "instances": [
        {
          "schema_version": 0,
          "attributes": {
            "arn": "arn:aws:iam::759971284074:policy/provider-comparison-dev-results-handler-policy",
            "attachment_count": 1,
            "description": "Policy for Results Handler Lambda",
            "id": "arn:aws:iam::759971284074:policy/provider-comparison-dev-results-handler-policy",
            "name": "provider-comparison-dev-results-handler-policy",
            "name_prefix": "",
            "path": "/",
            "policy": "{\"Statement\":[{\"Action\":[\"logs:CreateLogGroup\",\"logs:CreateLogStream\",\"logs:PutLogEvents\"],\"Effect\":\"Allow\",\"Resource\":\"arn:aws:logs:*:*:*\"},{\"Action\":[\"sqs:ReceiveMessage\",\"sqs:DeleteMessage\",\"sqs:GetQueueAttributes\"],\"Effect\":\"Allow\",\"Resource\":\"arn:aws:sqs:eu-central-1:759971284074:provider-comparison-dev-results-queue\"},{\"Action\":[\"execute-api:ManageConnections\"],\"Effect\":\"Allow\",\"Resource\":\"arn:aws:execute-api:eu-central-1:759971284074:fvn7q7ahxj/*\"},{\"Action\":[\"xray:PutTraceSegments\",\"xray:PutTelemetryRecords\"],\"Effect\":\"Allow\",\"Resource\":\"*\"}],\"Version\":\"2012-10-17\"}",
            "policy_id": "ANPA3B4ORQRVFCBXQJ6DH",
            "tags": {},
            "tags_all": {}
          },
          "sensitive_attributes": [],
          "private": "bnVsbA==",
          "dependencies": [
            "aws_apigatewayv2_api.websocket_api",
            "aws_sqs_queue.results_queue"
          ]
        }
      ]
    },
    {
      "mode": "managed",
      "type": "aws_iam_policy",
      "name": "secrets_access",
      "provider": "provider[\"registry.terraform.io/hashicorp/aws\"]",
      "instances": [
        {
          "schema_version": 0,
          "attributes": {
            "arn": "arn:aws:iam::759971284074:policy/provider-comparison-dev-secrets-access",
            "attachment_count": 1,
            "description": "Allow access to provider secrets",
            "id": "arn:aws:iam::759971284074:policy/provider-comparison-dev-secrets-access",
            "name": "provider-comparison-dev-secrets-access",
            "name_prefix": "",
            "path": "/",
            "policy": "{\"Statement\":[{\"Action\":[\"secretsmanager:GetSecretValue\"],\"Effect\":\"Allow\",\"Resource\":\"arn:aws:secretsmanager:eu-central-1:759971284074:secret:provider-comparison-dev-provider-keys-v2-F5b3uI\"}],\"Version\":\"2012-10-17\"}",
            "policy_id": "ANPA3B4ORQRVCTUZKWKXR",
            "tags": {},
            "tags_all": {}
          },
          "sensitive_attributes": [],
          "private": "bnVsbA==",
          "dependencies": [
            "aws_secretsmanager_secret.provider_keys"
          ]
        }
      ]
    },
    {
      "mode": "managed",
      "type": "aws_iam_policy",
      "name": "share_api_policy",
      "provider": "provider[\"registry.terraform.io/hashicorp/aws\"]",
      "instances": [
        {
          "schema_version": 0,
          "attributes": {
            "arn": "arn:aws:iam::759971284074:policy/provider-comparison-dev-share-api-policy",
            "attachment_count": 1,
            "description": "Policy for Share API Lambda",
            "id": "arn:aws:iam::759971284074:policy/provider-comparison-dev-share-api-policy",
            "name": "provider-comparison-dev-share-api-policy",
            "name_prefix": "",
            "path": "/",
            "policy": "{\"Statement\":[{\"Action\":[\"logs:CreateLogGroup\",\"logs:CreateLogStream\",\"logs:PutLogEvents\"],\"Effect\":\"Allow\",\"Resource\":\"arn:aws:logs:*:*:*\"},{\"Action\":[\"dynamodb:Query\",\"dynamodb:GetItem\"],\"Effect\":\"Allow\",\"Resource\":[\"arn:aws:dynamodb:eu-central-1:759971284074:table/provider-comparison-dev-results\",\"arn:aws:dynamodb:eu-central-1:759971284074:table/provider-comparison-dev-results/index/*\"]},{\"Action\":[\"xray:PutTraceSegments\",\"xray:PutTelemetryRecords\"],\"Effect\":\"Allow\",\"Resource\":\"*\"}],\"Version\":\"2012-10-17\"}",
            "policy_id": "ANPA3B4ORQRVJY7ANFBQH",
            "tags": {},
            "tags_all": {}
          },
          "sensitive_attributes": [],
          "private": "bnVsbA==",
          "dependencies": [
            "aws_dynamodb_table.provider_results"
          ]
        }
      ]
    },
    {
      "mode": "managed",
      "type": "aws_iam_policy",
      "name": "step_functions_policy",
      "provider": "provider[\"registry.terraform.io/hashicorp/aws\"]",
      "instances": [
        {
          "schema_version": 0,
          "attributes": {
            "arn": "arn:aws:iam::759971284074:policy/provider-comparison-dev-step-functions-policy",
            "attachment_count": 1,
            "description": "Policy for Step Functions state machine",
            "id": "arn:aws:iam::759971284074:policy/provider-comparison-dev-step-functions-policy",
            "name": "provider-comparison-dev-step-functions-policy",
            "name_prefix": "",
            "path": "/",
            "policy": "{\"Statement\":[{\"Action\":[\"logs:CreateLogGroup\",\"logs:CreateLogStream\",\"logs:PutLogEvents\"],\"Effect\":\"Allow\",\"Resource\":\"arn:aws:logs:*:*:*\"},{\"Action\":[\"sqs:SendMessage\"],\"Effect\":\"Allow\",\"Resource\":[\"arn:aws:sqs:eu-central-1:759971284074:provider-comparison-dev-results-queue\"]},{\"Action\":[\"states:InvokeHTTPEndpoint\"],\"Effect\":\"Allow\",\"Resource\":\"*\"},{\"Action\":[\"events:RetrieveConnectionCredentials\"],\"Effect\":\"Allow\",\"Resource\":[\"arn:aws:events:eu-central-1:759971284074:connection/provider-comparison-dev-byteme-connection/b6ce4e68-a8af-4615-91dd-9745a352f9e7\",\"arn:aws:events:eu-central-1:759971284074:connection/provider-comparison-dev-verbyndich-connection/c5839c6c-0804-462b-a549-bad37a710d34\",\"arn:aws:events:eu-central-1:759971284074:connection/provider-comparison-dev-servus-speed-connection/9eeb8ae7-9ec7-43ef-a19d-61e57f508a64\",\"arn:aws:events:eu-central-1:759971284074:connection/provider-comparison-dev-webwunder-connection/7dcea5fc-8f9d-45c1-b2aa-bea872c9e4bb\",\"arn:aws:events:eu-central-1:759971284074:connection/provider-comparison-dev-ping_perfect-connection/c7143109-927e-4aa6-b58a-c14fab6259b1\"]},{\"Action\":[\"secretsmanager:GetSecretValue\",\"secretsmanager:DescribeSecret\"],\"Effect\":\"Allow\",\"Resource\":\"arn:aws:secretsmanager:eu-central-1:*:secret:events!connection/*\"},{\"Action\":[\"xray:PutTraceSegments\",\"xray:PutTelemetryRecords\"],\"Effect\":\"Allow\",\"Resource\":\"*\"},{\"Action\":[\"logs:CreateLogDelivery\",\"logs:GetLogDelivery\",\"logs:UpdateLogDelivery\",\"logs:DeleteLogDelivery\",\"logs:ListLogDeliveries\",\"logs:PutResourcePolicy\",\"logs:DescribeResourcePolicies\",\"logs:DescribeLogGroups\"],\"Effect\":\"Allow\",\"Resource\":\"*\"},{\"Action\":[\"logs:CreateLogStream\",\"logs:PutLogEvents\",\"logs:DescribeLogStreams\"],\"Effect\":\"Allow\",\"Resource\":\"arn:aws:logs:eu-central-1:759971284074:log-group:/aws/stepfunctions/provider-comparison-dev-provider-workflow:*\"},{\"Action\":[\"lambda:InvokeFunction\"],\"Effect\":\"Allow\",\"Resource\":\"arn:aws:lambda:eu-central-1:759971284074:function:provider-comparison-dev-address-normalizer\"},{\"Action\":[\"lambda:InvokeFunction\"],\"Effect\":\"Allow\",\"Resource\":\"arn:aws:lambda:eu-central-1:759971284074:function:provider-comparison-dev-ping-perfect-signer\"}],\"Version\":\"2012-10-17\"}",
            "policy_id": "ANPA3B4ORQRVERJPCLQKK",
            "tags": {},
            "tags_all": {}
          },
          "sensitive_attributes": [],
          "private": "bnVsbA==",
          "dependencies": [
            "aws_cloudwatch_event_connection.byteme_connection",
            "aws_cloudwatch_event_connection.ping_perfect_connection",
            "aws_cloudwatch_event_connection.servus_speed_connection",
            "aws_cloudwatch_event_connection.verbyndich_connection",
            "aws_cloudwatch_event_connection.webwunder_connection",
            "aws_cloudwatch_log_group.step_functions_logs",
            "aws_iam_role.address_normalizer_role",
            "aws_iam_role.ping_perfect_signer_role",
            "aws_lambda_function.address_normalizer",
            "aws_lambda_function.ping_perfect_signer",
            "aws_sqs_queue.results_queue"
          ]
        }
      ]
    },
    {
      "mode": "managed",
      "type": "aws_iam_role",
      "name": "address_normalizer_role",
      "provider": "provider[\"registry.terraform.io/hashicorp/aws\"]",
      "instances": [
        {
          "schema_version": 0,
          "attributes": {
            "arn": "arn:aws:iam::759971284074:role/provider-comparison-dev-address-normalizer-role",
            "assume_role_policy": "{\"Statement\":[{\"Action\":\"sts:AssumeRole\",\"Effect\":\"Allow\",\"Principal\":{\"Service\":\"lambda.amazonaws.com\"}}],\"Version\":\"2012-10-17\"}",
            "create_date": "2025-07-10T08:47:01Z",
            "description": "",
            "force_detach_policies": false,
            "id": "provider-comparison-dev-address-normalizer-role",
            "inline_policy": [],
            "managed_policy_arns": [
              "arn:aws:iam::759971284074:policy/provider-comparison-dev-address-normalizer-policy"
            ],
            "max_session_duration": 3600,
            "name": "provider-comparison-dev-address-normalizer-role",
            "name_prefix": "",
            "path": "/",
            "permissions_boundary": "",
            "tags": {
              "Environment": "dev",
              "Name": "provider-comparison-address-normalizer-role"
            },
            "tags_all": {
              "Environment": "dev",
              "Name": "provider-comparison-address-normalizer-role"
            },
            "unique_id": "AROA3B4ORQRVBSZIJY3F7"
          },
          "sensitive_attributes": [],
          "private": "bnVsbA=="
        }
      ]
    },
    {
      "mode": "managed",
      "type": "aws_iam_role",
      "name": "lambda_role",
      "provider": "provider[\"registry.terraform.io/hashicorp/aws\"]",
      "instances": [
        {
          "schema_version": 0,
          "attributes": {
            "arn": "arn:aws:iam::759971284074:role/provider-comparison-dev-lambda-role",
            "assume_role_policy": "{\"Statement\":[{\"Action\":\"sts:AssumeRole\",\"Effect\":\"Allow\",\"Principal\":{\"Service\":\"lambda.amazonaws.com\"}}],\"Version\":\"2012-10-17\"}",
            "create_date": "2025-05-28T11:38:24Z",
            "description": "",
            "force_detach_policies": false,
            "id": "provider-comparison-dev-lambda-role",
            "inline_policy": [],
            "managed_policy_arns": [
              "arn:aws:iam::759971284074:policy/provider-comparison-dev-lambda-policy"
            ],
            "max_session_duration": 3600,
            "name": "provider-comparison-dev-lambda-role",
            "name_prefix": "",
            "path": "/",
            "permissions_boundary": "",
            "tags": {
              "Environment": "dev",
              "Name": "provider-comparison-lambda-role"
            },
            "tags_all": {
              "Environment": "dev",
              "Name": "provider-comparison-lambda-role"
            },
            "unique_id": "AROA3B4ORQRVCJZAKAF3F"
          },
          "sensitive_attributes": [],
          "private": "bnVsbA=="
        }
      ]
    },
    {
      "mode": "managed",
      "type": "aws_iam_role",
      "name": "ping_perfect_signer_role",
      "provider": "provider[\"registry.terraform.io/hashicorp/aws\"]",
      "instances": [
        {
          "schema_version": 0,
          "attributes": {
            "arn": "arn:aws:iam::759971284074:role/provider-comparison-dev-ping-perfect-signer-role",
            "assume_role_policy": "{\"Statement\":[{\"Action\":\"sts:AssumeRole\",\"Effect\":\"Allow\",\"Principal\":{\"Service\":\"lambda.amazonaws.com\"}}],\"Version\":\"2012-10-17\"}",
            "create_date": "2025-07-10T10:22:06Z",
            "description": "",
            "force_detach_policies": false,
            "id": "provider-comparison-dev-ping-perfect-signer-role",
            "inline_policy": [],
            "managed_policy_arns": [
              "arn:aws:iam::759971284074:policy/provider-comparison-dev-ping-perfect-signer-policy"
            ],
            "max_session_duration": 3600,
            "name": "provider-comparison-dev-ping-perfect-signer-role",
            "name_prefix": "",
            "path": "/",
            "permissions_boundary": "",
            "tags": {
              "Environment": "dev",
              "Name": "provider-comparison-ping-perfect-signer-role"
            },
            "tags_all": {
              "Environment": "dev",
              "Name": "provider-comparison-ping-perfect-signer-role"
            },
            "unique_id": "AROA3B4ORQRVOO2CSLW7E"
          },
          "sensitive_attributes": [],
          "private": "bnVsbA=="
        }
      ]
    },
    {
      "mode": "managed",
      "type": "aws_iam_role",
      "name": "requestor_handler_role",
      "provider": "provider[\"registry.terraform.io/hashicorp/aws\"]",
      "instances": [
        {
          "schema_version": 0,
          "attributes": {
            "arn": "arn:aws:iam::759971284074:role/provider-comparison-dev-requestor-handler-role",
            "assume_role_policy": "{\"Statement\":[{\"Action\":\"sts:AssumeRole\",\"Effect\":\"Allow\",\"Principal\":{\"Service\":\"lambda.amazonaws.com\"}}],\"Version\":\"2012-10-17\"}",
            "create_date": "2025-05-28T11:38:23Z",
            "description": "",
            "force_detach_policies": false,
            "id": "provider-comparison-dev-requestor-handler-role",
            "inline_policy": [],
            "managed_policy_arns": [
              "arn:aws:iam::759971284074:policy/provider-comparison-dev-requestor-handler-policy"
            ],
            "max_session_duration": 3600,
            "name": "provider-comparison-dev-requestor-handler-role",
            "name_prefix": "",
            "path": "/",
            "permissions_boundary": "",
            "tags": {
              "Environment": "dev",
              "Name": "provider-comparison-requestor-handler-role"
            },
            "tags_all": {
              "Environment": "dev",
              "Name": "provider-comparison-requestor-handler-role"
            },
            "unique_id": "AROA3B4ORQRVKOXJSDYNG"
          },
          "sensitive_attributes": [],
          "private": "bnVsbA=="
        }
      ]
    },
    {
      "mode": "managed",
      "type": "aws_iam_role",
      "name": "results_handler_role",
      "provider": "provider[\"registry.terraform.io/hashicorp/aws\"]",
      "instances": [
        {
          "schema_version": 0,
          "attributes": {
            "arn": "arn:aws:iam::759971284074:role/provider-comparison-dev-results-handler-role",
            "assume_role_policy": "{\"Statement\":[{\"Action\":\"sts:AssumeRole\",\"Effect\":\"Allow\",\"Principal\":{\"Service\":\"lambda.amazonaws.com\"}}],\"Version\":\"2012-10-17\"}",
            "create_date": "2025-05-28T11:38:23Z",
            "description": "",
            "force_detach_policies": false,
            "id": "provider-comparison-dev-results-handler-role",
            "inline_policy": [],
            "managed_policy_arns": [
              "arn:aws:iam::759971284074:policy/provider-comparison-dev-dynamodb-access",
              "arn:aws:iam::759971284074:policy/provider-comparison-dev-results-handler-policy"
            ],
            "max_session_duration": 3600,
            "name": "provider-comparison-dev-results-handler-role",
            "name_prefix": "",
            "path": "/",
            "permissions_boundary": "",
            "tags": {
              "Environment": "dev",
              "Name": "provider-comparison-results-handler-role"
            },
            "tags_all": {
              "Environment": "dev",
              "Name": "provider-comparison-results-handler-role"
            },
            "unique_id": "AROA3B4ORQRVGOLTCUGOF"
          },
          "sensitive_attributes": [],
          "private": "bnVsbA=="
        }
      ]
    },
    {
      "mode": "managed",
      "type": "aws_iam_role",
      "name": "share_api_role",
      "provider": "provider[\"registry.terraform.io/hashicorp/aws\"]",
      "instances": [
        {
          "schema_version": 0,
          "attributes": {
            "arn": "arn:aws:iam::759971284074:role/provider-comparison-dev-share-api-role",
            "assume_role_policy": "{\"Statement\":[{\"Action\":\"sts:AssumeRole\",\"Effect\":\"Allow\",\"Principal\":{\"Service\":\"lambda.amazonaws.com\"}}],\"Version\":\"2012-10-17\"}",
            "create_date": "2025-05-31T12:50:26Z",
            "description": "",
            "force_detach_policies": false,
            "id": "provider-comparison-dev-share-api-role",
            "inline_policy": [],
            "managed_policy_arns": [
              "arn:aws:iam::759971284074:policy/provider-comparison-dev-share-api-policy"
            ],
            "max_session_duration": 3600,
            "name": "provider-comparison-dev-share-api-role",
            "name_prefix": "",
            "path": "/",
            "permissions_boundary": "",
            "tags": {
              "Environment": "dev",
              "Name": "provider-comparison-share-api-role"
            },
            "tags_all": {
              "Environment": "dev",
              "Name": "provider-comparison-share-api-role"
            },
            "unique_id": "AROA3B4ORQRVA3EY5WTDS"
          },
          "sensitive_attributes": [],
          "private": "bnVsbA=="
        }
      ]
    },
    {
      "mode": "managed",
      "type": "aws_iam_role",
      "name": "step_functions_role",
      "provider": "provider[\"registry.terraform.io/hashicorp/aws\"]",
      "instances": [
        {
          "schema_version": 0,
          "attributes": {
            "arn": "arn:aws:iam::759971284074:role/provider-comparison-dev-step-functions-role",
            "assume_role_policy": "{\"Statement\":[{\"Action\":\"sts:AssumeRole\",\"Effect\":\"Allow\",\"Principal\":{\"Service\":\"states.amazonaws.com\"}}],\"Version\":\"2012-10-17\"}",
            "create_date": "2025-05-28T11:38:23Z",
            "description": "",
            "force_detach_policies": false,
            "id": "provider-comparison-dev-step-functions-role",
            "inline_policy": [],
            "managed_policy_arns": [
              "arn:aws:iam::759971284074:policy/provider-comparison-dev-secrets-access",
              "arn:aws:iam::759971284074:policy/provider-comparison-dev-step-functions-policy"
            ],
            "max_session_duration": 3600,
            "name": "provider-comparison-dev-step-functions-role",
            "name_prefix": "",
            "path": "/",
            "permissions_boundary": "",
            "tags": {
              "Environment": "dev",
              "Name": "provider-comparison-step-functions-role"
            },
            "tags_all": {
              "Environment": "dev",
              "Name": "provider-comparison-step-functions-role"
            },
            "unique_id": "AROA3B4ORQRVOGMMHKKU7"
          },
          "sensitive_attributes": [],
          "private": "bnVsbA=="
        }
      ]
    },
    {
      "mode": "managed",
      "type": "aws_iam_role_policy_attachment",
      "name": "address_normalizer_policy_attachment",
      "provider": "provider[\"registry.terraform.io/hashicorp/aws\"]",
      "instances": [
        {
          "schema_version": 0,
          "attributes": {
            "id": "provider-comparison-dev-address-normalizer-role-20250710084702351100000001",
            "policy_arn": "arn:aws:iam::759971284074:policy/provider-comparison-dev-address-normalizer-policy",
            "role": "provider-comparison-dev-address-normalizer-role"
          },
          "sensitive_attributes": [],
          "private": "bnVsbA==",
          "dependencies": [
            "aws_iam_policy.address_normalizer_policy",
            "aws_iam_role.address_normalizer_role"
          ]
        }
      ]
    },
    {
      "mode": "managed",
      "type": "aws_iam_role_policy_attachment",
      "name": "lambda_policy_attachment",
      "provider": "provider[\"registry.terraform.io/hashicorp/aws\"]",
      "instances": [
        {
          "schema_version": 0,
          "attributes": {
            "id": "provider-comparison-dev-lambda-role-20250528113851369200000004",
            "policy_arn": "arn:aws:iam::759971284074:policy/provider-comparison-dev-lambda-policy",
            "role": "provider-comparison-dev-lambda-role"
          },
          "sensitive_attributes": [],
          "private": "bnVsbA==",
          "dependencies": [
            "aws_apigatewayv2_api.websocket_api",
            "aws_iam_policy.lambda_policy",
            "aws_iam_role.lambda_role",
            "aws_sqs_queue.request_dlq",
            "aws_sqs_queue.request_queue"
          ]
        }
      ]
    },
    {
      "mode": "managed",
      "type": "aws_iam_role_policy_attachment",
      "name": "ping_perfect_signer_policy_attachment",
      "provider": "provider[\"registry.terraform.io/hashicorp/aws\"]",
      "instances": [
        {
          "schema_version": 0,
          "attributes": {
            "id": "provider-comparison-dev-ping-perfect-signer-role-20250710102207286100000001",
            "policy_arn": "arn:aws:iam::759971284074:policy/provider-comparison-dev-ping-perfect-signer-policy",
            "role": "provider-comparison-dev-ping-perfect-signer-role"
          },
          "sensitive_attributes": [],
          "private": "bnVsbA==",
          "dependencies": [
            "aws_iam_policy.ping_perfect_signer_policy",
            "aws_iam_role.ping_perfect_signer_role"
          ]
        }
      ]
    },
    {
      "mode": "managed",
      "type": "aws_iam_role_policy_attachment",
      "name": "requestor_handler_policy_attachment",
      "provider": "provider[\"registry.terraform.io/hashicorp/aws\"]",
      "instances": [
        {
          "schema_version": 0,
          "attributes": {
            "id": "provider-comparison-dev-requestor-handler-role-20250528113852036000000005",
            "policy_arn": "arn:aws:iam::759971284074:policy/provider-comparison-dev-requestor-handler-policy",
            "role": "provider-comparison-dev-requestor-handler-role"
          },
          "sensitive_attributes": [],
          "private": "bnVsbA==",
          "dependencies": [
            "aws_cloudwatch_event_connection.byteme_connection",
            "aws_cloudwatch_event_connection.ping_perfect_connection",
            "aws_cloudwatch_event_connection.servus_speed_connection",
            "aws_cloudwatch_event_connection.verbyndich_connection",
            "aws_cloudwatch_event_connection.webwunder_connection",
            "aws_cloudwatch_log_group.step_functions_logs",
            "aws_iam_policy.requestor_handler_policy",
            "aws_iam_role.address_normalizer_role",
            "aws_iam_role.ping_perfect_signer_role",
            "aws_iam_role.requestor_handler_role",
            "aws_iam_role.step_functions_role",
            "aws_lambda_function.address_normalizer",
            "aws_lambda_function.ping_perfect_signer",
            "aws_sfn_state_machine.provider_workflow",
            "aws_sqs_queue.request_queue",
            "aws_sqs_queue.results_queue"
          ]
        }
      ]
    },
    {
      "mode": "managed",
      "type": "aws_iam_role_policy_attachment",
      "name": "results_handler_dynamodb",
      "provider": "provider[\"registry.terraform.io/hashicorp/aws\"]",
      "instances": [
        {
          "schema_version": 0,
          "attributes": {
            "id": "provider-comparison-dev-results-handler-role-20250531114302576300000001",
            "policy_arn": "arn:aws:iam::759971284074:policy/provider-comparison-dev-dynamodb-access",
            "role": "provider-comparison-dev-results-handler-role"
          },
          "sensitive_attributes": [],
          "private": "bnVsbA==",
          "dependencies": [
            "aws_dynamodb_table.analytics",
            "aws_dynamodb_table.provider_results",
            "aws_iam_policy.dynamodb_access",
            "aws_iam_role.results_handler_role"
          ]
        }
      ]
    },
    {
      "mode": "managed",
      "type": "aws_iam_role_policy_attachment",
      "name": "results_handler_policy_attachment",
      "provider": "provider[\"registry.terraform.io/hashicorp/aws\"]",
      "instances": [
        {
          "schema_version": 0,
          "attributes": {
            "id": "provider-comparison-dev-results-handler-role-20250528113851368700000002",
            "policy_arn": "arn:aws:iam::759971284074:policy/provider-comparison-dev-results-handler-policy",
            "role": "provider-comparison-dev-results-handler-role"
          },
          "sensitive_attributes": [],
          "private": "bnVsbA==",
          "dependencies": [
            "aws_apigatewayv2_api.websocket_api",
            "aws_iam_policy.results_handler_policy",
            "aws_iam_role.results_handler_role",
            "aws_sqs_queue.results_queue"
          ]
        }
      ]
    },
    {
      "mode": "managed",
      "type": "aws_iam_role_policy_attachment",
      "name": "share_api_policy_attachment",
      "provider": "provider[\"registry.terraform.io/hashicorp/aws\"]",
      "instances": [
        {
          "schema_version": 0,
          "attributes": {
            "id": "provider-comparison-dev-share-api-role-20250531125026851300000001",
            "policy_arn": "arn:aws:iam::759971284074:policy/provider-comparison-dev-share-api-policy",
            "role": "provider-comparison-dev-share-api-role"
          },
          "sensitive_attributes": [],
          "private": "bnVsbA==",
          "dependencies": [
            "aws_dynamodb_table.provider_results",
            "aws_iam_policy.share_api_policy",
            "aws_iam_role.share_api_role"
          ]
        }
      ]
    },
    {
      "mode": "managed",
      "type": "aws_iam_role_policy_attachment",
      "name": "step_functions_policy_attachment",
      "provider": "provider[\"registry.terraform.io/hashicorp/aws\"]",
      "instances": [
        {
          "schema_version": 0,
          "attributes": {
            "id": "provider-comparison-dev-step-functions-role-20250528113851369100000003",
            "policy_arn": "arn:aws:iam::759971284074:policy/provider-comparison-dev-step-functions-policy",
            "role": "provider-comparison-dev-step-functions-role"
          },
          "sensitive_attributes": [],
          "private": "bnVsbA==",
          "dependencies": [
            "aws_cloudwatch_event_connection.byteme_connection",
            "aws_cloudwatch_event_connection.ping_perfect_connection",
            "aws_cloudwatch_event_connection.servus_speed_connection",
            "aws_cloudwatch_event_connection.verbyndich_connection",
            "aws_cloudwatch_event_connection.webwunder_connection",
            "aws_cloudwatch_log_group.step_functions_logs",
            "aws_iam_policy.step_functions_policy",
            "aws_iam_role.address_normalizer_role",
            "aws_iam_role.ping_perfect_signer_role",
            "aws_iam_role.step_functions_role",
            "aws_lambda_function.address_normalizer",
            "aws_lambda_function.ping_perfect_signer",
            "aws_sqs_queue.results_queue"
          ]
        }
      ]
    },
    {
      "mode": "managed",
      "type": "aws_iam_role_policy_attachment",
      "name": "step_functions_secrets",
      "provider": "provider[\"registry.terraform.io/hashicorp/aws\"]",
      "instances": [
        {
          "schema_version": 0,
          "attributes": {
            "id": "provider-comparison-dev-step-functions-role-20250528114332566900000003",
            "policy_arn": "arn:aws:iam::759971284074:policy/provider-comparison-dev-secrets-access",
            "role": "provider-comparison-dev-step-functions-role"
          },
          "sensitive_attributes": [],
          "private": "bnVsbA==",
          "dependencies": [
            "aws_iam_policy.secrets_access",
            "aws_iam_role.step_functions_role",
            "aws_secretsmanager_secret.provider_keys"
          ]
        }
      ]
    },
    {
      "mode": "managed",
      "type": "aws_lambda_event_source_mapping",
      "name": "results_sqs_trigger",
      "provider": "provider[\"registry.terraform.io/hashicorp/aws\"]",
      "instances": [
        {
          "schema_version": 0,
          "attributes": {
            "amazon_managed_kafka_event_source_config": [],
            "arn": "arn:aws:lambda:eu-central-1:759971284074:event-source-mapping:5f23a0f1-05f1-4294-bb08-691352707f72",
            "batch_size": 1,
            "bisect_batch_on_function_error": false,
            "destination_config": [],
            "document_db_event_source_config": [],
            "enabled": true,
            "event_source_arn": "arn:aws:sqs:eu-central-1:759971284074:provider-comparison-dev-results-queue",
            "filter_criteria": [],
            "function_arn": "arn:aws:lambda:eu-central-1:759971284074:function:provider-comparison-dev-results-handler",
            "function_name": "arn:aws:lambda:eu-central-1:759971284074:function:provider-comparison-dev-results-handler",
            "function_response_types": [],
            "id": "5f23a0f1-05f1-4294-bb08-691352707f72",
            "kms_key_arn": "",
            "last_modified": "2025-05-28T11:38:58Z",
            "last_processing_result": "",
            "maximum_batching_window_in_seconds": 0,
            "maximum_record_age_in_seconds": 0,
            "maximum_retry_attempts": 0,
            "metrics_config": [],
            "parallelization_factor": 0,
            "provisioned_poller_config": [],
            "queues": [],
            "scaling_config": [],
            "self_managed_event_source": [],
            "self_managed_kafka_event_source_config": [],
            "source_access_configuration": [],
            "starting_position": "",
            "starting_position_timestamp": "",
            "state": "Enabled",
            "state_transition_reason": "USER_INITIATED",
            "tags": {},
            "tags_all": {},
            "topics": [],
            "tumbling_window_in_seconds": 0,
            "uuid": "5f23a0f1-05f1-4294-bb08-691352707f72"
          },
          "sensitive_attributes": [],
          "private": "bnVsbA==",
          "dependencies": [
            "aws_apigatewayv2_api.websocket_api",
            "aws_dynamodb_table.analytics",
            "aws_dynamodb_table.provider_results",
            "aws_iam_role.results_handler_role",
            "aws_lambda_function.results_handler",
            "aws_lambda_layer_version.json_layer_arm64",
            "aws_lambda_layer_version.polars_layer_arm64",
            "aws_sqs_queue.results_queue"
          ]
        }
      ]
    },
    {
      "mode": "managed",
      "type": "aws_lambda_event_source_mapping",
      "name": "sqs_requestor_mapping",
      "provider": "provider[\"registry.terraform.io/hashicorp/aws\"]",
      "instances": [
        {
          "schema_version": 0,
          "attributes": {
            "amazon_managed_kafka_event_source_config": [],
            "arn": "arn:aws:lambda:eu-central-1:759971284074:event-source-mapping:9f2a31c4-1bd9-4dbe-bf0a-9a73316911cd",
            "batch_size": 1,
            "bisect_batch_on_function_error": false,
            "destination_config": [],
            "document_db_event_source_config": [],
            "enabled": true,
            "event_source_arn": "arn:aws:sqs:eu-central-1:759971284074:provider-comparison-dev-request-queue",
            "filter_criteria": [],
            "function_arn": "arn:aws:lambda:eu-central-1:759971284074:function:provider-comparison-dev-requestor-handler",
            "function_name": "arn:aws:lambda:eu-central-1:759971284074:function:provider-comparison-dev-requestor-handler",
            "function_response_types": [],
            "id": "9f2a31c4-1bd9-4dbe-bf0a-9a73316911cd",
            "kms_key_arn": "",
            "last_modified": "2025-05-28T11:39:02Z",
            "last_processing_result": "",
            "maximum_batching_window_in_seconds": 0,
            "maximum_record_age_in_seconds": 0,
            "maximum_retry_attempts": 0,
            "metrics_config": [],
            "parallelization_factor": 0,
            "provisioned_poller_config": [],
            "queues": [],
            "scaling_config": [],
            "self_managed_event_source": [],
            "self_managed_kafka_event_source_config": [],
            "source_access_configuration": [],
            "starting_position": "",
            "starting_position_timestamp": "",
            "state": "Enabled",
            "state_transition_reason": "USER_INITIATED",
            "tags": {},
            "tags_all": {},
            "topics": [],
            "tumbling_window_in_seconds": 0,
            "uuid": "9f2a31c4-1bd9-4dbe-bf0a-9a73316911cd"
          },
          "sensitive_attributes": [],
          "private": "bnVsbA==",
          "dependencies": [
            "aws_cloudwatch_event_connection.byteme_connection",
            "aws_cloudwatch_event_connection.ping_perfect_connection",
            "aws_cloudwatch_event_connection.servus_speed_connection",
            "aws_cloudwatch_event_connection.verbyndich_connection",
            "aws_cloudwatch_event_connection.webwunder_connection",
            "aws_cloudwatch_log_group.step_functions_logs",
            "aws_iam_role.address_normalizer_role",
            "aws_iam_role.ping_perfect_signer_role",
            "aws_iam_role.requestor_handler_role",
            "aws_iam_role.step_functions_role",
            "aws_lambda_function.address_normalizer",
            "aws_lambda_function.ping_perfect_signer",
            "aws_lambda_function.requestor_handler",
            "aws_sfn_state_machine.provider_workflow",
            "aws_sqs_queue.request_queue",
            "aws_sqs_queue.results_queue"
          ]
        }
      ]
    },
    {
      "mode": "managed",
      "type": "aws_lambda_function",
      "name": "address_normalizer",
      "provider": "provider[\"registry.terraform.io/hashicorp/aws\"]",
      "instances": [
        {
          "schema_version": 0,
          "attributes": {
            "architectures": [
              "arm64"
            ],
            "arn": "arn:aws:lambda:eu-central-1:759971284074:function:provider-comparison-dev-address-normalizer",
            "code_sha256": "JdCtjcYe2I1uwo9hDT2DCIMQjoLNy55RYJp8AGDYhys=",
            "code_signing_config_arn": "",
            "dead_letter_config": [],
            "description": "",
            "environment": [],
            "ephemeral_storage": [
              {
                "size": 512
              }
            ],
            "file_system_config": [],
            "filename": "./../lambda_packages/address_normalizer.zip",
            "function_name": "provider-comparison-dev-address-normalizer",
            "handler": "address_normalizer.lambda_handler",
            "id": "provider-comparison-dev-address-normalizer",
            "image_config": [],
            "image_uri": "",
            "invoke_arn": "arn:aws:apigateway:eu-central-1:lambda:path/2015-03-31/functions/arn:aws:lambda:eu-central-1:759971284074:function:provider-comparison-dev-address-normalizer/invocations",
            "kms_key_arn": "",
            "last_modified": "2025-07-10T10:22:28.000+0000",
            "layers": [],
            "logging_config": [
              {
                "application_log_level": "",
                "log_format": "Text",
                "log_group": "/aws/lambda/provider-comparison-dev-address-normalizer",
                "system_log_level": ""
              }
            ],
            "memory_size": 128,
            "package_type": "Zip",
            "publish": false,
            "qualified_arn": "arn:aws:lambda:eu-central-1:759971284074:function:provider-comparison-dev-address-normalizer:$LATEST",
            "qualified_invoke_arn": "arn:aws:apigateway:eu-central-1:lambda:path/2015-03-31/functions/arn:aws:lambda:eu-central-1:759971284074:function:provider-comparison-dev-address-normalizer:$LATEST/invocations",
            "replace_security_groups_on_destroy": null,
            "replacement_security_group_ids": null,
            "reserved_concurrent_executions": -1,
            "role": "arn:aws:iam::759971284074:role/provider-comparison-dev-address-normalizer-role",
            "runtime": "python3.9",
            "s3_bucket": null,
            "s3_key": null,
            "s3_object_version": null,
            "signing_job_arn": "",
            "signing_profile_version_arn": "",
            "skip_destroy": false,
            "snap_start": [],
            "source_code_hash": "JdCtjcYe2I1uwo9hDT2DCIMQjoLNy55RYJp8AGDYhys=",
            "source_code_size": 1122,
            "tags": {
              "Environment": "dev",
              "Name": "provider-comparison-address-normalizer",
              "Purpose": "german-character-normalization"
            },
            "tags_all": {
              "Environment": "dev",
              "Name": "provider-comparison-address-normalizer",
              "Purpose": "german-character-normalization"
            },
            "timeout": 10,
            "timeouts": null,
            "tracing_config": [
              {
                "mode": "Active"
              }
            ],
            "version": "$LATEST",
            "vpc_config": []
          },
          "sensitive_attributes": [],
          "private": "eyJlMmJmYjczMC1lY2FhLTExZTYtOGY4OC0zNDM2M2JjN2M0YzAiOnsiY3JlYXRlIjo2MDAwMDAwMDAwMDAsImRlbGV0ZSI6NjAwMDAwMDAwMDAwLCJ1cGRhdGUiOjYwMDAwMDAwMDAwMH19",
          "dependencies": [
            "aws_iam_role.address_normalizer_role"
          ]
        }
      ]
    },
    {
      "mode": "managed",
      "type": "aws_lambda_function",
      "name": "connect_handler",
      "provider": "provider[\"registry.terraform.io/hashicorp/aws\"]",
      "instances": [
        {
          "schema_version": 0,
          "attributes": {
            "architectures": [
              "arm64"
            ],
            "arn": "arn:aws:lambda:eu-central-1:759971284074:function:provider-comparison-dev-connect-handler",
            "code_sha256": "PmssSXcKib+F50H5y8+Y44c2QgfHoUDctr235TfBJ8w=",
            "code_signing_config_arn": "",
            "dead_letter_config": [],
            "description": "",
            "environment": [],
            "ephemeral_storage": [
              {
                "size": 512
              }
            ],
            "file_system_config": [],
            "filename": "./../lambda_packages/connect_handler.zip",
            "function_name": "provider-comparison-dev-connect-handler",
            "handler": "connect_handler.lambda_handler",
            "id": "provider-comparison-dev-connect-handler",
            "image_config": [],
            "image_uri": "",
            "invoke_arn": "arn:aws:apigateway:eu-central-1:lambda:path/2015-03-31/functions/arn:aws:lambda:eu-central-1:759971284074:function:provider-comparison-dev-connect-handler/invocations",
            "kms_key_arn": "",
            "last_modified": "2025-07-10T10:22:06.000+0000",
            "layers": [],
            "logging_config": [
              {
                "application_log_level": "",
                "log_format": "Text",
                "log_group": "/aws/lambda/provider-comparison-dev-connect-handler",
                "system_log_level": ""
              }
            ],
            "memory_size": 128,
            "package_type": "Zip",
            "publish": false,
            "qualified_arn": "arn:aws:lambda:eu-central-1:759971284074:function:provider-comparison-dev-connect-handler:$LATEST",
            "qualified_invoke_arn": "arn:aws:apigateway:eu-central-1:lambda:path/2015-03-31/functions/arn:aws:lambda:eu-central-1:759971284074:function:provider-comparison-dev-connect-handler:$LATEST/invocations",
            "replace_security_groups_on_destroy": null,
            "replacement_security_group_ids": null,
            "reserved_concurrent_executions": -1,
            "role": "arn:aws:iam::759971284074:role/provider-comparison-dev-lambda-role",
            "runtime": "python3.9",
            "s3_bucket": null,
            "s3_key": null,
            "s3_object_version": null,
            "signing_job_arn": "",
            "signing_profile_version_arn": "",
            "skip_destroy": false,
            "snap_start": [],
            "source_code_hash": "PmssSXcKib+F50H5y8+Y44c2QgfHoUDctr235TfBJ8w=",
            "source_code_size": 1138,
            "tags": {
              "Environment": "dev",
              "Name": "provider-comparison-connect-handler"
            },
            "tags_all": {
              "Environment": "dev",
              "Name": "provider-comparison-connect-handler"
            },
            "timeout": 10,
            "timeouts": null,
            "tracing_config": [
              {
                "mode": "Active"
              }
            ],
            "version": "$LATEST",
            "vpc_config": []
          },
          "sensitive_attributes": [],
          "private": "eyJlMmJmYjczMC1lY2FhLTExZTYtOGY4OC0zNDM2M2JjN2M0YzAiOnsiY3JlYXRlIjo2MDAwMDAwMDAwMDAsImRlbGV0ZSI6NjAwMDAwMDAwMDAwLCJ1cGRhdGUiOjYwMDAwMDAwMDAwMH19",
          "dependencies": [
            "aws_iam_role.lambda_role"
          ]
        }
      ]
    },
    {
      "mode": "managed",
      "type": "aws_lambda_function",
      "name": "ping_perfect_signer",
      "provider": "provider[\"registry.terraform.io/hashicorp/aws\"]",
      "instances": [
        {
          "schema_version": 0,
          "attributes": {
            "architectures": [
              "arm64"
            ],
            "arn": "arn:aws:lambda:eu-central-1:759971284074:function:provider-comparison-dev-ping-perfect-signer",
            "code_sha256": "YOd+JGU1luAKfgOIHR6xM1r67ZUDE/3WDqBLmYrG++c=",
            "code_signing_config_arn": "",
            "dead_letter_config": [],
            "description": "",
            "environment": [
              {
                "variables": {
                  "PING_PERFECT_CLIENT_ID": "9A26C2B5",
                  "PING_PERFECT_SECRET": "C6F8B73B5566FCFD2B47D58C93D75AEF"
                }
              }
            ],
            "ephemeral_storage": [
              {
                "size": 512
              }
            ],
            "file_system_config": [],
            "filename": "./../lambda_packages/ping_perfect_signer.zip",
            "function_name": "provider-comparison-dev-ping-perfect-signer",
            "handler": "ping_perfect_signer.lambda_handler",
            "id": "provider-comparison-dev-ping-perfect-signer",
            "image_config": [],
            "image_uri": "",
            "invoke_arn": "arn:aws:apigateway:eu-central-1:lambda:path/2015-03-31/functions/arn:aws:lambda:eu-central-1:759971284074:function:provider-comparison-dev-ping-perfect-signer/invocations",
            "kms_key_arn": "",
            "last_modified": "2025-07-10T10:22:34.423+0000",
            "layers": [],
            "logging_config": [
              {
                "application_log_level": "",
                "log_format": "Text",
                "log_group": "/aws/lambda/provider-comparison-dev-ping-perfect-signer",
                "system_log_level": ""
              }
            ],
            "memory_size": 256,
            "package_type": "Zip",
            "publish": false,
            "qualified_arn": "arn:aws:lambda:eu-central-1:759971284074:function:provider-comparison-dev-ping-perfect-signer:$LATEST",
            "qualified_invoke_arn": "arn:aws:apigateway:eu-central-1:lambda:path/2015-03-31/functions/arn:aws:lambda:eu-central-1:759971284074:function:provider-comparison-dev-ping-perfect-signer:$LATEST/invocations",
            "replace_security_groups_on_destroy": null,
            "replacement_security_group_ids": null,
            "reserved_concurrent_executions": -1,
            "role": "arn:aws:iam::759971284074:role/provider-comparison-dev-ping-perfect-signer-role",
            "runtime": "python3.9",
            "s3_bucket": null,
            "s3_key": null,
            "s3_object_version": null,
            "signing_job_arn": "",
            "signing_profile_version_arn": "",
            "skip_destroy": false,
            "snap_start": [],
            "source_code_hash": "YOd+JGU1luAKfgOIHR6xM1r67ZUDE/3WDqBLmYrG++c=",
            "source_code_size": 1418,
            "tags": {
              "Environment": "dev",
              "Name": "provider-comparison-ping-perfect-signer",
              "Purpose": "hmac-signing-api-calls"
            },
            "tags_all": {
              "Environment": "dev",
              "Name": "provider-comparison-ping-perfect-signer",
              "Purpose": "hmac-signing-api-calls"
            },
            "timeout": 10,
            "timeouts": null,
            "tracing_config": [
              {
                "mode": "Active"
              }
            ],
            "version": "$LATEST",
            "vpc_config": []
          },
          "sensitive_attributes": [
            [
              {
                "type": "get_attr",
                "value": "environment"
              },
              {
                "type": "index",
                "value": {
                  "value": 0,
                  "type": "number"
                }
              },
              {
                "type": "get_attr",
                "value": "variables"
              },
              {
                "type": "index",
                "value": {
                  "value": "PING_PERFECT_CLIENT_ID",
                  "type": "string"
                }
              }
            ],
            [
              {
                "type": "get_attr",
                "value": "environment"
              },
              {
                "type": "index",
                "value": {
                  "value": 0,
                  "type": "number"
                }
              },
              {
                "type": "get_attr",
                "value": "variables"
              },
              {
                "type": "index",
                "value": {
                  "value": "PING_PERFECT_SECRET",
                  "type": "string"
                }
              }
            ]
          ],
          "private": "eyJlMmJmYjczMC1lY2FhLTExZTYtOGY4OC0zNDM2M2JjN2M0YzAiOnsiY3JlYXRlIjo2MDAwMDAwMDAwMDAsImRlbGV0ZSI6NjAwMDAwMDAwMDAwLCJ1cGRhdGUiOjYwMDAwMDAwMDAwMH19",
          "dependencies": [
            "aws_iam_role.ping_perfect_signer_role"
          ]
        }
      ]
    },
    {
      "mode": "managed",
      "type": "aws_lambda_function",
      "name": "requestor_handler",
      "provider": "provider[\"registry.terraform.io/hashicorp/aws\"]",
      "instances": [
        {
          "schema_version": 0,
          "attributes": {
            "architectures": [
              "arm64"
            ],
            "arn": "arn:aws:lambda:eu-central-1:759971284074:function:provider-comparison-dev-requestor-handler",
            "code_sha256": "G4p66/fphxc1R8jUKU74KHBNix2odYJPSmu1Uy8nUIc=",
            "code_signing_config_arn": "",
            "dead_letter_config": [],
            "description": "",
            "environment": [
              {
                "variables": {
                  "SQS_QUEUE_URL": "https://sqs.eu-central-1.amazonaws.com/759971284074/provider-comparison-dev-request-queue",
                  "STATE_MACHINE_ARN": "arn:aws:states:eu-central-1:759971284074:stateMachine:provider-comparison-dev-provider-workflow"
                }
              }
            ],
            "ephemeral_storage": [
              {
                "size": 512
              }
            ],
            "file_system_config": [],
            "filename": "./../lambda_packages/requestor_handler.zip",
            "function_name": "provider-comparison-dev-requestor-handler",
            "handler": "requestor_handler.lambda_handler",
            "id": "provider-comparison-dev-requestor-handler",
            "image_config": [],
            "image_uri": "",
            "invoke_arn": "arn:aws:apigateway:eu-central-1:lambda:path/2015-03-31/functions/arn:aws:lambda:eu-central-1:759971284074:function:provider-comparison-dev-requestor-handler/invocations",
            "kms_key_arn": "",
            "last_modified": "2025-07-10T10:22:40.000+0000",
            "layers": [],
            "logging_config": [
              {
                "application_log_level": "",
                "log_format": "Text",
                "log_group": "/aws/lambda/provider-comparison-dev-requestor-handler",
                "system_log_level": ""
              }
            ],
            "memory_size": 128,
            "package_type": "Zip",
            "publish": false,
            "qualified_arn": "arn:aws:lambda:eu-central-1:759971284074:function:provider-comparison-dev-requestor-handler:$LATEST",
            "qualified_invoke_arn": "arn:aws:apigateway:eu-central-1:lambda:path/2015-03-31/functions/arn:aws:lambda:eu-central-1:759971284074:function:provider-comparison-dev-requestor-handler:$LATEST/invocations",
            "replace_security_groups_on_destroy": null,
            "replacement_security_group_ids": null,
            "reserved_concurrent_executions": -1,
            "role": "arn:aws:iam::759971284074:role/provider-comparison-dev-requestor-handler-role",
            "runtime": "python3.9",
            "s3_bucket": null,
            "s3_key": null,
            "s3_object_version": null,
            "signing_job_arn": "",
            "signing_profile_version_arn": "",
            "skip_destroy": false,
            "snap_start": [],
            "source_code_hash": "G4p66/fphxc1R8jUKU74KHBNix2odYJPSmu1Uy8nUIc=",
            "source_code_size": 1078,
            "tags": {
              "Environment": "dev",
              "Name": "provider-comparison-requestor-handler"
            },
            "tags_all": {
              "Environment": "dev",
              "Name": "provider-comparison-requestor-handler"
            },
            "timeout": 30,
            "timeouts": null,
            "tracing_config": [
              {
                "mode": "Active"
              }
            ],
            "version": "$LATEST",
            "vpc_config": []
          },
          "sensitive_attributes": [],
          "private": "eyJlMmJmYjczMC1lY2FhLTExZTYtOGY4OC0zNDM2M2JjN2M0YzAiOnsiY3JlYXRlIjo2MDAwMDAwMDAwMDAsImRlbGV0ZSI6NjAwMDAwMDAwMDAwLCJ1cGRhdGUiOjYwMDAwMDAwMDAwMH19",
          "dependencies": [
            "aws_cloudwatch_event_connection.byteme_connection",
            "aws_cloudwatch_event_connection.ping_perfect_connection",
            "aws_cloudwatch_event_connection.servus_speed_connection",
            "aws_cloudwatch_event_connection.verbyndich_connection",
            "aws_cloudwatch_event_connection.webwunder_connection",
            "aws_cloudwatch_log_group.step_functions_logs",
            "aws_iam_role.address_normalizer_role",
            "aws_iam_role.ping_perfect_signer_role",
            "aws_iam_role.requestor_handler_role",
            "aws_iam_role.step_functions_role",
            "aws_lambda_function.address_normalizer",
            "aws_lambda_function.ping_perfect_signer",
            "aws_sfn_state_machine.provider_workflow",
            "aws_sqs_queue.request_queue",
            "aws_sqs_queue.results_queue"
          ]
        }
      ]
    },
    {
      "mode": "managed",
      "type": "aws_lambda_function",
      "name": "results_handler",
      "provider": "provider[\"registry.terraform.io/hashicorp/aws\"]",
      "instances": [
        {
          "schema_version": 0,
          "attributes": {
            "architectures": [
              "arm64"
            ],
            "arn": "arn:aws:lambda:eu-central-1:759971284074:function:provider-comparison-dev-results-handler",
            "code_sha256": "6c56EFYUL8/rZitC2M67p5T1SiVpaIqbthdCwPMuXIQ=",
            "code_signing_config_arn": "",
            "dead_letter_config": [],
            "description": "",
            "environment": [
              {
                "variables": {
                  "ANALYTICS_TABLE_NAME": "provider-comparison-dev-analytics",
                  "RESULTS_TABLE_NAME": "provider-comparison-dev-results",
                  "WEBSOCKET_API_ENDPOINT": "fvn7q7ahxj.execute-api.eu-central-1.amazonaws.com/prod"
                }
              }
            ],
            "ephemeral_storage": [
              {
                "size": 512
              }
            ],
            "file_system_config": [],
            "filename": "./../lambda_packages/results_handler.zip",
            "function_name": "provider-comparison-dev-results-handler",
            "handler": "results_handler.lambda_handler",
            "id": "provider-comparison-dev-results-handler",
            "image_config": [],
            "image_uri": "",
            "invoke_arn": "arn:aws:apigateway:eu-central-1:lambda:path/2015-03-31/functions/arn:aws:lambda:eu-central-1:759971284074:function:provider-comparison-dev-results-handler/invocations",
            "kms_key_arn": "",
            "last_modified": "2025-07-10T10:22:23.000+0000",
            "layers": [
              "arn:aws:lambda:eu-central-1:759971284074:layer:provider-comparison-dev-json-arm64:1",
              "arn:aws:lambda:eu-central-1:759971284074:layer:provider-comparison-dev-polars-arm64:1"
            ],
            "logging_config": [
              {
                "application_log_level": "",
                "log_format": "Text",
                "log_group": "/aws/lambda/provider-comparison-dev-results-handler",
                "system_log_level": ""
              }
            ],
            "memory_size": 512,
            "package_type": "Zip",
            "publish": false,
            "qualified_arn": "arn:aws:lambda:eu-central-1:759971284074:function:provider-comparison-dev-results-handler:$LATEST",
            "qualified_invoke_arn": "arn:aws:apigateway:eu-central-1:lambda:path/2015-03-31/functions/arn:aws:lambda:eu-central-1:759971284074:function:provider-comparison-dev-results-handler:$LATEST/invocations",
            "replace_security_groups_on_destroy": null,
            "replacement_security_group_ids": null,
            "reserved_concurrent_executions": -1,
            "role": "arn:aws:iam::759971284074:role/provider-comparison-dev-results-handler-role",
            "runtime": "python3.9",
            "s3_bucket": null,
            "s3_key": null,
            "s3_object_version": null,
            "signing_job_arn": "",
            "signing_profile_version_arn": "",
            "skip_destroy": false,
            "snap_start": [],
            "source_code_hash": "6c56EFYUL8/rZitC2M67p5T1SiVpaIqbthdCwPMuXIQ=",
            "source_code_size": 9000,
            "tags": {
              "Environment": "dev",
              "Name": "provider-comparison-results-handler"
            },
            "tags_all": {
              "Environment": "dev",
              "Name": "provider-comparison-results-handler"
            },
            "timeout": 30,
            "timeouts": null,
            "tracing_config": [
              {
                "mode": "Active"
              }
            ],
            "version": "$LATEST",
            "vpc_config": []
          },
          "sensitive_attributes": [],
          "private": "eyJlMmJmYjczMC1lY2FhLTExZTYtOGY4OC0zNDM2M2JjN2M0YzAiOnsiY3JlYXRlIjo2MDAwMDAwMDAwMDAsImRlbGV0ZSI6NjAwMDAwMDAwMDAwLCJ1cGRhdGUiOjYwMDAwMDAwMDAwMH19",
          "dependencies": [
            "aws_apigatewayv2_api.websocket_api",
            "aws_dynamodb_table.analytics",
            "aws_dynamodb_table.provider_results",
            "aws_iam_role.results_handler_role",
            "aws_lambda_layer_version.json_layer_arm64",
            "aws_lambda_layer_version.polars_layer_arm64"
          ]
        }
      ]
    },
    {
      "mode": "managed",
      "type": "aws_lambda_function",
      "name": "search_handler",
      "provider": "provider[\"registry.terraform.io/hashicorp/aws\"]",
      "instances": [
        {
          "schema_version": 0,
          "attributes": {
            "architectures": [
              "arm64"
            ],
            "arn": "arn:aws:lambda:eu-central-1:759971284074:function:provider-comparison-dev-search-handler",
            "code_sha256": "rfy8VjmIbUjWvjjGccvwjHwEEH57CTOcL/RjWuLTvD0=",
            "code_signing_config_arn": "",
            "dead_letter_config": [],
            "description": "",
            "environment": [
              {
                "variables": {
                  "SQS_QUEUE_URL": "https://sqs.eu-central-1.amazonaws.com/759971284074/provider-comparison-dev-request-queue"
                }
              }
            ],
            "ephemeral_storage": [
              {
                "size": 512
              }
            ],
            "file_system_config": [],
            "filename": "./../lambda_packages/search_handler.zip",
            "function_name": "provider-comparison-dev-search-handler",
            "handler": "search_handler.lambda_handler",
            "id": "provider-comparison-dev-search-handler",
            "image_config": [],
            "image_uri": "",
            "invoke_arn": "arn:aws:apigateway:eu-central-1:lambda:path/2015-03-31/functions/arn:aws:lambda:eu-central-1:759971284074:function:provider-comparison-dev-search-handler/invocations",
            "kms_key_arn": "",
            "last_modified": "2025-07-10T10:22:11.000+0000",
            "layers": [],
            "logging_config": [
              {
                "application_log_level": "",
                "log_format": "Text",
                "log_group": "/aws/lambda/provider-comparison-dev-search-handler",
                "system_log_level": ""
              }
            ],
            "memory_size": 128,
            "package_type": "Zip",
            "publish": false,
            "qualified_arn": "arn:aws:lambda:eu-central-1:759971284074:function:provider-comparison-dev-search-handler:$LATEST",
            "qualified_invoke_arn": "arn:aws:apigateway:eu-central-1:lambda:path/2015-03-31/functions/arn:aws:lambda:eu-central-1:759971284074:function:provider-comparison-dev-search-handler:$LATEST/invocations",
            "replace_security_groups_on_destroy": null,
            "replacement_security_group_ids": null,
            "reserved_concurrent_executions": -1,
            "role": "arn:aws:iam::759971284074:role/provider-comparison-dev-lambda-role",
            "runtime": "python3.9",
            "s3_bucket": null,
            "s3_key": null,
            "s3_object_version": null,
            "signing_job_arn": "",
            "signing_profile_version_arn": "",
            "skip_destroy": false,
            "snap_start": [],
            "source_code_hash": "rfy8VjmIbUjWvjjGccvwjHwEEH57CTOcL/RjWuLTvD0=",
            "source_code_size": 2416,
            "tags": {
              "Environment": "dev",
              "Name": "provider-comparison-search-handler"
            },
            "tags_all": {
              "Environment": "dev",
              "Name": "provider-comparison-search-handler"
            },
            "timeout": 10,
            "timeouts": null,
            "tracing_config": [
              {
                "mode": "Active"
              }
            ],
            "version": "$LATEST",
            "vpc_config": []
          },
          "sensitive_attributes": [],
          "private": "eyJlMmJmYjczMC1lY2FhLTExZTYtOGY4OC0zNDM2M2JjN2M0YzAiOnsiY3JlYXRlIjo2MDAwMDAwMDAwMDAsImRlbGV0ZSI6NjAwMDAwMDAwMDAwLCJ1cGRhdGUiOjYwMDAwMDAwMDAwMH19",
          "dependencies": [
            "aws_iam_role.lambda_role",
            "aws_sqs_queue.request_queue"
          ]
        }
      ]
    },
    {
      "mode": "managed",
      "type": "aws_lambda_function",
      "name": "share_api",
      "provider": "provider[\"registry.terraform.io/hashicorp/aws\"]",
      "instances": [
        {
          "schema_version": 0,
          "attributes": {
            "architectures": [
              "arm64"
            ],
            "arn": "arn:aws:lambda:eu-central-1:759971284074:function:provider-comparison-dev-share-api",
            "code_sha256": "uH/gi7xyBEVHFE0kKyO5suTgaDlLoklIQqEbGJOSXik=",
            "code_signing_config_arn": "",
            "dead_letter_config": [],
            "description": "",
            "environment": [
              {
                "variables": {
                  "RESULTS_TABLE_NAME": "provider-comparison-dev-results"
                }
              }
            ],
            "ephemeral_storage": [
              {
                "size": 512
              }
            ],
            "file_system_config": [],
            "filename": "./../lambda_packages/share_api.zip",
            "function_name": "provider-comparison-dev-share-api",
            "handler": "share_api.lambda_handler",
            "id": "provider-comparison-dev-share-api",
            "image_config": [],
            "image_uri": "",
            "invoke_arn": "arn:aws:apigateway:eu-central-1:lambda:path/2015-03-31/functions/arn:aws:lambda:eu-central-1:759971284074:function:provider-comparison-dev-share-api/invocations",
            "kms_key_arn": "",
            "last_modified": "2025-07-10T10:22:17.000+0000",
            "layers": [],
            "logging_config": [
              {
                "application_log_level": "",
                "log_format": "Text",
                "log_group": "/aws/lambda/provider-comparison-dev-share-api",
                "system_log_level": ""
              }
            ],
            "memory_size": 256,
            "package_type": "Zip",
            "publish": false,
            "qualified_arn": "arn:aws:lambda:eu-central-1:759971284074:function:provider-comparison-dev-share-api:$LATEST",
            "qualified_invoke_arn": "arn:aws:apigateway:eu-central-1:lambda:path/2015-03-31/functions/arn:aws:lambda:eu-central-1:759971284074:function:provider-comparison-dev-share-api:$LATEST/invocations",
            "replace_security_groups_on_destroy": null,
            "replacement_security_group_ids": null,
            "reserved_concurrent_executions": -1,
            "role": "arn:aws:iam::759971284074:role/provider-comparison-dev-share-api-role",
            "runtime": "python3.9",
            "s3_bucket": null,
            "s3_key": null,
            "s3_object_version": null,
            "signing_job_arn": "",
            "signing_profile_version_arn": "",
            "skip_destroy": false,
            "snap_start": [],
            "source_code_hash": "uH/gi7xyBEVHFE0kKyO5suTgaDlLoklIQqEbGJOSXik=",
            "source_code_size": 1581,
            "tags": {
              "Architecture": "arm64",
              "Environment": "dev",
              "Name": "provider-comparison-share-api"
            },
            "tags_all": {
              "Architecture": "arm64",
              "Environment": "dev",
              "Name": "provider-comparison-share-api"
            },
            "timeout": 10,
            "timeouts": null,
            "tracing_config": [
              {
                "mode": "Active"
              }
            ],
            "version": "$LATEST",
            "vpc_config": []
          },
          "sensitive_attributes": [],
          "private": "eyJlMmJmYjczMC1lY2FhLTExZTYtOGY4OC0zNDM2M2JjN2M0YzAiOnsiY3JlYXRlIjo2MDAwMDAwMDAwMDAsImRlbGV0ZSI6NjAwMDAwMDAwMDAwLCJ1cGRhdGUiOjYwMDAwMDAwMDAwMH19",
          "dependencies": [
            "aws_dynamodb_table.provider_results",
            "aws_iam_role.share_api_role"
          ]
        }
      ]
    },
    {
      "mode": "managed",
      "type": "aws_lambda_layer_version",
      "name": "json_layer_arm64",
      "provider": "provider[\"registry.terraform.io/hashicorp/aws\"]",
      "instances": [
        {
          "schema_version": 0,
          "attributes": {
            "arn": "arn:aws:lambda:eu-central-1:759971284074:layer:provider-comparison-dev-json-arm64:1",
            "code_sha256": "ItsoP/fDhEGmt+ZpUib5iLjH+egAP516zW8i7zFXGCE=",
            "compatible_architectures": [
              "arm64"
            ],
            "compatible_runtimes": [
              "python3.9"
            ],
            "created_date": "2025-05-29T13:03:06.882+0000",
            "description": "Ultra-fast JSON processing with orjson (Graviton2 optimized)",
            "filename": "./../lambda_packages/json_layer_arm64.zip",
            "id": "arn:aws:lambda:eu-central-1:759971284074:layer:provider-comparison-dev-json-arm64:1",
            "layer_arn": "arn:aws:lambda:eu-central-1:759971284074:layer:provider-comparison-dev-json-arm64",
            "layer_name": "provider-comparison-dev-json-arm64",
            "license_info": "",
            "s3_bucket": null,
            "s3_key": null,
            "s3_object_version": null,
            "signing_job_arn": "",
            "signing_profile_version_arn": "",
            "skip_destroy": false,
            "source_code_hash": "ItsoP/fDhEGmt+ZpUib5iLjH+egAP516zW8i7zFXGCE=",
            "source_code_size": 125525,
            "version": "1"
          },
          "sensitive_attributes": [],
          "private": "bnVsbA=="
        }
      ]
    },
    {
      "mode": "managed",
      "type": "aws_lambda_layer_version",
      "name": "polars_layer_arm64",
      "provider": "provider[\"registry.terraform.io/hashicorp/aws\"]",
      "instances": [
        {
          "schema_version": 0,
          "attributes": {
            "arn": "arn:aws:lambda:eu-central-1:759971284074:layer:provider-comparison-dev-polars-arm64:1",
            "code_sha256": "RzeJWMfhlxn+0zSlTYGWFFvkKxMJszW+YL6s8i6QOAM=",
            "compatible_architectures": [
              "arm64"
            ],
            "compatible_runtimes": [
              "python3.9"
            ],
            "created_date": "2025-05-29T13:03:33.203+0000",
            "description": "High-performance data processing with Polars (Graviton2 optimized)",
            "filename": "./../lambda_packages/polars_layer_arm64.zip",
            "id": "arn:aws:lambda:eu-central-1:759971284074:layer:provider-comparison-dev-polars-arm64:1",
            "layer_arn": "arn:aws:lambda:eu-central-1:759971284074:layer:provider-comparison-dev-polars-arm64",
            "layer_name": "provider-comparison-dev-polars-arm64",
            "license_info": "",
            "s3_bucket": null,
            "s3_key": null,
            "s3_object_version": null,
            "signing_job_arn": "",
            "signing_profile_version_arn": "",
            "skip_destroy": false,
            "source_code_hash": "RzeJWMfhlxn+0zSlTYGWFFvkKxMJszW+YL6s8i6QOAM=",
            "source_code_size": 26980137,
            "version": "1"
          },
          "sensitive_attributes": [],
          "private": "bnVsbA=="
        }
      ]
    },
    {
      "mode": "managed",
      "type": "aws_lambda_permission",
      "name": "allow_eventbridge_results_handler",
      "provider": "provider[\"registry.terraform.io/hashicorp/aws\"]",
      "instances": [
        {
          "schema_version": 0,
          "attributes": {
            "action": "lambda:InvokeFunction",
            "event_source_token": null,
            "function_name": "provider-comparison-dev-results-handler",
            "function_url_auth_type": null,
            "id": "AllowExecutionFromEventBridge",
            "principal": "events.amazonaws.com",
            "principal_org_id": null,
            "qualifier": "",
            "source_account": null,
            "source_arn": "arn:aws:events:eu-central-1:759971284074:rule/provider-comparison-dev-lambda-warmer",
            "statement_id": "AllowExecutionFromEventBridge",
            "statement_id_prefix": ""
          },
          "sensitive_attributes": [],
          "private": "bnVsbA==",
          "dependencies": [
            "aws_apigatewayv2_api.websocket_api",
            "aws_cloudwatch_event_rule.lambda_warmer",
            "aws_dynamodb_table.analytics",
            "aws_dynamodb_table.provider_results",
            "aws_iam_role.results_handler_role",
            "aws_lambda_function.results_handler",
            "aws_lambda_layer_version.json_layer_arm64",
            "aws_lambda_layer_version.polars_layer_arm64"
          ]
        }
      ]
    },
    {
      "mode": "managed",
      "type": "aws_lambda_permission",
      "name": "connect_permission",
      "provider": "provider[\"registry.terraform.io/hashicorp/aws\"]",
      "instances": [
        {
          "schema_version": 0,
          "attributes": {
            "action": "lambda:InvokeFunction",
            "event_source_token": null,
            "function_name": "provider-comparison-dev-connect-handler",
            "function_url_auth_type": null,
            "id": "AllowExecutionFromAPIGatewayConnect",
            "principal": "apigateway.amazonaws.com",
            "principal_org_id": null,
            "qualifier": "",
            "source_account": null,
            "source_arn": "arn:aws:execute-api:eu-central-1:759971284074:fvn7q7ahxj/*/$connect",
            "statement_id": "AllowExecutionFromAPIGatewayConnect",
            "statement_id_prefix": ""
          },
          "sensitive_attributes": [],
          "private": "bnVsbA==",
          "dependencies": [
            "aws_apigatewayv2_api.websocket_api",
            "aws_iam_role.lambda_role",
            "aws_lambda_function.connect_handler"
          ]
        }
      ]
    },
    {
      "mode": "managed",
      "type": "aws_lambda_permission",
      "name": "search_permission",
      "provider": "provider[\"registry.terraform.io/hashicorp/aws\"]",
      "instances": [
        {
          "schema_version": 0,
          "attributes": {
            "action": "lambda:InvokeFunction",
            "event_source_token": null,
            "function_name": "provider-comparison-dev-search-handler",
            "function_url_auth_type": null,
            "id": "AllowExecutionFromAPIGatewaySearch",
            "principal": "apigateway.amazonaws.com",
            "principal_org_id": null,
            "qualifier": "",
            "source_account": null,
            "source_arn": "arn:aws:execute-api:eu-central-1:759971284074:fvn7q7ahxj/*/search",
            "statement_id": "AllowExecutionFromAPIGatewaySearch",
            "statement_id_prefix": ""
          },
          "sensitive_attributes": [],
          "private": "bnVsbA==",
          "dependencies": [
            "aws_apigatewayv2_api.websocket_api",
            "aws_iam_role.lambda_role",
            "aws_lambda_function.search_handler",
            "aws_sqs_queue.request_queue"
          ]
        }
      ]
    },
    {
      "mode": "managed",
      "type": "aws_lambda_permission",
      "name": "share_api_permission",
      "provider": "provider[\"registry.terraform.io/hashicorp/aws\"]",
      "instances": [
        {
          "schema_version": 0,
          "attributes": {
            "action": "lambda:InvokeFunction",
            "event_source_token": null,
            "function_name": "provider-comparison-dev-share-api",
            "function_url_auth_type": null,
            "id": "AllowExecutionFromAPIGateway",
            "principal": "apigateway.amazonaws.com",
            "principal_org_id": null,
            "qualifier": "",
            "source_account": null,
            "source_arn": "arn:aws:execute-api:eu-central-1:759971284074:yu1ybsal6h/*/*",
            "statement_id": "AllowExecutionFromAPIGateway",
            "statement_id_prefix": ""
          },
          "sensitive_attributes": [],
          "private": "bnVsbA==",
          "dependencies": [
            "aws_apigatewayv2_api.rest_api",
            "aws_dynamodb_table.provider_results",
            "aws_iam_role.share_api_role",
            "aws_lambda_function.share_api"
          ]
        }
      ]
    },
    {
      "mode": "managed",
      "type": "aws_secretsmanager_secret",
      "name": "provider_keys",
      "provider": "provider[\"registry.terraform.io/hashicorp/aws\"]",
      "instances": [
        {
          "schema_version": 0,
          "attributes": {
            "arn": "arn:aws:secretsmanager:eu-central-1:759971284074:secret:provider-comparison-dev-provider-keys-v2-F5b3uI",
            "description": "API keys for internet provider services",
            "force_overwrite_replica_secret": false,
            "id": "arn:aws:secretsmanager:eu-central-1:759971284074:secret:provider-comparison-dev-provider-keys-v2-F5b3uI",
            "kms_key_id": "",
            "name": "provider-comparison-dev-provider-keys-v2",
            "name_prefix": "",
            "policy": "",
            "recovery_window_in_days": 30,
            "replica": [],
            "tags": {
              "Environment": "dev",
              "Name": "provider-comparison-provider-keys"
            },
            "tags_all": {
              "Environment": "dev",
              "Name": "provider-comparison-provider-keys"
            }
          },
          "sensitive_attributes": [],
          "private": "bnVsbA=="
        }
      ]
    },
    {
      "mode": "managed",
      "type": "aws_secretsmanager_secret_version",
      "name": "provider_keys",
      "provider": "provider[\"registry.terraform.io/hashicorp/aws\"]",
      "instances": [
        {
          "schema_version": 0,
          "attributes": {
            "arn": "arn:aws:secretsmanager:eu-central-1:759971284074:secret:provider-comparison-dev-provider-keys-v2-F5b3uI",
            "has_secret_string_wo": null,
            "id": "arn:aws:secretsmanager:eu-central-1:759971284074:secret:provider-comparison-dev-provider-keys-v2-F5b3uI|terraform-20250602202516352300000001",
            "secret_binary": "",
            "secret_id": "arn:aws:secretsmanager:eu-central-1:759971284074:secret:provider-comparison-dev-provider-keys-v2-F5b3uI",
            "secret_string": "{\"byteme_api_key\":\"DC3515C9F8E6EB8287FD99F15FEA1190\",\"servus_speed_auth\":\"904E7D18FBC4\"}",
            "secret_string_wo": null,
            "secret_string_wo_version": null,
            "version_id": "terraform-20250602202516352300000001",
            "version_stages": [
              "AWSCURRENT"
            ]
          },
          "sensitive_attributes": [
            [
              {
                "type": "get_attr",
                "value": "secret_string"
              }
            ],
            [
              {
                "type": "get_attr",
                "value": "secret_binary"
              }
            ],
            [
              {
                "type": "get_attr",
                "value": "secret_string_wo"
              }
            ]
          ],
          "private": "bnVsbA==",
          "dependencies": [
            "aws_secretsmanager_secret.provider_keys"
          ]
        }
      ]
    },
    {
      "mode": "managed",
      "type": "aws_sfn_state_machine",
      "name": "provider_workflow",
      "provider": "provider[\"registry.terraform.io/hashicorp/aws\"]",
      "instances": [
        {
          "schema_version": 0,
          "attributes": {
            "arn": "arn:aws:states:eu-central-1:759971284074:stateMachine:provider-comparison-dev-provider-workflow",
            "creation_date": "2025-05-28T11:38:50Z",
            "definition": "{\n  \"Comment\": \"Multi-Provider Workflow - ByteMe + VerbynDich Parallel Processing\",\n  \"StartAt\": \"ParallelProviders\",\n  \"States\": {\n    \"ParallelProviders\": {\n      \"Type\": \"Parallel\",\n      \"Branches\": [\n        {\n          \"StartAt\": \"CallByteMe\",\n          \"States\": {\n            \"CallByteMe\": {\n              \"Type\": \"Task\",\n              \"Resource\": \"arn:aws:states:::http:invoke\",\n              \"Parameters\": {\n                \"ApiEndpoint\": \"https://byteme.gendev7.check24.fun/app/api/products/data\",\n                \"Method\": \"GET\",\n                \"Authentication\": {\n                  \"ConnectionArn\": \"arn:aws:events:eu-central-1:759971284074:connection/provider-comparison-dev-byteme-connection/b6ce4e68-a8af-4615-91dd-9745a352f9e7\"\n                },\n                \"QueryParameters\": {\n                  \"street.$\": \"$.address.street\",\n                  \"houseNumber.$\": \"$.address.house_number\",\n                  \"city.$\": \"$.address.city\",\n                  \"plz.$\": \"$.address.postal_code\"\n                }\n              },\n              \"ResultPath\": \"$.http_response\",\n              \"Retry\": [\n                {\n                  \"ErrorEquals\": [\"States.Http.HttpException\"],\n                  \"IntervalSeconds\": 2,\n                  \"MaxAttempts\": 3,\n                  \"BackoffRate\": 2.0\n                }\n              ],\n              \"Catch\": [\n                {\n                  \"ErrorEquals\": [\"States.ALL\"],\n                  \"Next\": \"SendByteMeFailure\"\n                }\n              ],\n              \"Next\": \"SendByteMeSuccess\"\n            },\n            \"SendByteMeSuccess\": {\n              \"Type\": \"Task\",\n              \"Resource\": \"arn:aws:states:::sqs:sendMessage\",\n              \"Parameters\": {\n                \"QueueUrl\": \"https://sqs.eu-central-1.amazonaws.com/759971284074/provider-comparison-dev-results-queue\",\n                \"MessageBody\": {\n                  \"request_id.$\": \"$.request_id\",\n                  \"connection_id.$\": \"$.connection_id\",\n                  \"provider_name\": \"byteme\",\n                  \"status\": \"success\",\n                  \"raw_response.$\": \"$.http_response.ResponseBody\",\n                  \"address.$\": \"$.address\",\n                  \"share_token.$\": \"$.share_token\"\n                }\n              },\n              \"End\": true\n            },\n            \"SendByteMeFailure\": {\n              \"Type\": \"Task\",\n              \"Resource\": \"arn:aws:states:::sqs:sendMessage\",\n              \"Parameters\": {\n                \"QueueUrl\": \"https://sqs.eu-central-1.amazonaws.com/759971284074/provider-comparison-dev-results-queue\",\n                \"MessageBody\": {\n                  \"request_id.$\": \"$.request_id\",\n                  \"connection_id.$\": \"$.connection_id\",\n                  \"provider_name\": \"byteme\",\n                  \"status\": \"failed\",\n                  \"error_details.$\": \"$.Error\",\n                  \"address.$\": \"$.address\",\n                  \"share_token.$\": \"$.share_token\"\n                }\n              },\n              \"End\": true\n            }\n          }\n        },\n        {\n          \"StartAt\": \"PrepareVerbynDichPages\",\n          \"States\": {\n            \"PrepareVerbynDichPages\": {\n              \"Type\": \"Pass\",\n              \"Comment\": \"Generate array of page numbers 0-19 for parallel processing\",\n              \"Result\": [0, 1, 2, 3, 4, 5, 6, 7, 8, 9, 10, 11, 12, 13, 14, 15, 16, 17],\n              \"ResultPath\": \"$.page_numbers\",\n              \"Next\": \"VerbynDichParallelFetch\"\n            },\n            \"VerbynDichParallelFetch\": {\n              \"Type\": \"Map\",\n              \"Comment\": \"Fetch all VerbynDich pages in parallel with fault tolerance\",\n              \"MaxConcurrency\": 6,\n              \"ItemsPath\": \"$.page_numbers\",\n              \"ResultPath\": \"$.page_results\",\n           \"Parameters\": {\n  \"page_number.$\": \"$$.Map.Item.Value\",\n  \"address.$\": \"$.address\"\n},\n              \"Iterator\": {\n                \"StartAt\": \"CallVerbynDichSinglePage\",\n                \"States\": {\n                  \"CallVerbynDichSinglePage\": {\n                    \"Type\": \"Task\",\n                    \"Resource\": \"arn:aws:states:::http:invoke\",\n                    \"Parameters\": {\n                      \"ApiEndpoint\": \"https://verbyndich.gendev7.check24.fun/check24/data\",\n                      \"Method\": \"POST\",\n                      \"Headers\": {\n                        \"Content-Type\": \"text/plain\"\n                      },\n                      \"Authentication\": {\n                        \"ConnectionArn\": \"arn:aws:events:eu-central-1:759971284074:connection/provider-comparison-dev-verbyndich-connection/c5839c6c-0804-462b-a549-bad37a710d34\"\n                      },\n                      \"QueryParameters\": {\n                        \"apiKey\": \"88A864F6FFA2F72C79A88EB452CA20089F332DC36F031A0E84F297E509AC62ED\",\n                        \"page.$\": \"States.Format('{}', $.page_number)\"\n                      },\n                      \"RequestBody.$\": \"States.Format('{};{};{};{}', $.address.street, $.address.house_number, $.address.city, $.address.postal_code)\"\n                    },\n                    \"ResultPath\": \"$.api_response\",\n                    \"Retry\": [\n                      {\n                        \"ErrorEquals\": [\"States.Http.HttpException\"],\n                        \"IntervalSeconds\": 2,\n                        \"MaxAttempts\": 3,\n                        \"BackoffRate\": 2.0\n                      },\n                      {\n                        \"ErrorEquals\": [\"States.Http.StatusCode.429\"],\n                        \"IntervalSeconds\": 5,\n                        \"MaxAttempts\": 2,\n                        \"BackoffRate\": 3.0\n                      }\n                    ],\n                    \"Catch\": [\n                      {\n                        \"ErrorEquals\": [\"States.ALL\"],\n                        \"ResultPath\": \"$.error_info\",\n                        \"Next\": \"HandlePageError\"\n                      }\n                    ],\n                    \"Next\": \"ProcessPageResponse\"\n                  },\n                  \"ProcessPageResponse\": {\n                    \"Type\": \"Pass\",\n                    \"Comment\": \"Add page metadata and return response\",\n                    \"Parameters\": {\n                      \"page_number.$\": \"$.page_number\",\n                      \"success\": true,\n                      \"response_data.$\": \"$.api_response.ResponseBody\",\n                      \"error_info\": null\n                    },\n                    \"End\": true\n                  },\n                  \"HandlePageError\": {\n                    \"Type\": \"Pass\",\n                    \"Comment\": \"Return error info but don't fail the entire map operation\",\n                    \"Parameters\": {\n                      \"page_number.$\": \"$.page_number\",\n                      \"success\": false,\n                      \"response_data\": null,\n                      \"error_info.$\": \"$.error_info\"\n                    },\n                    \"End\": true\n                  }\n                }\n              },\n              \"Catch\": [\n                {\n                  \"ErrorEquals\": [\"States.ALL\"],\n                  \"Next\": \"SendVerbynDichTotalFailure\"\n                }\n              ],\n              \"Next\": \"ProcessVerbynDichResults\"\n            },\n            \"ProcessVerbynDichResults\": {\n              \"Type\": \"Pass\",\n              \"Comment\": \"Filter and aggregate successful responses, preserve original context\",\n              \"Parameters\": {\n                \"request_id.$\": \"$.request_id\",\n                \"connection_id.$\": \"$.connection_id\",\n                \"address.$\": \"$.address\",\n                \"share_token.$\": \"$.share_token\",\n                \"successful_pages.$\": \"$.page_results[?(@.success == true)]\",\n                \"failed_pages.$\": \"$.page_results[?(@.success == false)]\",\n                \"valid_offers.$\": \"$.page_results[?(@.success == true \u0026\u0026 @.response_data.valid == true)].response_data\",\n                \"total_pages_attempted\": 20,\n                \"successful_page_count.$\": \"States.ArrayLength($.page_results[?(@.success == true)])\",\n                \"failed_page_count.$\": \"States.ArrayLength($.page_results[?(@.success == false)])\"\n              },\n              \"Next\": \"SendVerbynDichAggregatedResults\"\n            },\n            \"SendVerbynDichAggregatedResults\": {\n              \"Type\": \"Task\",\n              \"Resource\": \"arn:aws:states:::sqs:sendMessage\",\n              \"Parameters\": {\n                \"QueueUrl\": \"https://sqs.eu-central-1.amazonaws.com/759971284074/provider-comparison-dev-results-queue\",\n                \"MessageBody\": {\n                  \"request_id.$\": \"$.request_id\",\n                  \"connection_id.$\": \"$.connection_id\",\n                  \"provider_name\": \"verbyndich\",\n                  \"status\": \"success\",\n                  \"raw_response.$\": \"$.valid_offers\",\n                  \"metadata\": {\n                    \"total_pages_attempted.$\": \"$.total_pages_attempted\",\n                    \"successful_pages.$\": \"$.successful_page_count\",\n                    \"failed_pages.$\": \"$.failed_page_count\",\n                    \"processing_method\": \"parallel_with_fault_tolerance\"\n                  },\n                  \"address.$\": \"$.address\",\n                  \"share_token.$\": \"$.share_token\"\n                }\n              },\n              \"End\": true\n            },\n            \"SendVerbynDichTotalFailure\": {\n              \"Type\": \"Task\",\n              \"Resource\": \"arn:aws:states:::sqs:sendMessage\",\n              \"Parameters\": {\n                \"QueueUrl\": \"https://sqs.eu-central-1.amazonaws.com/759971284074/provider-comparison-dev-results-queue\",\n                \"MessageBody\": {\n                  \"request_id.$\": \"$.request_id\",\n                  \"connection_id.$\": \"$.connection_id\",\n                  \"provider_name\": \"verbyndich\",\n                  \"status\": \"failed\",\n                  \"error_details\": \"Complete failure in parallel processing\",\n                  \"address.$\": \"$.address\",\n                  \"share_token.$\": \"$.share_token\"\n                }\n              },\n              \"End\": true\n            }\n          }\n        },\n{\n  \"StartAt\": \"CallServusSpeedAvailableProducts\",\n  \"States\": {\n    \"CallServusSpeedAvailableProducts\": {\n      \"Type\": \"Task\",\n      \"Resource\": \"arn:aws:states:::http:invoke\",\n      \"Parameters\": {\n        \"ApiEndpoint\": \"https://servus-speed.gendev7.check24.fun/api/external/available-products\",\n        \"Method\": \"POST\",\n        \"Headers\": {\n          \"Content-Type\": \"application/json\"\n        },\n        \"Authentication\": {\n          \"ConnectionArn\": \"arn:aws:events:eu-central-1:759971284074:connection/provider-comparison-dev-servus-speed-connection/9eeb8ae7-9ec7-43ef-a19d-61e57f508a64\"\n        },\n        \"RequestBody\": {\n          \"address\": {\n            \"strasse.$\": \"$.address.street\",\n            \"hausnummer.$\": \"$.address.house_number\",\n            \"postleitzahl.$\": \"$.address.postal_code\",\n            \"stadt.$\": \"$.address.city\",\n            \"land\": \"DE\"\n          }\n        }\n      },\n      \"ResultPath\": \"$.products_response\",\n      \"Retry\": [\n        {\n          \"ErrorEquals\": [\"States.Http.HttpException\"],\n          \"IntervalSeconds\": 2,\n          \"MaxAttempts\": 3,\n          \"BackoffRate\": 2.0\n        },\n {\n          \"ErrorEquals\": [\"States.Http.StatusCode.503\"],\n          \"IntervalSeconds\": 5,\n          \"MaxAttempts\": 3,\n          \"BackoffRate\": 2.0\n        }\n      ],\n      \"Catch\": [\n        {\n          \"ErrorEquals\": [\"States.ALL\"],\n  \"ResultPath\": \"$.error_details\",\n          \"Next\": \"SendServusSpeedFailure\"\n        }\n      ],\n      \"Next\": \"ServusSpeedParallelDetails\"\n    },\n    \"ServusSpeedParallelDetails\": {\n      \"Type\": \"Map\",\n      \"Comment\": \"Fetch product details for all available products in parallel\",\n      \"MaxConcurrency\": 5,\n      \"ItemsPath\": \"$.products_response.ResponseBody.availableProducts\",\n\"Parameters\": {\n\"product_id.$\": \"$$.Map.Item.Value\",\n\"address.$\": \"$.address\"\n},\n      \"ResultPath\": \"$.product_details\",\n      \"Iterator\": {\n        \"StartAt\": \"CallProductDetails\",\n        \"States\": {\n          \"CallProductDetails\": {\n            \"Type\": \"Task\",\n            \"Resource\": \"arn:aws:states:::http:invoke\",\n            \"Parameters\": {\n              \"ApiEndpoint.$\": \"States.Format('https://servus-speed.gendev7.check24.fun/api/external/product-details/{}', $.product_id)\",\n              \"Method\": \"POST\",\n              \"Headers\": {\n                \"Content-Type\": \"application/json\"\n              },\n              \"Authentication\": {\n                \"ConnectionArn\": \"arn:aws:events:eu-central-1:759971284074:connection/provider-comparison-dev-servus-speed-connection/9eeb8ae7-9ec7-43ef-a19d-61e57f508a64\"\n              },\n   \"RequestBody\": {\n                \"address\": {\n                  \"strasse.$\": \"$.address.street\",\n                  \"hausnummer.$\": \"$.address.house_number\",\n                  \"postleitzahl.$\": \"$.address.postal_code\",\n                  \"stadt.$\": \"$.address.city\",\n                  \"land\": \"DE\"\n                }\n              }\n            },\n            \"ResultPath\": \"$.api_response\",\n            \"Retry\": [\n              {\n                \"ErrorEquals\": [\"States.Http.HttpException\"],\n                \"IntervalSeconds\": 1,\n                \"MaxAttempts\": 2,\n                \"BackoffRate\": 2.0\n              }\n            ],\n            \"Catch\": [\n              {\n                \"ErrorEquals\": [\"States.ALL\"],\n                \"Next\": \"HandleProductDetailError\"\n              }\n            ],\n            \"Next\": \"ProcessProductDetail\"\n          },\n          \"ProcessProductDetail\": {\n            \"Type\": \"Pass\",\n            \"Comment\": \"Add product metadata and return response\",\n            \"Parameters\": {\n              \"product_id.$\": \"$\",\n              \"success\": true,\n              \"product_data.$\": \"$.api_response.ResponseBody\",\n              \"error_info\": null\n            },\n            \"End\": true\n          },\n          \"HandleProductDetailError\": {\n            \"Type\": \"Pass\",\n            \"Comment\": \"Return error info but don't fail the entire map operation\",\n            \"Parameters\": {\n              \"product_id.$\": \"$\",\n              \"success\": false,\n              \"product_data\": null\n            },\n            \"End\": true\n          }\n        }\n      },\n      \"Catch\": [\n        {\n          \"ErrorEquals\": [\"States.ALL\"],\n          \"Next\": \"SendServusSpeedFailure\"\n        }\n      ],\n      \"Next\": \"ProcessServusSpeedResults\"\n    },\n    \"ProcessServusSpeedResults\": {\n      \"Type\": \"Pass\",\n      \"Comment\": \"Filter and aggregate successful product details\",\n      \"Parameters\": {\n\"request_id.$\": \"$.request_id\",\n                \"connection_id.$\": \"$.connection_id\",\n \"address.$\": \"$.address\",\n                \"share_token.$\": \"$.share_token\",\n        \"successful_products.$\": \"$.product_details[?(@.success == true)]\",\n        \"failed_products.$\": \"$.product_details[?(@.success == false)]\",\n        \"valid_products.$\": \"$.product_details[?(@.success == true)].product_data\",\n        \"total_products_attempted.$\": \"States.ArrayLength($.products_response.ResponseBody.availableProducts)\",\n        \"successful_product_count.$\": \"States.ArrayLength($.product_details[?(@.success == true)])\",\n        \"failed_product_count.$\": \"States.ArrayLength($.product_details[?(@.success == false)])\"\n      },\n      \"Next\": \"SendServusSpeedSuccess\"\n    },\n    \"SendServusSpeedSuccess\": {\n      \"Type\": \"Task\",\n      \"Resource\": \"arn:aws:states:::sqs:sendMessage\",\n      \"Parameters\": {\n        \"QueueUrl\": \"https://sqs.eu-central-1.amazonaws.com/759971284074/provider-comparison-dev-results-queue\",\n        \"MessageBody\": {\n          \"request_id.$\": \"$.request_id\",\n          \"connection_id.$\": \"$.connection_id\",\n          \"provider_name\": \"servus_speed\",\n          \"status\": \"success\",\n          \"raw_response.$\": \"$.valid_products\",\n          \"metadata\": {\n            \"total_products_attempted.$\": \"$.total_products_attempted\",\n            \"successful_products.$\": \"$.successful_product_count\",\n            \"failed_products.$\": \"$.failed_product_count\",\n            \"processing_method\": \"two_step_parallel\"\n          },\n          \"address.$\": \"$.address\",\n          \"share_token.$\": \"$.share_token\"\n        }\n      },\n      \"End\": true\n    },\n    \"SendServusSpeedFailure\": {\n      \"Type\": \"Task\",\n      \"Resource\": \"arn:aws:states:::sqs:sendMessage\",\n      \"Parameters\": {\n        \"QueueUrl\": \"https://sqs.eu-central-1.amazonaws.com/759971284074/provider-comparison-dev-results-queue\",\n        \"MessageBody\": {\n          \"request_id.$\": \"$.request_id\",\n          \"connection_id.$\": \"$.connection_id\",\n          \"provider_name\": \"servus_speed\",\n          \"status\": \"failed\",\n          \"error_details\": \"Failed to get available products or product details\",\n          \"address.$\": \"$.address\",\n          \"share_token.$\": \"$.share_token\"\n        }\n      },\n      \"End\": true\n    }\n  }\n},\n      {\n  \"StartAt\": \"NormalizeAddressForWebWunder\",\n  \"States\": {\n    \"NormalizeAddressForWebWunder\": {\n      \"Type\": \"Task\",\n      \"Resource\": \"arn:aws:states:::lambda:invoke\",\n      \"Parameters\": {\n        \"FunctionName\": \"provider-comparison-dev-address-normalizer\",\n        \"Payload\": {\n          \"request_id.$\": \"$.request_id\",\n          \"connection_id.$\": \"$.connection_id\",\n          \"share_token.$\": \"$.share_token\",\n          \"address.$\": \"$.address\"\n        }\n      },\n      \"ResultPath\": \"$.normalization_result\",\n      \"Next\": \"ExtractNormalizedData\"\n    },\n    \"ExtractNormalizedData\": {\n      \"Type\": \"Pass\",\n      \"Comment\": \"Extract normalized data from Lambda response\",\n      \"Parameters\": {\n        \"request_id.$\": \"$.normalization_result.Payload.request_id\",\n        \"connection_id.$\": \"$.normalization_result.Payload.connection_id\",\n        \"share_token.$\": \"$.normalization_result.Payload.share_token\",\n        \"address.$\": \"$.normalization_result.Payload.address\",\n        \"normalized_address.$\": \"$.normalization_result.Payload.normalized_address\",\n        \"connection_types.$\": \"$.normalization_result.Payload.connection_types\"\n      },\n      \"Next\": \"WebWunderParallelFetch\"\n    },\n    \"WebWunderParallelFetch\": {\n      \"Type\": \"Map\",\n      \"Comment\": \"Fetch all WebWunder connection types in parallel\",\n      \"MaxConcurrency\": 3,\n      \"ItemsPath\": \"$.connection_types\",\n      \"ResultPath\": \"$.connection_results\",\n      \"Parameters\": {\n        \"connection_type.$\": \"$$.Map.Item.Value\",\n        \"request_id.$\": \"$.request_id\",\n        \"connection_id.$\": \"$.connection_id\",\n        \"share_token.$\": \"$.share_token\",\n        \"address.$\": \"$.address\",\n        \"normalized_address.$\": \"$.normalized_address\"\n      },\n      \"Iterator\": {\n        \"StartAt\": \"CallWebWunderConnectionType\",\n        \"States\": {\n          \"CallWebWunderConnectionType\": {\n            \"Type\": \"Task\",\n            \"Resource\": \"arn:aws:states:::http:invoke\",\n            \"Parameters\": {\n              \"ApiEndpoint\": \"https://webwunder.gendev7.check24.fun/endpunkte/soap/ws/getInternetOffers.wsdl\",\n              \"Method\": \"POST\",\n              \"Headers\": {\n                \"Content-Type\": \"text/xml; charset=utf-8\"\n              },\n              \"Authentication\": {\n                \"ConnectionArn\": \"arn:aws:events:eu-central-1:759971284074:connection/provider-comparison-dev-webwunder-connection/7dcea5fc-8f9d-45c1-b2aa-bea872c9e4bb\"\n              },\n              \"RequestBody.$\": \"States.Format('\u003csoapenv:Envelope xmlns:soapenv=\\\"http://schemas.xmlsoap.org/soap/envelope/\\\" xmlns:gs=\\\"http://webwunder.gendev7.check24.fun/offerservice\\\"\u003e\u003csoapenv:Header/\u003e\u003csoapenv:Body\u003e\u003cgs:legacyGetInternetOffers\u003e\u003cgs:input\u003e\u003cgs:installation\u003etrue\u003c/gs:installation\u003e\u003cgs:connectionEnum\u003e{}\u003c/gs:connectionEnum\u003e\u003cgs:address\u003e\u003cgs:street\u003e{}\u003c/gs:street\u003e\u003cgs:houseNumber\u003e{}\u003c/gs:houseNumber\u003e\u003cgs:city\u003e{}\u003c/gs:city\u003e\u003cgs:plz\u003e{}\u003c/gs:plz\u003e\u003cgs:countryCode\u003eDE\u003c/gs:countryCode\u003e\u003c/gs:address\u003e\u003c/gs:input\u003e\u003c/gs:legacyGetInternetOffers\u003e\u003c/soapenv:Body\u003e\u003c/soapenv:Envelope\u003e', $.connection_type, $.normalized_address.street, $.normalized_address.house_number, $.normalized_address.city, $.normalized_address.postal_code)\"\n            },\n            \"ResultPath\": \"$.api_response\",\n            \"Retry\": [\n              {\n                \"ErrorEquals\": [\"States.Http.HttpException\"],\n                \"IntervalSeconds\": 2,\n                \"MaxAttempts\": 3,\n                \"BackoffRate\": 2.0\n              }\n            ],\n            \"Catch\": [\n              {\n                \"ErrorEquals\": [\"States.ALL\"],\n                \"ResultPath\": \"$.error_info\",\n                \"Next\": \"HandleConnectionError\"\n              }\n            ],\n            \"Next\": \"ProcessConnectionResponse\"\n          },\n          \"ProcessConnectionResponse\": {\n            \"Type\": \"Choice\",\n            \"Choices\": [\n              {\n                \"And\": [\n                  {\n                    \"Variable\": \"$.api_response.StatusCode\",\n                    \"NumericEquals\": 200\n                  },\n                  {\n                    \"Or\": [\n                      {\n                        \"Variable\": \"$.api_response.ResponseBody\",\n                        \"StringMatches\": \"*\u003cns2:products\u003e*\"\n                      },\n                      {\n                        \"Variable\": \"$.api_response.ResponseBody\",\n                        \"StringMatches\": \"*\u003cproducts\u003e*\"\n                      }\n                    ]\n                  }\n                ],\n                \"Next\": \"HandleConnectionSuccess\"\n              }\n            ],\n            \"Default\": \"HandleConnectionError\"\n          },\n          \"HandleConnectionSuccess\": {\n            \"Type\": \"Pass\",\n            \"Parameters\": {\n              \"connection_type.$\": \"$.connection_type\",\n              \"success\": true,\n              \"response_data.$\": \"$.api_response.ResponseBody\",\n              \"status_code.$\": \"$.api_response.StatusCode\"\n            },\n            \"End\": true\n          },\n          \"HandleConnectionError\": {\n            \"Type\": \"Pass\",\n            \"Parameters\": {\n              \"connection_type.$\": \"$.connection_type\",\n              \"success\": false,\n              \"response_data\": null,\n              \"error_info.$\": \"$.error_info\"\n            },\n            \"End\": true\n          }\n        }\n      },\n      \"Catch\": [\n        {\n          \"ErrorEquals\": [\"States.ALL\"],\n          \"Next\": \"SendWebWunderTotalFailure\"\n        }\n      ],\n      \"Next\": \"ProcessWebWunderResults\"\n    },\n    \"ProcessWebWunderResults\": {\n      \"Type\": \"Pass\",\n      \"Parameters\": {\n        \"request_id.$\": \"$.request_id\",\n        \"connection_id.$\": \"$.connection_id\",\n        \"address.$\": \"$.address\",\n        \"share_token.$\": \"$.share_token\",\n        \"successful_connections.$\": \"$.connection_results[?(@.success == true)]\",\n        \"connection_types_attempted\": 3,\n        \"successful_connection_count.$\": \"States.ArrayLength($.connection_results[?(@.success == true)])\"\n      },\n      \"Next\": \"SendWebWunderAggregatedResults\"\n    },\n    \"SendWebWunderAggregatedResults\": {\n      \"Type\": \"Task\",\n      \"Resource\": \"arn:aws:states:::sqs:sendMessage\",\n      \"Parameters\": {\n        \"QueueUrl\": \"https://sqs.eu-central-1.amazonaws.com/759971284074/provider-comparison-dev-results-queue\",\n        \"MessageBody\": {\n          \"request_id.$\": \"$.request_id\",\n          \"connection_id.$\": \"$.connection_id\",\n          \"provider_name\": \"webwunder\",\n          \"status\": \"success\",\n          \"raw_response.$\": \"$.successful_connections\",\n          \"metadata\": {\n            \"connection_types_attempted.$\": \"$.connection_types_attempted\",\n            \"successful_connections.$\": \"$.successful_connection_count\",\n            \"processing_method\": \"parallel_connection_types\"\n          },\n          \"address.$\": \"$.address\",\n          \"share_token.$\": \"$.share_token\"\n        }\n      },\n      \"End\": true\n    },\n    \"SendWebWunderTotalFailure\": {\n      \"Type\": \"Task\",\n      \"Resource\": \"arn:aws:states:::sqs:sendMessage\",\n      \"Parameters\": {\n        \"QueueUrl\": \"https://sqs.eu-central-1.amazonaws.com/759971284074/provider-comparison-dev-results-queue\",\n        \"MessageBody\": {\n          \"request_id.$\": \"$.request_id\",\n          \"connection_id.$\": \"$.connection_id\",\n          \"provider_name\": \"webwunder\",\n          \"status\": \"failed\",\n          \"error_details\": \"Complete failure in parallel connection type processing\",\n          \"address.$\": \"$.address\",\n          \"share_token.$\": \"$.share_token\"\n        }\n      },\n      \"End\": true\n    }\n  }\n},\n\n{\n  \"StartAt\": \"PreparePingPerfectCalls\",\n  \"States\": {\n    \"PreparePingPerfectCalls\": {\n      \"Type\": \"Pass\",\n      \"Comment\": \"Prepare fiber and non-fiber calls for parallel processing\",\n      \"Parameters\": {\n        \"request_id.$\": \"$.request_id\",\n        \"connection_id.$\": \"$.connection_id\",\n        \"share_token.$\": \"$.share_token\",\n        \"address.$\": \"$.address\",\n        \"call_types\": [\n          {\"wants_fiber\": true, \"type\": \"fiber\"},\n          {\"wants_fiber\": false, \"type\": \"dsl_cable\"}\n        ]\n      },\n      \"Next\": \"PingPerfectParallelFetch\"\n    },\n    \"PingPerfectParallelFetch\": {\n      \"Type\": \"Map\",\n      \"Comment\": \"Generate signatures and call Ping Perfect API for fiber and non-fiber in parallel\",\n      \"MaxConcurrency\": 2,\n      \"ItemsPath\": \"$.call_types\",\n      \"ResultPath\": \"$.call_results\",\n      \"Parameters\": {\n        \"call_info.$\": \"$$.Map.Item.Value\",\n        \"request_id.$\": \"$.request_id\",\n        \"connection_id.$\": \"$.connection_id\",\n        \"share_token.$\": \"$.share_token\",\n        \"address.$\": \"$.address\"\n      },\n      \"Iterator\": {\n        \"StartAt\": \"GeneratePingPerfectSignature\",\n        \"States\": {\n          \"GeneratePingPerfectSignature\": {\n            \"Type\": \"Task\",\n            \"Resource\": \"arn:aws:states:::lambda:invoke\",\n            \"Parameters\": {\n              \"FunctionName\": \"provider-comparison-dev-ping-perfect-signer\",\n              \"Payload\": {\n                \"request_id.$\": \"$.request_id\",\n                \"connection_id.$\": \"$.connection_id\",\n                \"share_token.$\": \"$.share_token\",\n                \"address.$\": \"$.address\",\n                \"wants_fiber.$\": \"$.call_info.wants_fiber\"\n              }\n            },\n            \"ResultPath\": \"$.signature_response\",\n            \"Retry\": [\n              {\n                \"ErrorEquals\": [\"Lambda.ServiceException\", \"Lambda.AWSLambdaException\"],\n                \"IntervalSeconds\": 2,\n                \"MaxAttempts\": 3,\n                \"BackoffRate\": 2.0\n              }\n            ],\n            \"Catch\": [\n              {\n                \"ErrorEquals\": [\"States.ALL\"],\n                \"ResultPath\": \"$.error_info\",\n                \"Next\": \"HandleSignatureError\"\n              }\n            ],\n            \"Next\": \"CheckSignatureGeneration\"\n          },\n          \"CheckSignatureGeneration\": {\n            \"Type\": \"Choice\",\n            \"Choices\": [\n              {\n                \"Variable\": \"$.signature_response.Payload.success\",\n                \"BooleanEquals\": true,\n                \"Next\": \"CallPingPerfectAPI\"\n              }\n            ],\n            \"Default\": \"HandleSignatureError\"\n          },\n          \"CallPingPerfectAPI\": {\n            \"Type\": \"Task\",\n            \"Resource\": \"arn:aws:states:::http:invoke\",\n            \"Parameters\": {\n              \"ApiEndpoint.$\": \"$.signature_response.Payload.api_endpoint\",\n              \"Method\": \"POST\",\n              \"Headers\": {\n                \"Content-Type\": \"application/json\",\n                \"X-Signature.$\": \"$.signature_response.Payload.signature\",\n                \"X-Timestamp.$\": \"$.signature_response.Payload.timestamp\",\n                \"X-Client-Id.$\": \"$.signature_response.Payload.client_id\"\n              },\n              \"Authentication\": {\n                \"ConnectionArn\": \"arn:aws:events:eu-central-1:759971284074:connection/provider-comparison-dev-ping_perfect-connection/c7143109-927e-4aa6-b58a-c14fab6259b1\"\n              },\n              \"RequestBody.$\": \"$.signature_response.Payload.request_body\"\n            },\n            \"ResultPath\": \"$.api_response\",\n            \"Retry\": [\n              {\n                \"ErrorEquals\": [\"States.Http.HttpException\"],\n                \"IntervalSeconds\": 2,\n                \"MaxAttempts\": 3,\n                \"BackoffRate\": 2.0\n              }\n            ],\n            \"Catch\": [\n              {\n                \"ErrorEquals\": [\"States.ALL\"],\n                \"ResultPath\": \"$.error_info\",\n                \"Next\": \"HandleAPIError\"\n              }\n            ],\n            \"Next\": \"ProcessAPIResponse\"\n          },\n          \"ProcessAPIResponse\": {\n            \"Type\": \"Choice\",\n            \"Choices\": [\n              {\n                \"Variable\": \"$.api_response.StatusCode\",\n                \"NumericEquals\": 200,\n                \"Next\": \"HandleAPISuccess\"\n              }\n            ],\n            \"Default\": \"HandleAPIError\"\n          },\n          \"HandleAPISuccess\": {\n            \"Type\": \"Pass\",\n            \"Comment\": \"Add call metadata and return successful response\",\n            \"Parameters\": {\n              \"call_type.$\": \"$.call_info.type\",\n              \"wants_fiber.$\": \"$.call_info.wants_fiber\",\n              \"success\": true,\n              \"offers.$\": \"$.api_response.ResponseBody\",\n              \"status_code.$\": \"$.api_response.StatusCode\",\n              \"error_info\": null\n            },\n            \"End\": true\n          },\n          \"HandleAPIError\": {\n            \"Type\": \"Pass\",\n            \"Comment\": \"Return API error info\",\n            \"Parameters\": {\n              \"call_type.$\": \"$.call_info.type\",\n              \"wants_fiber.$\": \"$.call_info.wants_fiber\",\n              \"success\": false,\n              \"offers\": [],\n              \"error_info\": \"Ping Perfect API call failed\",\n              \"status_code.$\": \"$.api_response.StatusCode\"\n            },\n            \"End\": true\n          },\n          \"HandleSignatureError\": {\n            \"Type\": \"Pass\",\n            \"Comment\": \"Return signature generation error\",\n            \"Parameters\": {\n              \"call_type.$\": \"$.call_info.type\",\n              \"wants_fiber.$\": \"$.call_info.wants_fiber\",\n              \"success\": false,\n              \"offers\": [],\n              \"error_info\": \"Signature generation failed\"\n            },\n            \"End\": true\n          }\n        }\n      },\n      \"Catch\": [\n        {\n          \"ErrorEquals\": [\"States.ALL\"],\n          \"Next\": \"SendPingPerfectTotalFailure\"\n        }\n      ],\n      \"Next\": \"ProcessPingPerfectResults\"\n    },\n    \"ProcessPingPerfectResults\": {\n      \"Type\": \"Pass\",\n      \"Comment\": \"Filter and aggregate successful call responses\",\n      \"Parameters\": {\n        \"request_id.$\": \"$.request_id\",\n        \"connection_id.$\": \"$.connection_id\",\n        \"address.$\": \"$.address\",\n        \"share_token.$\": \"$.share_token\",\n        \"successful_calls.$\": \"$.call_results[?(@.success == true)]\",\n        \"failed_calls.$\": \"$.call_results[?(@.success == false)]\",\n        \"call_results.$\": \"$.call_results\",\n        \"call_types_attempted\": 2,\n        \"successful_call_count.$\": \"States.ArrayLength($.call_results[?(@.success == true)])\",\n        \"failed_call_count.$\": \"States.ArrayLength($.call_results[?(@.success == false)])\"\n      },\n      \"Next\": \"SendPingPerfectAggregatedResults\"\n    },\n    \"SendPingPerfectAggregatedResults\": {\n      \"Type\": \"Task\",\n      \"Resource\": \"arn:aws:states:::sqs:sendMessage\",\n      \"Parameters\": {\n        \"QueueUrl\": \"https://sqs.eu-central-1.amazonaws.com/759971284074/provider-comparison-dev-results-queue\",\n        \"MessageBody\": {\n          \"request_id.$\": \"$.request_id\",\n          \"connection_id.$\": \"$.connection_id\",\n          \"provider_name\": \"ping_perfect\",\n          \"status\": \"success\",\n          \"raw_response.$\": \"$.successful_calls\",\n          \"metadata\": {\n            \"call_types_attempted.$\": \"$.call_types_attempted\",\n            \"successful_calls.$\": \"$.successful_call_count\",\n            \"failed_calls.$\": \"$.failed_call_count\",\n            \"call_details.$\": \"$.call_results\",\n            \"processing_method\": \"parallel_signed_calls\"\n          },\n          \"address.$\": \"$.address\",\n          \"share_token.$\": \"$.share_token\"\n        }\n      },\n      \"End\": true\n    },\n    \"SendPingPerfectTotalFailure\": {\n      \"Type\": \"Task\",\n      \"Resource\": \"arn:aws:states:::sqs:sendMessage\",\n      \"Parameters\": {\n        \"QueueUrl\": \"https://sqs.eu-central-1.amazonaws.com/759971284074/provider-comparison-dev-results-queue\",\n        \"MessageBody\": {\n          \"request_id.$\": \"$.request_id\",\n          \"connection_id.$\": \"$.connection_id\",\n          \"provider_name\": \"ping_perfect\",\n          \"status\": \"failed\",\n          \"error_details\": \"Complete failure in parallel signature/API processing\",\n          \"address.$\": \"$.address\",\n          \"share_token.$\": \"$.share_token\"\n        }\n      },\n      \"End\": true\n    }\n  }\n}\n ],\n      \"End\": true\n    }\n  }\n}\n",
            "description": "",
            "encryption_configuration": [
              {
                "kms_data_key_reuse_period_seconds": 0,
                "kms_key_id": "",
                "type": "AWS_OWNED_KEY"
              }
            ],
            "id": "arn:aws:states:eu-central-1:759971284074:stateMachine:provider-comparison-dev-provider-workflow",
            "logging_configuration": [
              {
                "include_execution_data": true,
                "level": "ALL",
                "log_destination": "arn:aws:logs:eu-central-1:759971284074:log-group:/aws/stepfunctions/provider-comparison-dev-provider-workflow:*"
              }
            ],
            "name": "provider-comparison-dev-provider-workflow",
            "name_prefix": "",
            "publish": false,
            "revision_id": "c41aa2d9-50ae-46ed-b699-067e4cafd0c6",
            "role_arn": "arn:aws:iam::759971284074:role/provider-comparison-dev-step-functions-role",
            "state_machine_version_arn": "",
            "status": "ACTIVE",
            "tags": {
              "Environment": "dev",
              "Name": "provider-comparison-provider-workflow"
            },
            "tags_all": {
              "Environment": "dev",
              "Name": "provider-comparison-provider-workflow"
            },
            "timeouts": null,
            "tracing_configuration": [
              {
                "enabled": true
              }
            ],
            "type": "STANDARD",
            "version_description": null
          },
          "sensitive_attributes": [
            [
              {
                "type": "get_attr",
                "value": "definition"
              }
            ]
          ],
          "private": "eyJlMmJmYjczMC1lY2FhLTExZTYtOGY4OC0zNDM2M2JjN2M0YzAiOnsiY3JlYXRlIjozMDAwMDAwMDAwMDAsImRlbGV0ZSI6MzAwMDAwMDAwMDAwLCJ1cGRhdGUiOjYwMDAwMDAwMDAwfX0=",
          "dependencies": [
            "aws_cloudwatch_event_connection.byteme_connection",
            "aws_cloudwatch_event_connection.ping_perfect_connection",
            "aws_cloudwatch_event_connection.servus_speed_connection",
            "aws_cloudwatch_event_connection.verbyndich_connection",
            "aws_cloudwatch_event_connection.webwunder_connection",
            "aws_cloudwatch_log_group.step_functions_logs",
            "aws_iam_role.address_normalizer_role",
            "aws_iam_role.ping_perfect_signer_role",
            "aws_iam_role.step_functions_role",
            "aws_lambda_function.address_normalizer",
            "aws_lambda_function.ping_perfect_signer",
            "aws_sqs_queue.results_queue"
          ]
        }
      ]
    },
    {
      "mode": "managed",
      "type": "aws_sqs_queue",
      "name": "request_dlq",
      "provider": "provider[\"registry.terraform.io/hashicorp/aws\"]",
      "instances": [
        {
          "schema_version": 0,
          "attributes": {
            "arn": "arn:aws:sqs:eu-central-1:759971284074:provider-comparison-dev-request-dlq",
            "content_based_deduplication": false,
            "deduplication_scope": "",
            "delay_seconds": 0,
            "fifo_queue": false,
            "fifo_throughput_limit": "",
            "id": "https://sqs.eu-central-1.amazonaws.com/759971284074/provider-comparison-dev-request-dlq",
            "kms_data_key_reuse_period_seconds": 300,
            "kms_master_key_id": "",
            "max_message_size": 262144,
            "message_retention_seconds": 1209600,
            "name": "provider-comparison-dev-request-dlq",
            "name_prefix": "",
            "policy": "",
            "receive_wait_time_seconds": 0,
            "redrive_allow_policy": "",
            "redrive_policy": "",
            "sqs_managed_sse_enabled": true,
            "tags": {
              "Environment": "dev",
              "Name": "provider-comparison-request-dlq"
            },
            "tags_all": {
              "Environment": "dev",
              "Name": "provider-comparison-request-dlq"
            },
            "timeouts": null,
            "url": "https://sqs.eu-central-1.amazonaws.com/759971284074/provider-comparison-dev-request-dlq",
            "visibility_timeout_seconds": 30
          },
          "sensitive_attributes": [],
          "private": "eyJlMmJmYjczMC1lY2FhLTExZTYtOGY4OC0zNDM2M2JjN2M0YzAiOnsiY3JlYXRlIjoxODAwMDAwMDAwMDAsImRlbGV0ZSI6MTgwMDAwMDAwMDAwLCJ1cGRhdGUiOjE4MDAwMDAwMDAwMH19"
        }
      ]
    },
    {
      "mode": "managed",
      "type": "aws_sqs_queue",
      "name": "request_queue",
      "provider": "provider[\"registry.terraform.io/hashicorp/aws\"]",
      "instances": [
        {
          "schema_version": 0,
          "attributes": {
            "arn": "arn:aws:sqs:eu-central-1:759971284074:provider-comparison-dev-request-queue",
            "content_based_deduplication": false,
            "deduplication_scope": "",
            "delay_seconds": 0,
            "fifo_queue": false,
            "fifo_throughput_limit": "",
            "id": "https://sqs.eu-central-1.amazonaws.com/759971284074/provider-comparison-dev-request-queue",
            "kms_data_key_reuse_period_seconds": 300,
            "kms_master_key_id": "",
            "max_message_size": 262144,
            "message_retention_seconds": 86400,
            "name": "provider-comparison-dev-request-queue",
            "name_prefix": "",
            "policy": "",
            "receive_wait_time_seconds": 10,
            "redrive_allow_policy": "",
            "redrive_policy": "{\"deadLetterTargetArn\":\"arn:aws:sqs:eu-central-1:759971284074:provider-comparison-dev-request-dlq\",\"maxReceiveCount\":5}",
            "sqs_managed_sse_enabled": true,
            "tags": {
              "Environment": "dev",
              "Name": "provider-comparison-request-queue"
            },
            "tags_all": {
              "Environment": "dev",
              "Name": "provider-comparison-request-queue"
            },
            "timeouts": null,
            "url": "https://sqs.eu-central-1.amazonaws.com/759971284074/provider-comparison-dev-request-queue",
            "visibility_timeout_seconds": 30
          },
          "sensitive_attributes": [],
          "private": "eyJlMmJmYjczMC1lY2FhLTExZTYtOGY4OC0zNDM2M2JjN2M0YzAiOnsiY3JlYXRlIjoxODAwMDAwMDAwMDAsImRlbGV0ZSI6MTgwMDAwMDAwMDAwLCJ1cGRhdGUiOjE4MDAwMDAwMDAwMH19"
        }
      ]
    },
    {
      "mode": "managed",
      "type": "aws_sqs_queue",
      "name": "results_dlq",
      "provider": "provider[\"registry.terraform.io/hashicorp/aws\"]",
      "instances": [
        {
          "schema_version": 0,
          "attributes": {
            "arn": "arn:aws:sqs:eu-central-1:759971284074:provider-comparison-dev-results-dlq",
            "content_based_deduplication": false,
            "deduplication_scope": "",
            "delay_seconds": 0,
            "fifo_queue": false,
            "fifo_throughput_limit": "",
            "id": "https://sqs.eu-central-1.amazonaws.com/759971284074/provider-comparison-dev-results-dlq",
            "kms_data_key_reuse_period_seconds": 300,
            "kms_master_key_id": "",
            "max_message_size": 262144,
            "message_retention_seconds": 1209600,
            "name": "provider-comparison-dev-results-dlq",
            "name_prefix": "",
            "policy": "",
            "receive_wait_time_seconds": 0,
            "redrive_allow_policy": "",
            "redrive_policy": "",
            "sqs_managed_sse_enabled": true,
            "tags": {
              "Environment": "dev",
              "Name": "provider-comparison-results-dlq"
            },
            "tags_all": {
              "Environment": "dev",
              "Name": "provider-comparison-results-dlq"
            },
            "timeouts": null,
            "url": "https://sqs.eu-central-1.amazonaws.com/759971284074/provider-comparison-dev-results-dlq",
            "visibility_timeout_seconds": 30
          },
          "sensitive_attributes": [],
          "private": "eyJlMmJmYjczMC1lY2FhLTExZTYtOGY4OC0zNDM2M2JjN2M0YzAiOnsiY3JlYXRlIjoxODAwMDAwMDAwMDAsImRlbGV0ZSI6MTgwMDAwMDAwMDAwLCJ1cGRhdGUiOjE4MDAwMDAwMDAwMH19"
        }
      ]
    },
    {
      "mode": "managed",
      "type": "aws_sqs_queue",
      "name": "results_queue",
      "provider": "provider[\"registry.terraform.io/hashicorp/aws\"]",
      "instances": [
        {
          "schema_version": 0,
          "attributes": {
            "arn": "arn:aws:sqs:eu-central-1:759971284074:provider-comparison-dev-results-queue",
            "content_based_deduplication": false,
            "deduplication_scope": "",
            "delay_seconds": 0,
            "fifo_queue": false,
            "fifo_throughput_limit": "",
            "id": "https://sqs.eu-central-1.amazonaws.com/759971284074/provider-comparison-dev-results-queue",
            "kms_data_key_reuse_period_seconds": 300,
            "kms_master_key_id": "",
            "max_message_size": 262144,
            "message_retention_seconds": 86400,
            "name": "provider-comparison-dev-results-queue",
            "name_prefix": "",
            "policy": "",
            "receive_wait_time_seconds": 10,
            "redrive_allow_policy": "",
            "redrive_policy": "{\"deadLetterTargetArn\":\"arn:aws:sqs:eu-central-1:759971284074:provider-comparison-dev-results-dlq\",\"maxReceiveCount\":3}",
            "sqs_managed_sse_enabled": true,
            "tags": {
              "Environment": "dev",
              "Name": "provider-comparison-results-queue"
            },
            "tags_all": {
              "Environment": "dev",
              "Name": "provider-comparison-results-queue"
            },
            "timeouts": null,
            "url": "https://sqs.eu-central-1.amazonaws.com/759971284074/provider-comparison-dev-results-queue",
            "visibility_timeout_seconds": 30
          },
          "sensitive_attributes": [],
          "private": "eyJlMmJmYjczMC1lY2FhLTExZTYtOGY4OC0zNDM2M2JjN2M0YzAiOnsiY3JlYXRlIjoxODAwMDAwMDAwMDAsImRlbGV0ZSI6MTgwMDAwMDAwMDAwLCJ1cGRhdGUiOjE4MDAwMDAwMDAwMH19"
        }
      ]
    },
    {
      "mode": "managed",
      "type": "aws_sqs_queue_redrive_policy",
      "name": "request_redrive",
      "provider": "provider[\"registry.terraform.io/hashicorp/aws\"]",
      "instances": [
        {
          "schema_version": 0,
          "attributes": {
            "id": "https://sqs.eu-central-1.amazonaws.com/759971284074/provider-comparison-dev-request-queue",
            "queue_url": "https://sqs.eu-central-1.amazonaws.com/759971284074/provider-comparison-dev-request-queue",
            "redrive_policy": "{\"deadLetterTargetArn\":\"arn:aws:sqs:eu-central-1:759971284074:provider-comparison-dev-request-dlq\",\"maxReceiveCount\":5}"
          },
          "sensitive_attributes": [],
          "private": "bnVsbA==",
          "dependencies": [
            "aws_sqs_queue.request_dlq",
            "aws_sqs_queue.request_queue"
          ]
        }
      ]
    },
    {
      "mode": "managed",
      "type": "aws_sqs_queue_redrive_policy",
      "name": "results_redrive",
      "provider": "provider[\"registry.terraform.io/hashicorp/aws\"]",
      "instances": [
        {
          "schema_version": 0,
          "attributes": {
            "id": "https://sqs.eu-central-1.amazonaws.com/759971284074/provider-comparison-dev-results-queue",
            "queue_url": "https://sqs.eu-central-1.amazonaws.com/759971284074/provider-comparison-dev-results-queue",
            "redrive_policy": "{\"deadLetterTargetArn\":\"arn:aws:sqs:eu-central-1:759971284074:provider-comparison-dev-results-dlq\",\"maxReceiveCount\":3}"
          },
          "sensitive_attributes": [],
          "private": "bnVsbA==",
          "dependencies": [
            "aws_sqs_queue.results_dlq",
            "aws_sqs_queue.results_queue"
          ]
        }
      ]
    }
  ],
  "check_results": null
}
